
Microsoft Visual Studio Solution File, Format Version 12.00
# Visual Studio 14
VisualStudioVersion = 14.0.22823.1
MinimumVisualStudioVersion = 10.0.40219.1
Project("{2150E333-8FDC-42A3-9474-1A3956D46DE8}") = "samples", "samples", "{D9C280EE-1970-4388-AE3D-4B7B5D0B009C}"
EndProject
Project("{2150E333-8FDC-42A3-9474-1A3956D46DE8}") = "doc", "doc", "{14D285BB-F94F-4069-AC2A-84E110E9F5B5}"
	ProjectSection(SolutionItems) = preProject
		doc\navegar_windows_10.md = doc\navegar_windows_10.md
		doc\navegar_windows_81.md = doc\navegar_windows_81.md
		doc\navegar_windows_phone_81.md = doc\navegar_windows_phone_81.md
		doc\navegar_wpf.md = doc\navegar_wpf.md
	EndProjectSection
EndProject
Project("{2150E333-8FDC-42A3-9474-1A3956D46DE8}") = "navegar", "navegar", "{05063999-1CDA-49CE-A2A1-E3CF22165F59}"
EndProject
Project("{2150E333-8FDC-42A3-9474-1A3956D46DE8}") = "shf", "shf", "{5136F238-9F89-46F6-9026-5B2A9D4F88A8}"
EndProject
Project("{7CF6DF6D-3B04-46F8-A40B-537D21BCA0B4}") = "Navegar", "doc\shf\Navegar\Navegar.shfbproj", "{3A704A02-C0BC-4AD5-B733-87C9E1B25F22}"
EndProject
Project("{7CF6DF6D-3B04-46F8-A40B-537D21BCA0B4}") = "Navegar.UAP.Win81", "doc\shf\Navegar.Win8\Navegar.UAP.Win81.shfbproj", "{1C504346-05BC-410C-969A-AAED4B0033FC}"
EndProject
Project("{7CF6DF6D-3B04-46F8-A40B-537D21BCA0B4}") = "Navegar.UAP.WP81", "doc\shf\Navegar.WP81\Navegar.UAP.WP81.shfbproj", "{C229A544-EEFA-4C9E-B22F-B648A87FB12B}"
EndProject
Project("{2150E333-8FDC-42A3-9474-1A3956D46DE8}") = "Universal App Plateform", "Universal App Plateform", "{8FE3B690-9487-4A24-80CF-8D41487E5FEC}"
EndProject
Project("{2150E333-8FDC-42A3-9474-1A3956D46DE8}") = "Windows Presentation Foundation", "Windows Presentation Foundation", "{BB9BC8ED-E678-4A65-B21F-2E1DE26DD571}"
EndProject
Project("{FAE04EC0-301F-11D3-BF4B-00C04F79EFBC}") = "Navegar.UAP.Exemple.CRM.Windows", "samples\Navegar.UAP.Exemple.CRM\Navegar.UAP.Exemple.CRM.Windows\Navegar.UAP.Exemple.CRM.Windows.csproj", "{FE8B8657-75B4-4C23-A8E2-36F9EE3E58FF}"
EndProject
Project("{D954291E-2A0B-460D-934E-DC6B0785DB48}") = "Navegar.UAP.Exemple.CRM.Shared", "samples\Navegar.UAP.Exemple.CRM\Navegar.UAP.Exemple.CRM.Shared\Navegar.UAP.Exemple.CRM.Shared.shproj", "{DA46E468-BC66-4A20-95C2-2DA495810E19}"
EndProject
Project("{FAE04EC0-301F-11D3-BF4B-00C04F79EFBC}") = "Navegar.UAP.Exemple.CRM.WindowsPhone", "samples\Navegar.UAP.Exemple.CRM\Navegar.UAP.Exemple.CRM.WindowsPhone\Navegar.UAP.Exemple.CRM.WindowsPhone.csproj", "{564D86DC-B1DF-456E-845E-A0177B81A7C2}"
EndProject
Project("{FAE04EC0-301F-11D3-BF4B-00C04F79EFBC}") = "Navegar.WPF.Exemple", "samples\Navegar.WPF.Exemple\Navegar.WPF.Exemple.csproj", "{67280244-AEA9-423F-A11E-08185F187F27}"
EndProject
Project("{FAE04EC0-301F-11D3-BF4B-00C04F79EFBC}") = "Navegar", "navegar\navegar.net\Navegar\Navegar.csproj", "{B6101F13-BD08-46BF-AA89-9F08265BA87C}"
EndProject
Project("{FAE04EC0-301F-11D3-BF4B-00C04F79EFBC}") = "Navegar.UAP.Win81", "navegar\navegar.netcore\Navegar.Win81\Navegar.UAP.Win81.csproj", "{3B7D8F57-4E7A-4553-9908-1FC372D5C29E}"
EndProject
Project("{FAE04EC0-301F-11D3-BF4B-00C04F79EFBC}") = "Navegar.UAP.WP81", "navegar\navegar.netcore\Navegar.WP81\Navegar.UAP.WP81.csproj", "{91DDFD14-6990-4042-9FD4-6E83265D701B}"
EndProject
Project("{FAE04EC0-301F-11D3-BF4B-00C04F79EFBC}") = "Navegar.WPF4", "navegar\navegar.net\Navegar.WPF4\Navegar.WPF4.csproj", "{F2F0599D-7229-42A1-860B-7268EAC61298}"
EndProject
Project("{FAE04EC0-301F-11D3-BF4B-00C04F79EFBC}") = "Navegar.WPF45", "navegar\navegar.net\Navegar.WPF45\Navegar.WPF45.csproj", "{912AC67D-F2B7-4CA5-9999-25A816F86D34}"
EndProject
Project("{FAE04EC0-301F-11D3-BF4B-00C04F79EFBC}") = "Navegar.WPF451", "navegar\navegar.net\Navegar.WPF451\Navegar.WPF451.csproj", "{EA9D1078-0B61-4C80-8D19-2DFC49E9D28E}"
EndProject
Project("{2150E333-8FDC-42A3-9474-1A3956D46DE8}") = "navegar.net", "navegar.net", "{7CE146EC-5BAB-40DB-A5FA-FFF973F754EB}"
EndProject
Project("{2150E333-8FDC-42A3-9474-1A3956D46DE8}") = "navegar.netcore", "navegar.netcore", "{1D085917-2042-4217-9194-4630D6020DB6}"
EndProject
Project("{FAE04EC0-301F-11D3-BF4B-00C04F79EFBC}") = "Navegar.UWP.Win10", "navegar\navegar.netcore\Navegar.UWP.Win10\Navegar.UWP.Win10.csproj", "{FB908ECA-4D03-4E0A-BF7A-3FD4B24DEB40}"
EndProject
Project("{2150E333-8FDC-42A3-9474-1A3956D46DE8}") = "Universal Windows Plateform (Windows 10)", "Universal Windows Plateform (Windows 10)", "{0D00570D-559E-4FA1-8905-D576FBEC30AC}"
EndProject
Project("{7CF6DF6D-3B04-46F8-A40B-537D21BCA0B4}") = "Navegar.UWP.Win10", "doc\shf\Navegar.UWP.Win10\Navegar.UWP.Win10.shfbproj", "{F0660265-FBF0-46B2-93FA-D1DD10061BC8}"
EndProject
Project("{FAE04EC0-301F-11D3-BF4B-00C04F79EFBC}") = "Navegar.UWP.Exemple.CRM", "samples\Navegar.UWP.Exemple.CRM\Navegar.UWP.Exemple.CRM.csproj", "{D3B0C862-619E-437A-9F0F-3361ED219ACC}"
EndProject
Global
	GlobalSection(SharedMSBuildProjectFiles) = preSolution
		samples\Navegar.UAP.Exemple.CRM\Navegar.UAP.Exemple.CRM.Shared\Navegar.UAP.Exemple.CRM.Shared.projitems*{fe8b8657-75b4-4c23-a8e2-36f9ee3e58ff}*SharedItemsImports = 4
		samples\Navegar.UAP.Exemple.CRM\Navegar.UAP.Exemple.CRM.Shared\Navegar.UAP.Exemple.CRM.Shared.projitems*{564d86dc-b1df-456e-845e-a0177b81a7c2}*SharedItemsImports = 4
		samples\Navegar.UAP.Exemple.CRM\Navegar.UAP.Exemple.CRM.Shared\Navegar.UAP.Exemple.CRM.Shared.projitems*{da46e468-bc66-4a20-95c2-2da495810e19}*SharedItemsImports = 13
	EndGlobalSection
	GlobalSection(SolutionConfigurationPlatforms) = preSolution
		Debug|Any CPU = Debug|Any CPU
		Debug|ARM = Debug|ARM
		Debug|x64 = Debug|x64
		Debug|x86 = Debug|x86
		Release|Any CPU = Release|Any CPU
		Release|ARM = Release|ARM
		Release|x64 = Release|x64
		Release|x86 = Release|x86
	EndGlobalSection
	GlobalSection(ProjectConfigurationPlatforms) = postSolution
		{3A704A02-C0BC-4AD5-B733-87C9E1B25F22}.Debug|Any CPU.ActiveCfg = Debug|Any CPU
		{3A704A02-C0BC-4AD5-B733-87C9E1B25F22}.Debug|Any CPU.Build.0 = Debug|Any CPU
		{3A704A02-C0BC-4AD5-B733-87C9E1B25F22}.Debug|ARM.ActiveCfg = Debug|Any CPU
		{3A704A02-C0BC-4AD5-B733-87C9E1B25F22}.Debug|x64.ActiveCfg = Debug|Any CPU
		{3A704A02-C0BC-4AD5-B733-87C9E1B25F22}.Debug|x86.ActiveCfg = Debug|Any CPU
		{3A704A02-C0BC-4AD5-B733-87C9E1B25F22}.Release|Any CPU.ActiveCfg = Release|Any CPU
		{3A704A02-C0BC-4AD5-B733-87C9E1B25F22}.Release|Any CPU.Build.0 = Release|Any CPU
		{3A704A02-C0BC-4AD5-B733-87C9E1B25F22}.Release|ARM.ActiveCfg = Release|Any CPU
		{3A704A02-C0BC-4AD5-B733-87C9E1B25F22}.Release|x64.ActiveCfg = Release|Any CPU
		{3A704A02-C0BC-4AD5-B733-87C9E1B25F22}.Release|x86.ActiveCfg = Release|Any CPU
		{1C504346-05BC-410C-969A-AAED4B0033FC}.Debug|Any CPU.ActiveCfg = Debug|Any CPU
		{1C504346-05BC-410C-969A-AAED4B0033FC}.Debug|Any CPU.Build.0 = Debug|Any CPU
		{1C504346-05BC-410C-969A-AAED4B0033FC}.Debug|ARM.ActiveCfg = Debug|Any CPU
		{1C504346-05BC-410C-969A-AAED4B0033FC}.Debug|x64.ActiveCfg = Debug|Any CPU
		{1C504346-05BC-410C-969A-AAED4B0033FC}.Debug|x86.ActiveCfg = Debug|Any CPU
		{1C504346-05BC-410C-969A-AAED4B0033FC}.Release|Any CPU.ActiveCfg = Release|Any CPU
		{1C504346-05BC-410C-969A-AAED4B0033FC}.Release|Any CPU.Build.0 = Release|Any CPU
		{1C504346-05BC-410C-969A-AAED4B0033FC}.Release|ARM.ActiveCfg = Release|Any CPU
		{1C504346-05BC-410C-969A-AAED4B0033FC}.Release|x64.ActiveCfg = Release|Any CPU
		{1C504346-05BC-410C-969A-AAED4B0033FC}.Release|x86.ActiveCfg = Release|Any CPU
		{C229A544-EEFA-4C9E-B22F-B648A87FB12B}.Debug|Any CPU.ActiveCfg = Debug|Any CPU
		{C229A544-EEFA-4C9E-B22F-B648A87FB12B}.Debug|Any CPU.Build.0 = Debug|Any CPU
		{C229A544-EEFA-4C9E-B22F-B648A87FB12B}.Debug|ARM.ActiveCfg = Debug|Any CPU
		{C229A544-EEFA-4C9E-B22F-B648A87FB12B}.Debug|x64.ActiveCfg = Debug|Any CPU
		{C229A544-EEFA-4C9E-B22F-B648A87FB12B}.Debug|x86.ActiveCfg = Debug|Any CPU
		{C229A544-EEFA-4C9E-B22F-B648A87FB12B}.Release|Any CPU.ActiveCfg = Release|Any CPU
		{C229A544-EEFA-4C9E-B22F-B648A87FB12B}.Release|Any CPU.Build.0 = Release|Any CPU
		{C229A544-EEFA-4C9E-B22F-B648A87FB12B}.Release|ARM.ActiveCfg = Release|Any CPU
		{C229A544-EEFA-4C9E-B22F-B648A87FB12B}.Release|x64.ActiveCfg = Release|Any CPU
		{C229A544-EEFA-4C9E-B22F-B648A87FB12B}.Release|x86.ActiveCfg = Release|Any CPU
		{FE8B8657-75B4-4C23-A8E2-36F9EE3E58FF}.Debug|Any CPU.ActiveCfg = Debug|Any CPU
		{FE8B8657-75B4-4C23-A8E2-36F9EE3E58FF}.Debug|Any CPU.Build.0 = Debug|Any CPU
		{FE8B8657-75B4-4C23-A8E2-36F9EE3E58FF}.Debug|Any CPU.Deploy.0 = Debug|Any CPU
		{FE8B8657-75B4-4C23-A8E2-36F9EE3E58FF}.Debug|ARM.ActiveCfg = Debug|ARM
		{FE8B8657-75B4-4C23-A8E2-36F9EE3E58FF}.Debug|ARM.Build.0 = Debug|ARM
		{FE8B8657-75B4-4C23-A8E2-36F9EE3E58FF}.Debug|ARM.Deploy.0 = Debug|ARM
		{FE8B8657-75B4-4C23-A8E2-36F9EE3E58FF}.Debug|x64.ActiveCfg = Debug|x64
		{FE8B8657-75B4-4C23-A8E2-36F9EE3E58FF}.Debug|x64.Build.0 = Debug|x64
		{FE8B8657-75B4-4C23-A8E2-36F9EE3E58FF}.Debug|x64.Deploy.0 = Debug|x64
		{FE8B8657-75B4-4C23-A8E2-36F9EE3E58FF}.Debug|x86.ActiveCfg = Debug|x86
		{FE8B8657-75B4-4C23-A8E2-36F9EE3E58FF}.Debug|x86.Build.0 = Debug|x86
		{FE8B8657-75B4-4C23-A8E2-36F9EE3E58FF}.Debug|x86.Deploy.0 = Debug|x86
		{FE8B8657-75B4-4C23-A8E2-36F9EE3E58FF}.Release|Any CPU.ActiveCfg = Release|Any CPU
		{FE8B8657-75B4-4C23-A8E2-36F9EE3E58FF}.Release|Any CPU.Build.0 = Release|Any CPU
		{FE8B8657-75B4-4C23-A8E2-36F9EE3E58FF}.Release|Any CPU.Deploy.0 = Release|Any CPU
		{FE8B8657-75B4-4C23-A8E2-36F9EE3E58FF}.Release|ARM.ActiveCfg = Release|ARM
		{FE8B8657-75B4-4C23-A8E2-36F9EE3E58FF}.Release|ARM.Build.0 = Release|ARM
		{FE8B8657-75B4-4C23-A8E2-36F9EE3E58FF}.Release|ARM.Deploy.0 = Release|ARM
		{FE8B8657-75B4-4C23-A8E2-36F9EE3E58FF}.Release|x64.ActiveCfg = Release|x64
		{FE8B8657-75B4-4C23-A8E2-36F9EE3E58FF}.Release|x64.Build.0 = Release|x64
		{FE8B8657-75B4-4C23-A8E2-36F9EE3E58FF}.Release|x64.Deploy.0 = Release|x64
		{FE8B8657-75B4-4C23-A8E2-36F9EE3E58FF}.Release|x86.ActiveCfg = Release|x86
		{FE8B8657-75B4-4C23-A8E2-36F9EE3E58FF}.Release|x86.Build.0 = Release|x86
		{FE8B8657-75B4-4C23-A8E2-36F9EE3E58FF}.Release|x86.Deploy.0 = Release|x86
		{564D86DC-B1DF-456E-845E-A0177B81A7C2}.Debug|Any CPU.ActiveCfg = Debug|Any CPU
		{564D86DC-B1DF-456E-845E-A0177B81A7C2}.Debug|Any CPU.Build.0 = Debug|Any CPU
		{564D86DC-B1DF-456E-845E-A0177B81A7C2}.Debug|Any CPU.Deploy.0 = Debug|Any CPU
		{564D86DC-B1DF-456E-845E-A0177B81A7C2}.Debug|ARM.ActiveCfg = Debug|ARM
		{564D86DC-B1DF-456E-845E-A0177B81A7C2}.Debug|ARM.Build.0 = Debug|ARM
		{564D86DC-B1DF-456E-845E-A0177B81A7C2}.Debug|ARM.Deploy.0 = Debug|ARM
		{564D86DC-B1DF-456E-845E-A0177B81A7C2}.Debug|x64.ActiveCfg = Debug|Any CPU
		{564D86DC-B1DF-456E-845E-A0177B81A7C2}.Debug|x86.ActiveCfg = Debug|x86
		{564D86DC-B1DF-456E-845E-A0177B81A7C2}.Debug|x86.Build.0 = Debug|x86
		{564D86DC-B1DF-456E-845E-A0177B81A7C2}.Debug|x86.Deploy.0 = Debug|x86
		{564D86DC-B1DF-456E-845E-A0177B81A7C2}.Release|Any CPU.ActiveCfg = Release|Any CPU
		{564D86DC-B1DF-456E-845E-A0177B81A7C2}.Release|Any CPU.Build.0 = Release|Any CPU
		{564D86DC-B1DF-456E-845E-A0177B81A7C2}.Release|Any CPU.Deploy.0 = Release|Any CPU
		{564D86DC-B1DF-456E-845E-A0177B81A7C2}.Release|ARM.ActiveCfg = Release|ARM
		{564D86DC-B1DF-456E-845E-A0177B81A7C2}.Release|ARM.Build.0 = Release|ARM
		{564D86DC-B1DF-456E-845E-A0177B81A7C2}.Release|ARM.Deploy.0 = Release|ARM
		{564D86DC-B1DF-456E-845E-A0177B81A7C2}.Release|x64.ActiveCfg = Release|Any CPU
		{564D86DC-B1DF-456E-845E-A0177B81A7C2}.Release|x86.ActiveCfg = Release|x86
		{564D86DC-B1DF-456E-845E-A0177B81A7C2}.Release|x86.Build.0 = Release|x86
		{564D86DC-B1DF-456E-845E-A0177B81A7C2}.Release|x86.Deploy.0 = Release|x86
		{67280244-AEA9-423F-A11E-08185F187F27}.Debug|Any CPU.ActiveCfg = Debug|Any CPU
		{67280244-AEA9-423F-A11E-08185F187F27}.Debug|Any CPU.Build.0 = Debug|Any CPU
		{67280244-AEA9-423F-A11E-08185F187F27}.Debug|ARM.ActiveCfg = Debug|Any CPU
		{67280244-AEA9-423F-A11E-08185F187F27}.Debug|x64.ActiveCfg = Debug|Any CPU
		{67280244-AEA9-423F-A11E-08185F187F27}.Debug|x86.ActiveCfg = Debug|Any CPU
		{67280244-AEA9-423F-A11E-08185F187F27}.Release|Any CPU.ActiveCfg = Release|Any CPU
		{67280244-AEA9-423F-A11E-08185F187F27}.Release|Any CPU.Build.0 = Release|Any CPU
		{67280244-AEA9-423F-A11E-08185F187F27}.Release|ARM.ActiveCfg = Release|Any CPU
		{67280244-AEA9-423F-A11E-08185F187F27}.Release|x64.ActiveCfg = Release|Any CPU
		{67280244-AEA9-423F-A11E-08185F187F27}.Release|x86.ActiveCfg = Release|Any CPU
		{B6101F13-BD08-46BF-AA89-9F08265BA87C}.Debug|Any CPU.ActiveCfg = Debug|Any CPU
		{B6101F13-BD08-46BF-AA89-9F08265BA87C}.Debug|Any CPU.Build.0 = Debug|Any CPU
		{B6101F13-BD08-46BF-AA89-9F08265BA87C}.Debug|ARM.ActiveCfg = Debug|Any CPU
		{B6101F13-BD08-46BF-AA89-9F08265BA87C}.Debug|x64.ActiveCfg = Debug|Any CPU
		{B6101F13-BD08-46BF-AA89-9F08265BA87C}.Debug|x86.ActiveCfg = Debug|Any CPU
		{B6101F13-BD08-46BF-AA89-9F08265BA87C}.Release|Any CPU.ActiveCfg = Release|Any CPU
		{B6101F13-BD08-46BF-AA89-9F08265BA87C}.Release|Any CPU.Build.0 = Release|Any CPU
		{B6101F13-BD08-46BF-AA89-9F08265BA87C}.Release|ARM.ActiveCfg = Release|Any CPU
		{B6101F13-BD08-46BF-AA89-9F08265BA87C}.Release|x64.ActiveCfg = Release|Any CPU
		{B6101F13-BD08-46BF-AA89-9F08265BA87C}.Release|x86.ActiveCfg = Release|Any CPU
		{3B7D8F57-4E7A-4553-9908-1FC372D5C29E}.Debug|Any CPU.ActiveCfg = Debug|Any CPU
		{3B7D8F57-4E7A-4553-9908-1FC372D5C29E}.Debug|Any CPU.Build.0 = Debug|Any CPU
		{3B7D8F57-4E7A-4553-9908-1FC372D5C29E}.Debug|ARM.ActiveCfg = Debug|ARM
		{3B7D8F57-4E7A-4553-9908-1FC372D5C29E}.Debug|ARM.Build.0 = Debug|ARM
		{3B7D8F57-4E7A-4553-9908-1FC372D5C29E}.Debug|x64.ActiveCfg = Debug|x64
		{3B7D8F57-4E7A-4553-9908-1FC372D5C29E}.Debug|x64.Build.0 = Debug|x64
		{3B7D8F57-4E7A-4553-9908-1FC372D5C29E}.Debug|x86.ActiveCfg = Debug|x86
		{3B7D8F57-4E7A-4553-9908-1FC372D5C29E}.Debug|x86.Build.0 = Debug|x86
		{3B7D8F57-4E7A-4553-9908-1FC372D5C29E}.Release|Any CPU.ActiveCfg = Release|Any CPU
		{3B7D8F57-4E7A-4553-9908-1FC372D5C29E}.Release|Any CPU.Build.0 = Release|Any CPU
		{3B7D8F57-4E7A-4553-9908-1FC372D5C29E}.Release|ARM.ActiveCfg = Release|ARM
		{3B7D8F57-4E7A-4553-9908-1FC372D5C29E}.Release|ARM.Build.0 = Release|ARM
		{3B7D8F57-4E7A-4553-9908-1FC372D5C29E}.Release|x64.ActiveCfg = Release|x64
		{3B7D8F57-4E7A-4553-9908-1FC372D5C29E}.Release|x64.Build.0 = Release|x64
		{3B7D8F57-4E7A-4553-9908-1FC372D5C29E}.Release|x86.ActiveCfg = Release|x86
		{3B7D8F57-4E7A-4553-9908-1FC372D5C29E}.Release|x86.Build.0 = Release|x86
		{91DDFD14-6990-4042-9FD4-6E83265D701B}.Debug|Any CPU.ActiveCfg = Debug|Any CPU
		{91DDFD14-6990-4042-9FD4-6E83265D701B}.Debug|Any CPU.Build.0 = Debug|Any CPU
		{91DDFD14-6990-4042-9FD4-6E83265D701B}.Debug|ARM.ActiveCfg = Debug|ARM
		{91DDFD14-6990-4042-9FD4-6E83265D701B}.Debug|ARM.Build.0 = Debug|ARM
		{91DDFD14-6990-4042-9FD4-6E83265D701B}.Debug|x64.ActiveCfg = Debug|Any CPU
		{91DDFD14-6990-4042-9FD4-6E83265D701B}.Debug|x86.ActiveCfg = Debug|x86
		{91DDFD14-6990-4042-9FD4-6E83265D701B}.Debug|x86.Build.0 = Debug|x86
		{91DDFD14-6990-4042-9FD4-6E83265D701B}.Release|Any CPU.ActiveCfg = Release|Any CPU
		{91DDFD14-6990-4042-9FD4-6E83265D701B}.Release|Any CPU.Build.0 = Release|Any CPU
		{91DDFD14-6990-4042-9FD4-6E83265D701B}.Release|ARM.ActiveCfg = Release|ARM
		{91DDFD14-6990-4042-9FD4-6E83265D701B}.Release|ARM.Build.0 = Release|ARM
		{91DDFD14-6990-4042-9FD4-6E83265D701B}.Release|x64.ActiveCfg = Release|Any CPU
		{91DDFD14-6990-4042-9FD4-6E83265D701B}.Release|x86.ActiveCfg = Release|x86
		{91DDFD14-6990-4042-9FD4-6E83265D701B}.Release|x86.Build.0 = Release|x86
		{F2F0599D-7229-42A1-860B-7268EAC61298}.Debug|Any CPU.ActiveCfg = Debug|Any CPU
		{F2F0599D-7229-42A1-860B-7268EAC61298}.Debug|Any CPU.Build.0 = Debug|Any CPU
		{F2F0599D-7229-42A1-860B-7268EAC61298}.Debug|ARM.ActiveCfg = Debug|Any CPU
		{F2F0599D-7229-42A1-860B-7268EAC61298}.Debug|x64.ActiveCfg = Debug|Any CPU
		{F2F0599D-7229-42A1-860B-7268EAC61298}.Debug|x86.ActiveCfg = Debug|Any CPU
		{F2F0599D-7229-42A1-860B-7268EAC61298}.Release|Any CPU.ActiveCfg = Release|Any CPU
		{F2F0599D-7229-42A1-860B-7268EAC61298}.Release|Any CPU.Build.0 = Release|Any CPU
		{F2F0599D-7229-42A1-860B-7268EAC61298}.Release|ARM.ActiveCfg = Release|Any CPU
		{F2F0599D-7229-42A1-860B-7268EAC61298}.Release|x64.ActiveCfg = Release|Any CPU
		{F2F0599D-7229-42A1-860B-7268EAC61298}.Release|x86.ActiveCfg = Release|Any CPU
		{912AC67D-F2B7-4CA5-9999-25A816F86D34}.Debug|Any CPU.ActiveCfg = Debug|Any CPU
		{912AC67D-F2B7-4CA5-9999-25A816F86D34}.Debug|Any CPU.Build.0 = Debug|Any CPU
		{912AC67D-F2B7-4CA5-9999-25A816F86D34}.Debug|ARM.ActiveCfg = Debug|Any CPU
		{912AC67D-F2B7-4CA5-9999-25A816F86D34}.Debug|x64.ActiveCfg = Debug|Any CPU
		{912AC67D-F2B7-4CA5-9999-25A816F86D34}.Debug|x86.ActiveCfg = Debug|Any CPU
		{912AC67D-F2B7-4CA5-9999-25A816F86D34}.Release|Any CPU.ActiveCfg = Release|Any CPU
		{912AC67D-F2B7-4CA5-9999-25A816F86D34}.Release|Any CPU.Build.0 = Release|Any CPU
		{912AC67D-F2B7-4CA5-9999-25A816F86D34}.Release|ARM.ActiveCfg = Release|Any CPU
		{912AC67D-F2B7-4CA5-9999-25A816F86D34}.Release|x64.ActiveCfg = Release|Any CPU
		{912AC67D-F2B7-4CA5-9999-25A816F86D34}.Release|x86.ActiveCfg = Release|Any CPU
		{EA9D1078-0B61-4C80-8D19-2DFC49E9D28E}.Debug|Any CPU.ActiveCfg = Debug|Any CPU
		{EA9D1078-0B61-4C80-8D19-2DFC49E9D28E}.Debug|Any CPU.Build.0 = Debug|Any CPU
		{EA9D1078-0B61-4C80-8D19-2DFC49E9D28E}.Debug|ARM.ActiveCfg = Debug|Any CPU
		{EA9D1078-0B61-4C80-8D19-2DFC49E9D28E}.Debug|x64.ActiveCfg = Debug|Any CPU
		{EA9D1078-0B61-4C80-8D19-2DFC49E9D28E}.Debug|x86.ActiveCfg = Debug|Any CPU
		{EA9D1078-0B61-4C80-8D19-2DFC49E9D28E}.Release|Any CPU.ActiveCfg = Release|Any CPU
		{EA9D1078-0B61-4C80-8D19-2DFC49E9D28E}.Release|Any CPU.Build.0 = Release|Any CPU
		{EA9D1078-0B61-4C80-8D19-2DFC49E9D28E}.Release|ARM.ActiveCfg = Release|Any CPU
		{EA9D1078-0B61-4C80-8D19-2DFC49E9D28E}.Release|x64.ActiveCfg = Release|Any CPU
		{EA9D1078-0B61-4C80-8D19-2DFC49E9D28E}.Release|x86.ActiveCfg = Release|Any CPU
		{FB908ECA-4D03-4E0A-BF7A-3FD4B24DEB40}.Debug|Any CPU.ActiveCfg = Debug|Any CPU
		{FB908ECA-4D03-4E0A-BF7A-3FD4B24DEB40}.Debug|Any CPU.Build.0 = Debug|Any CPU
		{FB908ECA-4D03-4E0A-BF7A-3FD4B24DEB40}.Debug|ARM.ActiveCfg = Debug|ARM
		{FB908ECA-4D03-4E0A-BF7A-3FD4B24DEB40}.Debug|ARM.Build.0 = Debug|ARM
		{FB908ECA-4D03-4E0A-BF7A-3FD4B24DEB40}.Debug|x64.ActiveCfg = Debug|x64
		{FB908ECA-4D03-4E0A-BF7A-3FD4B24DEB40}.Debug|x64.Build.0 = Debug|x64
		{FB908ECA-4D03-4E0A-BF7A-3FD4B24DEB40}.Debug|x86.ActiveCfg = Debug|x86
		{FB908ECA-4D03-4E0A-BF7A-3FD4B24DEB40}.Debug|x86.Build.0 = Debug|x86
		{FB908ECA-4D03-4E0A-BF7A-3FD4B24DEB40}.Release|Any CPU.ActiveCfg = Release|Any CPU
		{FB908ECA-4D03-4E0A-BF7A-3FD4B24DEB40}.Release|Any CPU.Build.0 = Release|Any CPU
		{FB908ECA-4D03-4E0A-BF7A-3FD4B24DEB40}.Release|ARM.ActiveCfg = Release|ARM
		{FB908ECA-4D03-4E0A-BF7A-3FD4B24DEB40}.Release|ARM.Build.0 = Release|ARM
		{FB908ECA-4D03-4E0A-BF7A-3FD4B24DEB40}.Release|x64.ActiveCfg = Release|x64
		{FB908ECA-4D03-4E0A-BF7A-3FD4B24DEB40}.Release|x64.Build.0 = Release|x64
		{FB908ECA-4D03-4E0A-BF7A-3FD4B24DEB40}.Release|x86.ActiveCfg = Release|x86
		{FB908ECA-4D03-4E0A-BF7A-3FD4B24DEB40}.Release|x86.Build.0 = Release|x86
		{F0660265-FBF0-46B2-93FA-D1DD10061BC8}.Debug|Any CPU.ActiveCfg = Debug|Any CPU
		{F0660265-FBF0-46B2-93FA-D1DD10061BC8}.Debug|Any CPU.Build.0 = Debug|Any CPU
		{F0660265-FBF0-46B2-93FA-D1DD10061BC8}.Debug|ARM.ActiveCfg = Debug|Any CPU
		{F0660265-FBF0-46B2-93FA-D1DD10061BC8}.Debug|ARM.Build.0 = Debug|Any CPU
		{F0660265-FBF0-46B2-93FA-D1DD10061BC8}.Debug|x64.ActiveCfg = Debug|Any CPU
		{F0660265-FBF0-46B2-93FA-D1DD10061BC8}.Debug|x64.Build.0 = Debug|Any CPU
		{F0660265-FBF0-46B2-93FA-D1DD10061BC8}.Debug|x86.ActiveCfg = Debug|Any CPU
		{F0660265-FBF0-46B2-93FA-D1DD10061BC8}.Debug|x86.Build.0 = Debug|Any CPU
		{F0660265-FBF0-46B2-93FA-D1DD10061BC8}.Release|Any CPU.ActiveCfg = Release|Any CPU
		{F0660265-FBF0-46B2-93FA-D1DD10061BC8}.Release|Any CPU.Build.0 = Release|Any CPU
		{F0660265-FBF0-46B2-93FA-D1DD10061BC8}.Release|ARM.ActiveCfg = Release|Any CPU
		{F0660265-FBF0-46B2-93FA-D1DD10061BC8}.Release|ARM.Build.0 = Release|Any CPU
		{F0660265-FBF0-46B2-93FA-D1DD10061BC8}.Release|x64.ActiveCfg = Release|Any CPU
		{F0660265-FBF0-46B2-93FA-D1DD10061BC8}.Release|x64.Build.0 = Release|Any CPU
		{F0660265-FBF0-46B2-93FA-D1DD10061BC8}.Release|x86.ActiveCfg = Release|Any CPU
		{F0660265-FBF0-46B2-93FA-D1DD10061BC8}.Release|x86.Build.0 = Release|Any CPU
		{D3B0C862-619E-437A-9F0F-3361ED219ACC}.Debug|Any CPU.ActiveCfg = Debug|x86
		{D3B0C862-619E-437A-9F0F-3361ED219ACC}.Debug|ARM.ActiveCfg = Debug|ARM
		{D3B0C862-619E-437A-9F0F-3361ED219ACC}.Debug|ARM.Build.0 = Debug|ARM
		{D3B0C862-619E-437A-9F0F-3361ED219ACC}.Debug|ARM.Deploy.0 = Debug|ARM
		{D3B0C862-619E-437A-9F0F-3361ED219ACC}.Debug|x64.ActiveCfg = Debug|x64
		{D3B0C862-619E-437A-9F0F-3361ED219ACC}.Debug|x64.Build.0 = Debug|x64
		{D3B0C862-619E-437A-9F0F-3361ED219ACC}.Debug|x64.Deploy.0 = Debug|x64
		{D3B0C862-619E-437A-9F0F-3361ED219ACC}.Debug|x86.ActiveCfg = Debug|x86
		{D3B0C862-619E-437A-9F0F-3361ED219ACC}.Debug|x86.Build.0 = Debug|x86
		{D3B0C862-619E-437A-9F0F-3361ED219ACC}.Debug|x86.Deploy.0 = Debug|x86
		{D3B0C862-619E-437A-9F0F-3361ED219ACC}.Release|Any CPU.ActiveCfg = Release|x86
		{D3B0C862-619E-437A-9F0F-3361ED219ACC}.Release|ARM.ActiveCfg = Release|ARM
		{D3B0C862-619E-437A-9F0F-3361ED219ACC}.Release|ARM.Build.0 = Release|ARM
		{D3B0C862-619E-437A-9F0F-3361ED219ACC}.Release|ARM.Deploy.0 = Release|ARM
		{D3B0C862-619E-437A-9F0F-3361ED219ACC}.Release|x64.ActiveCfg = Release|x64
		{D3B0C862-619E-437A-9F0F-3361ED219ACC}.Release|x64.Build.0 = Release|x64
		{D3B0C862-619E-437A-9F0F-3361ED219ACC}.Release|x64.Deploy.0 = Release|x64
		{D3B0C862-619E-437A-9F0F-3361ED219ACC}.Release|x86.ActiveCfg = Release|x86
		{D3B0C862-619E-437A-9F0F-3361ED219ACC}.Release|x86.Build.0 = Release|x86
		{D3B0C862-619E-437A-9F0F-3361ED219ACC}.Release|x86.Deploy.0 = Release|x86
	EndGlobalSection
	GlobalSection(SolutionProperties) = preSolution
		HideSolutionNode = FALSE
	EndGlobalSection
	GlobalSection(NestedProjects) = preSolution
		{5136F238-9F89-46F6-9026-5B2A9D4F88A8} = {14D285BB-F94F-4069-AC2A-84E110E9F5B5}
		{3A704A02-C0BC-4AD5-B733-87C9E1B25F22} = {5136F238-9F89-46F6-9026-5B2A9D4F88A8}
		{1C504346-05BC-410C-969A-AAED4B0033FC} = {5136F238-9F89-46F6-9026-5B2A9D4F88A8}
		{C229A544-EEFA-4C9E-B22F-B648A87FB12B} = {5136F238-9F89-46F6-9026-5B2A9D4F88A8}
		{8FE3B690-9487-4A24-80CF-8D41487E5FEC} = {D9C280EE-1970-4388-AE3D-4B7B5D0B009C}
		{BB9BC8ED-E678-4A65-B21F-2E1DE26DD571} = {D9C280EE-1970-4388-AE3D-4B7B5D0B009C}
		{FE8B8657-75B4-4C23-A8E2-36F9EE3E58FF} = {8FE3B690-9487-4A24-80CF-8D41487E5FEC}
		{DA46E468-BC66-4A20-95C2-2DA495810E19} = {8FE3B690-9487-4A24-80CF-8D41487E5FEC}
		{564D86DC-B1DF-456E-845E-A0177B81A7C2} = {8FE3B690-9487-4A24-80CF-8D41487E5FEC}
		{67280244-AEA9-423F-A11E-08185F187F27} = {BB9BC8ED-E678-4A65-B21F-2E1DE26DD571}
		{B6101F13-BD08-46BF-AA89-9F08265BA87C} = {7CE146EC-5BAB-40DB-A5FA-FFF973F754EB}
		{3B7D8F57-4E7A-4553-9908-1FC372D5C29E} = {1D085917-2042-4217-9194-4630D6020DB6}
		{91DDFD14-6990-4042-9FD4-6E83265D701B} = {1D085917-2042-4217-9194-4630D6020DB6}
		{F2F0599D-7229-42A1-860B-7268EAC61298} = {7CE146EC-5BAB-40DB-A5FA-FFF973F754EB}
		{912AC67D-F2B7-4CA5-9999-25A816F86D34} = {7CE146EC-5BAB-40DB-A5FA-FFF973F754EB}
		{EA9D1078-0B61-4C80-8D19-2DFC49E9D28E} = {7CE146EC-5BAB-40DB-A5FA-FFF973F754EB}
		{7CE146EC-5BAB-40DB-A5FA-FFF973F754EB} = {05063999-1CDA-49CE-A2A1-E3CF22165F59}
		{1D085917-2042-4217-9194-4630D6020DB6} = {05063999-1CDA-49CE-A2A1-E3CF22165F59}
		{FB908ECA-4D03-4E0A-BF7A-3FD4B24DEB40} = {1D085917-2042-4217-9194-4630D6020DB6}
		{0D00570D-559E-4FA1-8905-D576FBEC30AC} = {D9C280EE-1970-4388-AE3D-4B7B5D0B009C}
		{F0660265-FBF0-46B2-93FA-D1DD10061BC8} = {5136F238-9F89-46F6-9026-5B2A9D4F88A8}
		{D3B0C862-619E-437A-9F0F-3361ED219ACC} = {0D00570D-559E-4FA1-8905-D576FBEC30AC}
	EndGlobalSection
EndGlobal
