
Microsoft Visual Studio Solution File, Format Version 12.00
# Visual Studio Version 16
VisualStudioVersion = 16.0.29306.81
MinimumVisualStudioVersion = 10.0.40219.1
Project("{2150E333-8FDC-42A3-9474-1A3956D46DE8}") = "samples", "samples", "{D9C280EE-1970-4388-AE3D-4B7B5D0B009C}"
EndProject
Project("{2150E333-8FDC-42A3-9474-1A3956D46DE8}") = "doc", "doc", "{14D285BB-F94F-4069-AC2A-84E110E9F5B5}"
	ProjectSection(SolutionItems) = preProject
		doc\navegar_windows_10.md = doc\navegar_uwp.md
		doc\navegar_wpf.md = doc\navegar_wpf.md
	EndProjectSection
EndProject
Project("{2150E333-8FDC-42A3-9474-1A3956D46DE8}") = "navegar", "navegar", "{05063999-1CDA-49CE-A2A1-E3CF22165F59}"
EndProject
Project("{2150E333-8FDC-42A3-9474-1A3956D46DE8}") = "Windows Presentation Foundation", "Windows Presentation Foundation", "{BB9BC8ED-E678-4A65-B21F-2E1DE26DD571}"
EndProject
Project("{FAE04EC0-301F-11D3-BF4B-00C04F79EFBC}") = "Navegar.WPF.Exemple", "samples\Navegar.WPF.Exemple.CRM\Navegar.WPF.Exemple.CRM.csproj", "{67280244-AEA9-423F-A11E-08185F187F27}"
EndProject
Project("{FAE04EC0-301F-11D3-BF4B-00C04F79EFBC}") = "Navegar.Plateformes.Net.WPF", "navegar\plateformes\navegar.net\Navegar.Plateformes.Net.WPF.csproj", "{B6101F13-BD08-46BF-AA89-9F08265BA87C}"
EndProject
Project("{2150E333-8FDC-42A3-9474-1A3956D46DE8}") = ".net.wpf", ".net.wpf", "{7CE146EC-5BAB-40DB-A5FA-FFF973F754EB}"
EndProject
Project("{2150E333-8FDC-42A3-9474-1A3956D46DE8}") = ".netcore", ".netcore", "{1D085917-2042-4217-9194-4630D6020DB6}"
EndProject
Project("{2150E333-8FDC-42A3-9474-1A3956D46DE8}") = "Universal Windows Plateform (Windows 10)", "Universal Windows Plateform", "{0D00570D-559E-4FA1-8905-D576FBEC30AC}"
EndProject
Project("{2150E333-8FDC-42A3-9474-1A3956D46DE8}") = "xamarin.forms", "xamarin.forms", "{5E006AB1-4A43-41F8-AD5C-160B4566F86E}"
EndProject
Project("{2150E333-8FDC-42A3-9474-1A3956D46DE8}") = "Xamarin Forms", "Xamarin Forms", "{8F5FDF5A-3DAE-45CB-A647-E983DCCBC2D5}"
EndProject
Project("{FAE04EC0-301F-11D3-BF4B-00C04F79EFBC}") = "Navegar.XamarinForms.Exemple.CRM", "samples\Navegar.XamarinForms.Exemple.CRM\Navegar.XamarinForms.Exemple.CRM\Navegar.XamarinForms.Exemple.CRM.csproj", "{25515A9B-A443-419D-8C66-4821B9BB8614}"
EndProject
Project("{FAE04EC0-301F-11D3-BF4B-00C04F79EFBC}") = "Navegar.XamarinForms.Exemple.CRM.Droid", "samples\Navegar.XamarinForms.Exemple.CRM\Navegar.XamarinForms.Exemple.CRM.Droid\Navegar.XamarinForms.Exemple.CRM.Droid.csproj", "{5B84C2B7-3628-403B-ADF2-B2118AFD76FC}"
EndProject
Project("{2150E333-8FDC-42A3-9474-1A3956D46DE8}") = "Libs", "Libs", "{A4578374-F7BB-4961-AD9B-37161FA077AA}"
EndProject
Project("{FAE04EC0-301F-11D3-BF4B-00C04F79EFBC}") = "Navegar.Libs", "navegar\libs\Navegar.Libs\Navegar.Libs.csproj", "{E24BFA63-FB8C-47CE-B7D8-EC9E4C078EAB}"
EndProject
Project("{2150E333-8FDC-42A3-9474-1A3956D46DE8}") = "Plateformes", "Plateformes", "{5EC557B1-8282-4330-AEC6-9EC591EC2949}"
EndProject
Project("{FAE04EC0-301F-11D3-BF4B-00C04F79EFBC}") = "Navegar.XamarinForms", "navegar\plateformes\xamarin.forms\Navegar.XamarinForms.csproj", "{A2C20DAC-5B27-4762-8D24-94BE69F977AD}"
EndProject
Project("{2150E333-8FDC-42A3-9474-1A3956D46DE8}") = "Desktop", "Desktop", "{29F132A0-6B96-4346-9C68-996B9B0AE78F}"
EndProject
Project("{2150E333-8FDC-42A3-9474-1A3956D46DE8}") = "Mobiles", "Mobiles", "{EF0FE785-AD76-4C69-A7A2-937B685E825D}"
EndProject
Project("{FAE04EC0-301F-11D3-BF4B-00C04F79EFBC}") = "CommonMobiles", "samples\CommonMobiles\CommonMobiles.csproj", "{DE20F945-4DDB-41D6-9993-191DCCD41B3E}"
EndProject
Project("{FAE04EC0-301F-11D3-BF4B-00C04F79EFBC}") = "Navegar.Plateformes.NetCore.UWP.Win10", "navegar\plateformes\navegar.netcore\Navegar.Plateformes.NetCore.UWP.Win10.csproj", "{F01BD2C4-A49C-4C07-B9CF-034DA0AA2710}"
EndProject
Project("{FAE04EC0-301F-11D3-BF4B-00C04F79EFBC}") = "Navegar.UWP.Exemple.CRM", "samples\Navegar.UWP.Exemple.CRM\Navegar.UWP.Exemple.CRM.csproj", "{95A88D56-DFBB-454F-89B1-B421657DBD03}"
EndProject
Project("{FAE04EC0-301F-11D3-BF4B-00C04F79EFBC}") = "Navegar.XamarinForms.Exemple.CRM.iOS", "samples\Navegar.XamarinForms.Exemple.CRM\Navegar.XamarinForms.Exemple.CRM.iOS\Navegar.XamarinForms.Exemple.CRM.iOS.csproj", "{4EA0627F-37BC-4DA7-9513-1B8941EB308E}"
EndProject
Global
	GlobalSection(SolutionConfigurationPlatforms) = preSolution
		Ad-Hoc|Any CPU = Ad-Hoc|Any CPU
		Ad-Hoc|ARM = Ad-Hoc|ARM
		Ad-Hoc|iPhone = Ad-Hoc|iPhone
		Ad-Hoc|iPhoneSimulator = Ad-Hoc|iPhoneSimulator
		Ad-Hoc|x64 = Ad-Hoc|x64
		Ad-Hoc|x86 = Ad-Hoc|x86
		AppStore|Any CPU = AppStore|Any CPU
		AppStore|ARM = AppStore|ARM
		AppStore|iPhone = AppStore|iPhone
		AppStore|iPhoneSimulator = AppStore|iPhoneSimulator
		AppStore|x64 = AppStore|x64
		AppStore|x86 = AppStore|x86
		Debug|Any CPU = Debug|Any CPU
		Debug|ARM = Debug|ARM
		Debug|iPhone = Debug|iPhone
		Debug|iPhoneSimulator = Debug|iPhoneSimulator
		Debug|x64 = Debug|x64
		Debug|x86 = Debug|x86
		Release|Any CPU = Release|Any CPU
		Release|ARM = Release|ARM
		Release|iPhone = Release|iPhone
		Release|iPhoneSimulator = Release|iPhoneSimulator
		Release|x64 = Release|x64
		Release|x86 = Release|x86
	EndGlobalSection
	GlobalSection(ProjectConfigurationPlatforms) = postSolution
		{67280244-AEA9-423F-A11E-08185F187F27}.Ad-Hoc|Any CPU.ActiveCfg = Release|Any CPU
		{67280244-AEA9-423F-A11E-08185F187F27}.Ad-Hoc|Any CPU.Build.0 = Release|Any CPU
		{67280244-AEA9-423F-A11E-08185F187F27}.Ad-Hoc|ARM.ActiveCfg = Release|Any CPU
		{67280244-AEA9-423F-A11E-08185F187F27}.Ad-Hoc|ARM.Build.0 = Release|Any CPU
		{67280244-AEA9-423F-A11E-08185F187F27}.Ad-Hoc|iPhone.ActiveCfg = Release|Any CPU
		{67280244-AEA9-423F-A11E-08185F187F27}.Ad-Hoc|iPhone.Build.0 = Release|Any CPU
		{67280244-AEA9-423F-A11E-08185F187F27}.Ad-Hoc|iPhoneSimulator.ActiveCfg = Release|Any CPU
		{67280244-AEA9-423F-A11E-08185F187F27}.Ad-Hoc|iPhoneSimulator.Build.0 = Release|Any CPU
		{67280244-AEA9-423F-A11E-08185F187F27}.Ad-Hoc|x64.ActiveCfg = Release|Any CPU
		{67280244-AEA9-423F-A11E-08185F187F27}.Ad-Hoc|x64.Build.0 = Release|Any CPU
		{67280244-AEA9-423F-A11E-08185F187F27}.Ad-Hoc|x86.ActiveCfg = Release|Any CPU
		{67280244-AEA9-423F-A11E-08185F187F27}.Ad-Hoc|x86.Build.0 = Release|Any CPU
		{67280244-AEA9-423F-A11E-08185F187F27}.AppStore|Any CPU.ActiveCfg = Release|Any CPU
		{67280244-AEA9-423F-A11E-08185F187F27}.AppStore|Any CPU.Build.0 = Release|Any CPU
		{67280244-AEA9-423F-A11E-08185F187F27}.AppStore|ARM.ActiveCfg = Release|Any CPU
		{67280244-AEA9-423F-A11E-08185F187F27}.AppStore|ARM.Build.0 = Release|Any CPU
		{67280244-AEA9-423F-A11E-08185F187F27}.AppStore|iPhone.ActiveCfg = Release|Any CPU
		{67280244-AEA9-423F-A11E-08185F187F27}.AppStore|iPhone.Build.0 = Release|Any CPU
		{67280244-AEA9-423F-A11E-08185F187F27}.AppStore|iPhoneSimulator.ActiveCfg = Release|Any CPU
		{67280244-AEA9-423F-A11E-08185F187F27}.AppStore|iPhoneSimulator.Build.0 = Release|Any CPU
		{67280244-AEA9-423F-A11E-08185F187F27}.AppStore|x64.ActiveCfg = Release|Any CPU
		{67280244-AEA9-423F-A11E-08185F187F27}.AppStore|x64.Build.0 = Release|Any CPU
		{67280244-AEA9-423F-A11E-08185F187F27}.AppStore|x86.ActiveCfg = Release|Any CPU
		{67280244-AEA9-423F-A11E-08185F187F27}.AppStore|x86.Build.0 = Release|Any CPU
		{67280244-AEA9-423F-A11E-08185F187F27}.Debug|Any CPU.ActiveCfg = Debug|Any CPU
		{67280244-AEA9-423F-A11E-08185F187F27}.Debug|Any CPU.Build.0 = Debug|Any CPU
		{67280244-AEA9-423F-A11E-08185F187F27}.Debug|ARM.ActiveCfg = Debug|Any CPU
		{67280244-AEA9-423F-A11E-08185F187F27}.Debug|iPhone.ActiveCfg = Debug|Any CPU
		{67280244-AEA9-423F-A11E-08185F187F27}.Debug|iPhone.Build.0 = Debug|Any CPU
		{67280244-AEA9-423F-A11E-08185F187F27}.Debug|iPhoneSimulator.ActiveCfg = Debug|Any CPU
		{67280244-AEA9-423F-A11E-08185F187F27}.Debug|iPhoneSimulator.Build.0 = Debug|Any CPU
		{67280244-AEA9-423F-A11E-08185F187F27}.Debug|x64.ActiveCfg = Debug|Any CPU
		{67280244-AEA9-423F-A11E-08185F187F27}.Debug|x86.ActiveCfg = Debug|Any CPU
		{67280244-AEA9-423F-A11E-08185F187F27}.Release|Any CPU.ActiveCfg = Release|Any CPU
		{67280244-AEA9-423F-A11E-08185F187F27}.Release|Any CPU.Build.0 = Release|Any CPU
		{67280244-AEA9-423F-A11E-08185F187F27}.Release|ARM.ActiveCfg = Release|Any CPU
		{67280244-AEA9-423F-A11E-08185F187F27}.Release|iPhone.ActiveCfg = Release|Any CPU
		{67280244-AEA9-423F-A11E-08185F187F27}.Release|iPhone.Build.0 = Release|Any CPU
		{67280244-AEA9-423F-A11E-08185F187F27}.Release|iPhoneSimulator.ActiveCfg = Release|Any CPU
		{67280244-AEA9-423F-A11E-08185F187F27}.Release|iPhoneSimulator.Build.0 = Release|Any CPU
		{67280244-AEA9-423F-A11E-08185F187F27}.Release|x64.ActiveCfg = Release|Any CPU
		{67280244-AEA9-423F-A11E-08185F187F27}.Release|x86.ActiveCfg = Release|Any CPU
		{B6101F13-BD08-46BF-AA89-9F08265BA87C}.Ad-Hoc|Any CPU.ActiveCfg = Release|Any CPU
		{B6101F13-BD08-46BF-AA89-9F08265BA87C}.Ad-Hoc|Any CPU.Build.0 = Release|Any CPU
		{B6101F13-BD08-46BF-AA89-9F08265BA87C}.Ad-Hoc|ARM.ActiveCfg = Release|Any CPU
		{B6101F13-BD08-46BF-AA89-9F08265BA87C}.Ad-Hoc|ARM.Build.0 = Release|Any CPU
		{B6101F13-BD08-46BF-AA89-9F08265BA87C}.Ad-Hoc|iPhone.ActiveCfg = Release|Any CPU
		{B6101F13-BD08-46BF-AA89-9F08265BA87C}.Ad-Hoc|iPhone.Build.0 = Release|Any CPU
		{B6101F13-BD08-46BF-AA89-9F08265BA87C}.Ad-Hoc|iPhoneSimulator.ActiveCfg = Release|Any CPU
		{B6101F13-BD08-46BF-AA89-9F08265BA87C}.Ad-Hoc|iPhoneSimulator.Build.0 = Release|Any CPU
		{B6101F13-BD08-46BF-AA89-9F08265BA87C}.Ad-Hoc|x64.ActiveCfg = Release|Any CPU
		{B6101F13-BD08-46BF-AA89-9F08265BA87C}.Ad-Hoc|x64.Build.0 = Release|Any CPU
		{B6101F13-BD08-46BF-AA89-9F08265BA87C}.Ad-Hoc|x86.ActiveCfg = Release|Any CPU
		{B6101F13-BD08-46BF-AA89-9F08265BA87C}.Ad-Hoc|x86.Build.0 = Release|Any CPU
		{B6101F13-BD08-46BF-AA89-9F08265BA87C}.AppStore|Any CPU.ActiveCfg = Release|Any CPU
		{B6101F13-BD08-46BF-AA89-9F08265BA87C}.AppStore|Any CPU.Build.0 = Release|Any CPU
		{B6101F13-BD08-46BF-AA89-9F08265BA87C}.AppStore|ARM.ActiveCfg = Release|Any CPU
		{B6101F13-BD08-46BF-AA89-9F08265BA87C}.AppStore|ARM.Build.0 = Release|Any CPU
		{B6101F13-BD08-46BF-AA89-9F08265BA87C}.AppStore|iPhone.ActiveCfg = Release|Any CPU
		{B6101F13-BD08-46BF-AA89-9F08265BA87C}.AppStore|iPhone.Build.0 = Release|Any CPU
		{B6101F13-BD08-46BF-AA89-9F08265BA87C}.AppStore|iPhoneSimulator.ActiveCfg = Release|Any CPU
		{B6101F13-BD08-46BF-AA89-9F08265BA87C}.AppStore|iPhoneSimulator.Build.0 = Release|Any CPU
		{B6101F13-BD08-46BF-AA89-9F08265BA87C}.AppStore|x64.ActiveCfg = Release|Any CPU
		{B6101F13-BD08-46BF-AA89-9F08265BA87C}.AppStore|x64.Build.0 = Release|Any CPU
		{B6101F13-BD08-46BF-AA89-9F08265BA87C}.AppStore|x86.ActiveCfg = Release|Any CPU
		{B6101F13-BD08-46BF-AA89-9F08265BA87C}.AppStore|x86.Build.0 = Release|Any CPU
		{B6101F13-BD08-46BF-AA89-9F08265BA87C}.Debug|Any CPU.ActiveCfg = Debug|Any CPU
		{B6101F13-BD08-46BF-AA89-9F08265BA87C}.Debug|Any CPU.Build.0 = Debug|Any CPU
		{B6101F13-BD08-46BF-AA89-9F08265BA87C}.Debug|ARM.ActiveCfg = Debug|Any CPU
		{B6101F13-BD08-46BF-AA89-9F08265BA87C}.Debug|iPhone.ActiveCfg = Debug|Any CPU
		{B6101F13-BD08-46BF-AA89-9F08265BA87C}.Debug|iPhone.Build.0 = Debug|Any CPU
		{B6101F13-BD08-46BF-AA89-9F08265BA87C}.Debug|iPhoneSimulator.ActiveCfg = Debug|Any CPU
		{B6101F13-BD08-46BF-AA89-9F08265BA87C}.Debug|iPhoneSimulator.Build.0 = Debug|Any CPU
		{B6101F13-BD08-46BF-AA89-9F08265BA87C}.Debug|x64.ActiveCfg = Debug|Any CPU
		{B6101F13-BD08-46BF-AA89-9F08265BA87C}.Debug|x86.ActiveCfg = Debug|Any CPU
		{B6101F13-BD08-46BF-AA89-9F08265BA87C}.Release|Any CPU.ActiveCfg = Release|Any CPU
		{B6101F13-BD08-46BF-AA89-9F08265BA87C}.Release|Any CPU.Build.0 = Release|Any CPU
		{B6101F13-BD08-46BF-AA89-9F08265BA87C}.Release|ARM.ActiveCfg = Release|Any CPU
		{B6101F13-BD08-46BF-AA89-9F08265BA87C}.Release|iPhone.ActiveCfg = Release|Any CPU
		{B6101F13-BD08-46BF-AA89-9F08265BA87C}.Release|iPhone.Build.0 = Release|Any CPU
		{B6101F13-BD08-46BF-AA89-9F08265BA87C}.Release|iPhoneSimulator.ActiveCfg = Release|Any CPU
		{B6101F13-BD08-46BF-AA89-9F08265BA87C}.Release|iPhoneSimulator.Build.0 = Release|Any CPU
		{B6101F13-BD08-46BF-AA89-9F08265BA87C}.Release|x64.ActiveCfg = Release|Any CPU
		{B6101F13-BD08-46BF-AA89-9F08265BA87C}.Release|x86.ActiveCfg = Release|Any CPU
		{25515A9B-A443-419D-8C66-4821B9BB8614}.Ad-Hoc|Any CPU.ActiveCfg = Release|Any CPU
		{25515A9B-A443-419D-8C66-4821B9BB8614}.Ad-Hoc|Any CPU.Build.0 = Release|Any CPU
		{25515A9B-A443-419D-8C66-4821B9BB8614}.Ad-Hoc|ARM.ActiveCfg = Release|Any CPU
		{25515A9B-A443-419D-8C66-4821B9BB8614}.Ad-Hoc|ARM.Build.0 = Release|Any CPU
		{25515A9B-A443-419D-8C66-4821B9BB8614}.Ad-Hoc|iPhone.ActiveCfg = Release|Any CPU
		{25515A9B-A443-419D-8C66-4821B9BB8614}.Ad-Hoc|iPhone.Build.0 = Release|Any CPU
		{25515A9B-A443-419D-8C66-4821B9BB8614}.Ad-Hoc|iPhoneSimulator.ActiveCfg = Release|Any CPU
		{25515A9B-A443-419D-8C66-4821B9BB8614}.Ad-Hoc|iPhoneSimulator.Build.0 = Release|Any CPU
		{25515A9B-A443-419D-8C66-4821B9BB8614}.Ad-Hoc|x64.ActiveCfg = Release|Any CPU
		{25515A9B-A443-419D-8C66-4821B9BB8614}.Ad-Hoc|x64.Build.0 = Release|Any CPU
		{25515A9B-A443-419D-8C66-4821B9BB8614}.Ad-Hoc|x86.ActiveCfg = Release|Any CPU
		{25515A9B-A443-419D-8C66-4821B9BB8614}.Ad-Hoc|x86.Build.0 = Release|Any CPU
		{25515A9B-A443-419D-8C66-4821B9BB8614}.AppStore|Any CPU.ActiveCfg = Release|Any CPU
		{25515A9B-A443-419D-8C66-4821B9BB8614}.AppStore|Any CPU.Build.0 = Release|Any CPU
		{25515A9B-A443-419D-8C66-4821B9BB8614}.AppStore|ARM.ActiveCfg = Release|Any CPU
		{25515A9B-A443-419D-8C66-4821B9BB8614}.AppStore|ARM.Build.0 = Release|Any CPU
		{25515A9B-A443-419D-8C66-4821B9BB8614}.AppStore|iPhone.ActiveCfg = Release|Any CPU
		{25515A9B-A443-419D-8C66-4821B9BB8614}.AppStore|iPhone.Build.0 = Release|Any CPU
		{25515A9B-A443-419D-8C66-4821B9BB8614}.AppStore|iPhoneSimulator.ActiveCfg = Release|Any CPU
		{25515A9B-A443-419D-8C66-4821B9BB8614}.AppStore|iPhoneSimulator.Build.0 = Release|Any CPU
		{25515A9B-A443-419D-8C66-4821B9BB8614}.AppStore|x64.ActiveCfg = Release|Any CPU
		{25515A9B-A443-419D-8C66-4821B9BB8614}.AppStore|x64.Build.0 = Release|Any CPU
		{25515A9B-A443-419D-8C66-4821B9BB8614}.AppStore|x86.ActiveCfg = Release|Any CPU
		{25515A9B-A443-419D-8C66-4821B9BB8614}.AppStore|x86.Build.0 = Release|Any CPU
		{25515A9B-A443-419D-8C66-4821B9BB8614}.Debug|Any CPU.ActiveCfg = Debug|Any CPU
		{25515A9B-A443-419D-8C66-4821B9BB8614}.Debug|Any CPU.Build.0 = Debug|Any CPU
		{25515A9B-A443-419D-8C66-4821B9BB8614}.Debug|ARM.ActiveCfg = Debug|Any CPU
		{25515A9B-A443-419D-8C66-4821B9BB8614}.Debug|ARM.Build.0 = Debug|Any CPU
		{25515A9B-A443-419D-8C66-4821B9BB8614}.Debug|iPhone.ActiveCfg = Debug|Any CPU
		{25515A9B-A443-419D-8C66-4821B9BB8614}.Debug|iPhone.Build.0 = Debug|Any CPU
		{25515A9B-A443-419D-8C66-4821B9BB8614}.Debug|iPhoneSimulator.ActiveCfg = Debug|Any CPU
		{25515A9B-A443-419D-8C66-4821B9BB8614}.Debug|iPhoneSimulator.Build.0 = Debug|Any CPU
		{25515A9B-A443-419D-8C66-4821B9BB8614}.Debug|x64.ActiveCfg = Debug|Any CPU
		{25515A9B-A443-419D-8C66-4821B9BB8614}.Debug|x64.Build.0 = Debug|Any CPU
		{25515A9B-A443-419D-8C66-4821B9BB8614}.Debug|x86.ActiveCfg = Debug|Any CPU
		{25515A9B-A443-419D-8C66-4821B9BB8614}.Debug|x86.Build.0 = Debug|Any CPU
		{25515A9B-A443-419D-8C66-4821B9BB8614}.Release|Any CPU.ActiveCfg = Release|Any CPU
		{25515A9B-A443-419D-8C66-4821B9BB8614}.Release|Any CPU.Build.0 = Release|Any CPU
		{25515A9B-A443-419D-8C66-4821B9BB8614}.Release|ARM.ActiveCfg = Release|Any CPU
		{25515A9B-A443-419D-8C66-4821B9BB8614}.Release|ARM.Build.0 = Release|Any CPU
		{25515A9B-A443-419D-8C66-4821B9BB8614}.Release|iPhone.ActiveCfg = Release|Any CPU
		{25515A9B-A443-419D-8C66-4821B9BB8614}.Release|iPhone.Build.0 = Release|Any CPU
		{25515A9B-A443-419D-8C66-4821B9BB8614}.Release|iPhoneSimulator.ActiveCfg = Release|Any CPU
		{25515A9B-A443-419D-8C66-4821B9BB8614}.Release|iPhoneSimulator.Build.0 = Release|Any CPU
		{25515A9B-A443-419D-8C66-4821B9BB8614}.Release|x64.ActiveCfg = Release|Any CPU
		{25515A9B-A443-419D-8C66-4821B9BB8614}.Release|x64.Build.0 = Release|Any CPU
		{25515A9B-A443-419D-8C66-4821B9BB8614}.Release|x86.ActiveCfg = Release|Any CPU
		{25515A9B-A443-419D-8C66-4821B9BB8614}.Release|x86.Build.0 = Release|Any CPU
		{5B84C2B7-3628-403B-ADF2-B2118AFD76FC}.Ad-Hoc|Any CPU.ActiveCfg = Release|Any CPU
		{5B84C2B7-3628-403B-ADF2-B2118AFD76FC}.Ad-Hoc|Any CPU.Build.0 = Release|Any CPU
		{5B84C2B7-3628-403B-ADF2-B2118AFD76FC}.Ad-Hoc|Any CPU.Deploy.0 = Release|Any CPU
		{5B84C2B7-3628-403B-ADF2-B2118AFD76FC}.Ad-Hoc|ARM.ActiveCfg = Release|Any CPU
		{5B84C2B7-3628-403B-ADF2-B2118AFD76FC}.Ad-Hoc|ARM.Build.0 = Release|Any CPU
		{5B84C2B7-3628-403B-ADF2-B2118AFD76FC}.Ad-Hoc|ARM.Deploy.0 = Release|Any CPU
		{5B84C2B7-3628-403B-ADF2-B2118AFD76FC}.Ad-Hoc|iPhone.ActiveCfg = Release|Any CPU
		{5B84C2B7-3628-403B-ADF2-B2118AFD76FC}.Ad-Hoc|iPhone.Build.0 = Release|Any CPU
		{5B84C2B7-3628-403B-ADF2-B2118AFD76FC}.Ad-Hoc|iPhone.Deploy.0 = Release|Any CPU
		{5B84C2B7-3628-403B-ADF2-B2118AFD76FC}.Ad-Hoc|iPhoneSimulator.ActiveCfg = Release|Any CPU
		{5B84C2B7-3628-403B-ADF2-B2118AFD76FC}.Ad-Hoc|iPhoneSimulator.Build.0 = Release|Any CPU
		{5B84C2B7-3628-403B-ADF2-B2118AFD76FC}.Ad-Hoc|iPhoneSimulator.Deploy.0 = Release|Any CPU
		{5B84C2B7-3628-403B-ADF2-B2118AFD76FC}.Ad-Hoc|x64.ActiveCfg = Release|Any CPU
		{5B84C2B7-3628-403B-ADF2-B2118AFD76FC}.Ad-Hoc|x64.Build.0 = Release|Any CPU
		{5B84C2B7-3628-403B-ADF2-B2118AFD76FC}.Ad-Hoc|x64.Deploy.0 = Release|Any CPU
		{5B84C2B7-3628-403B-ADF2-B2118AFD76FC}.Ad-Hoc|x86.ActiveCfg = Release|Any CPU
		{5B84C2B7-3628-403B-ADF2-B2118AFD76FC}.Ad-Hoc|x86.Build.0 = Release|Any CPU
		{5B84C2B7-3628-403B-ADF2-B2118AFD76FC}.Ad-Hoc|x86.Deploy.0 = Release|Any CPU
		{5B84C2B7-3628-403B-ADF2-B2118AFD76FC}.AppStore|Any CPU.ActiveCfg = Release|Any CPU
		{5B84C2B7-3628-403B-ADF2-B2118AFD76FC}.AppStore|Any CPU.Build.0 = Release|Any CPU
		{5B84C2B7-3628-403B-ADF2-B2118AFD76FC}.AppStore|Any CPU.Deploy.0 = Release|Any CPU
		{5B84C2B7-3628-403B-ADF2-B2118AFD76FC}.AppStore|ARM.ActiveCfg = Release|Any CPU
		{5B84C2B7-3628-403B-ADF2-B2118AFD76FC}.AppStore|ARM.Build.0 = Release|Any CPU
		{5B84C2B7-3628-403B-ADF2-B2118AFD76FC}.AppStore|ARM.Deploy.0 = Release|Any CPU
		{5B84C2B7-3628-403B-ADF2-B2118AFD76FC}.AppStore|iPhone.ActiveCfg = Release|Any CPU
		{5B84C2B7-3628-403B-ADF2-B2118AFD76FC}.AppStore|iPhone.Build.0 = Release|Any CPU
		{5B84C2B7-3628-403B-ADF2-B2118AFD76FC}.AppStore|iPhone.Deploy.0 = Release|Any CPU
		{5B84C2B7-3628-403B-ADF2-B2118AFD76FC}.AppStore|iPhoneSimulator.ActiveCfg = Release|Any CPU
		{5B84C2B7-3628-403B-ADF2-B2118AFD76FC}.AppStore|iPhoneSimulator.Build.0 = Release|Any CPU
		{5B84C2B7-3628-403B-ADF2-B2118AFD76FC}.AppStore|iPhoneSimulator.Deploy.0 = Release|Any CPU
		{5B84C2B7-3628-403B-ADF2-B2118AFD76FC}.AppStore|x64.ActiveCfg = Release|Any CPU
		{5B84C2B7-3628-403B-ADF2-B2118AFD76FC}.AppStore|x64.Build.0 = Release|Any CPU
		{5B84C2B7-3628-403B-ADF2-B2118AFD76FC}.AppStore|x64.Deploy.0 = Release|Any CPU
		{5B84C2B7-3628-403B-ADF2-B2118AFD76FC}.AppStore|x86.ActiveCfg = Release|Any CPU
		{5B84C2B7-3628-403B-ADF2-B2118AFD76FC}.AppStore|x86.Build.0 = Release|Any CPU
		{5B84C2B7-3628-403B-ADF2-B2118AFD76FC}.AppStore|x86.Deploy.0 = Release|Any CPU
		{5B84C2B7-3628-403B-ADF2-B2118AFD76FC}.Debug|Any CPU.ActiveCfg = Debug|Any CPU
		{5B84C2B7-3628-403B-ADF2-B2118AFD76FC}.Debug|Any CPU.Build.0 = Debug|Any CPU
		{5B84C2B7-3628-403B-ADF2-B2118AFD76FC}.Debug|Any CPU.Deploy.0 = Debug|Any CPU
		{5B84C2B7-3628-403B-ADF2-B2118AFD76FC}.Debug|ARM.ActiveCfg = Debug|Any CPU
		{5B84C2B7-3628-403B-ADF2-B2118AFD76FC}.Debug|ARM.Build.0 = Debug|Any CPU
		{5B84C2B7-3628-403B-ADF2-B2118AFD76FC}.Debug|ARM.Deploy.0 = Debug|Any CPU
		{5B84C2B7-3628-403B-ADF2-B2118AFD76FC}.Debug|iPhone.ActiveCfg = Debug|Any CPU
		{5B84C2B7-3628-403B-ADF2-B2118AFD76FC}.Debug|iPhone.Build.0 = Debug|Any CPU
		{5B84C2B7-3628-403B-ADF2-B2118AFD76FC}.Debug|iPhone.Deploy.0 = Debug|Any CPU
		{5B84C2B7-3628-403B-ADF2-B2118AFD76FC}.Debug|iPhoneSimulator.ActiveCfg = Debug|Any CPU
		{5B84C2B7-3628-403B-ADF2-B2118AFD76FC}.Debug|iPhoneSimulator.Build.0 = Debug|Any CPU
		{5B84C2B7-3628-403B-ADF2-B2118AFD76FC}.Debug|iPhoneSimulator.Deploy.0 = Debug|Any CPU
		{5B84C2B7-3628-403B-ADF2-B2118AFD76FC}.Debug|x64.ActiveCfg = Debug|Any CPU
		{5B84C2B7-3628-403B-ADF2-B2118AFD76FC}.Debug|x64.Build.0 = Debug|Any CPU
		{5B84C2B7-3628-403B-ADF2-B2118AFD76FC}.Debug|x64.Deploy.0 = Debug|Any CPU
		{5B84C2B7-3628-403B-ADF2-B2118AFD76FC}.Debug|x86.ActiveCfg = Debug|Any CPU
		{5B84C2B7-3628-403B-ADF2-B2118AFD76FC}.Debug|x86.Build.0 = Debug|Any CPU
		{5B84C2B7-3628-403B-ADF2-B2118AFD76FC}.Debug|x86.Deploy.0 = Debug|Any CPU
		{5B84C2B7-3628-403B-ADF2-B2118AFD76FC}.Release|Any CPU.ActiveCfg = Release|Any CPU
		{5B84C2B7-3628-403B-ADF2-B2118AFD76FC}.Release|Any CPU.Build.0 = Release|Any CPU
		{5B84C2B7-3628-403B-ADF2-B2118AFD76FC}.Release|Any CPU.Deploy.0 = Release|Any CPU
		{5B84C2B7-3628-403B-ADF2-B2118AFD76FC}.Release|ARM.ActiveCfg = Release|Any CPU
		{5B84C2B7-3628-403B-ADF2-B2118AFD76FC}.Release|ARM.Build.0 = Release|Any CPU
		{5B84C2B7-3628-403B-ADF2-B2118AFD76FC}.Release|ARM.Deploy.0 = Release|Any CPU
		{5B84C2B7-3628-403B-ADF2-B2118AFD76FC}.Release|iPhone.ActiveCfg = Release|Any CPU
		{5B84C2B7-3628-403B-ADF2-B2118AFD76FC}.Release|iPhone.Build.0 = Release|Any CPU
		{5B84C2B7-3628-403B-ADF2-B2118AFD76FC}.Release|iPhone.Deploy.0 = Release|Any CPU
		{5B84C2B7-3628-403B-ADF2-B2118AFD76FC}.Release|iPhoneSimulator.ActiveCfg = Release|Any CPU
		{5B84C2B7-3628-403B-ADF2-B2118AFD76FC}.Release|iPhoneSimulator.Build.0 = Release|Any CPU
		{5B84C2B7-3628-403B-ADF2-B2118AFD76FC}.Release|iPhoneSimulator.Deploy.0 = Release|Any CPU
		{5B84C2B7-3628-403B-ADF2-B2118AFD76FC}.Release|x64.ActiveCfg = Release|Any CPU
		{5B84C2B7-3628-403B-ADF2-B2118AFD76FC}.Release|x64.Build.0 = Release|Any CPU
		{5B84C2B7-3628-403B-ADF2-B2118AFD76FC}.Release|x64.Deploy.0 = Release|Any CPU
		{5B84C2B7-3628-403B-ADF2-B2118AFD76FC}.Release|x86.ActiveCfg = Release|Any CPU
		{5B84C2B7-3628-403B-ADF2-B2118AFD76FC}.Release|x86.Build.0 = Release|Any CPU
		{5B84C2B7-3628-403B-ADF2-B2118AFD76FC}.Release|x86.Deploy.0 = Release|Any CPU
		{E24BFA63-FB8C-47CE-B7D8-EC9E4C078EAB}.Ad-Hoc|Any CPU.ActiveCfg = Release|Any CPU
		{E24BFA63-FB8C-47CE-B7D8-EC9E4C078EAB}.Ad-Hoc|Any CPU.Build.0 = Release|Any CPU
		{E24BFA63-FB8C-47CE-B7D8-EC9E4C078EAB}.Ad-Hoc|ARM.ActiveCfg = Release|Any CPU
		{E24BFA63-FB8C-47CE-B7D8-EC9E4C078EAB}.Ad-Hoc|ARM.Build.0 = Release|Any CPU
		{E24BFA63-FB8C-47CE-B7D8-EC9E4C078EAB}.Ad-Hoc|iPhone.ActiveCfg = Release|Any CPU
		{E24BFA63-FB8C-47CE-B7D8-EC9E4C078EAB}.Ad-Hoc|iPhone.Build.0 = Release|Any CPU
		{E24BFA63-FB8C-47CE-B7D8-EC9E4C078EAB}.Ad-Hoc|iPhoneSimulator.ActiveCfg = Release|Any CPU
		{E24BFA63-FB8C-47CE-B7D8-EC9E4C078EAB}.Ad-Hoc|iPhoneSimulator.Build.0 = Release|Any CPU
		{E24BFA63-FB8C-47CE-B7D8-EC9E4C078EAB}.Ad-Hoc|x64.ActiveCfg = Release|Any CPU
		{E24BFA63-FB8C-47CE-B7D8-EC9E4C078EAB}.Ad-Hoc|x64.Build.0 = Release|Any CPU
		{E24BFA63-FB8C-47CE-B7D8-EC9E4C078EAB}.Ad-Hoc|x86.ActiveCfg = Release|Any CPU
		{E24BFA63-FB8C-47CE-B7D8-EC9E4C078EAB}.Ad-Hoc|x86.Build.0 = Release|Any CPU
		{E24BFA63-FB8C-47CE-B7D8-EC9E4C078EAB}.AppStore|Any CPU.ActiveCfg = Release|Any CPU
		{E24BFA63-FB8C-47CE-B7D8-EC9E4C078EAB}.AppStore|Any CPU.Build.0 = Release|Any CPU
		{E24BFA63-FB8C-47CE-B7D8-EC9E4C078EAB}.AppStore|ARM.ActiveCfg = Release|Any CPU
		{E24BFA63-FB8C-47CE-B7D8-EC9E4C078EAB}.AppStore|ARM.Build.0 = Release|Any CPU
		{E24BFA63-FB8C-47CE-B7D8-EC9E4C078EAB}.AppStore|iPhone.ActiveCfg = Release|Any CPU
		{E24BFA63-FB8C-47CE-B7D8-EC9E4C078EAB}.AppStore|iPhone.Build.0 = Release|Any CPU
		{E24BFA63-FB8C-47CE-B7D8-EC9E4C078EAB}.AppStore|iPhoneSimulator.ActiveCfg = Release|Any CPU
		{E24BFA63-FB8C-47CE-B7D8-EC9E4C078EAB}.AppStore|iPhoneSimulator.Build.0 = Release|Any CPU
		{E24BFA63-FB8C-47CE-B7D8-EC9E4C078EAB}.AppStore|x64.ActiveCfg = Release|Any CPU
		{E24BFA63-FB8C-47CE-B7D8-EC9E4C078EAB}.AppStore|x64.Build.0 = Release|Any CPU
		{E24BFA63-FB8C-47CE-B7D8-EC9E4C078EAB}.AppStore|x86.ActiveCfg = Release|Any CPU
		{E24BFA63-FB8C-47CE-B7D8-EC9E4C078EAB}.AppStore|x86.Build.0 = Release|Any CPU
		{E24BFA63-FB8C-47CE-B7D8-EC9E4C078EAB}.Debug|Any CPU.ActiveCfg = Debug|Any CPU
		{E24BFA63-FB8C-47CE-B7D8-EC9E4C078EAB}.Debug|Any CPU.Build.0 = Debug|Any CPU
		{E24BFA63-FB8C-47CE-B7D8-EC9E4C078EAB}.Debug|ARM.ActiveCfg = Debug|Any CPU
		{E24BFA63-FB8C-47CE-B7D8-EC9E4C078EAB}.Debug|ARM.Build.0 = Debug|Any CPU
		{E24BFA63-FB8C-47CE-B7D8-EC9E4C078EAB}.Debug|iPhone.ActiveCfg = Debug|Any CPU
		{E24BFA63-FB8C-47CE-B7D8-EC9E4C078EAB}.Debug|iPhone.Build.0 = Debug|Any CPU
		{E24BFA63-FB8C-47CE-B7D8-EC9E4C078EAB}.Debug|iPhoneSimulator.ActiveCfg = Debug|Any CPU
		{E24BFA63-FB8C-47CE-B7D8-EC9E4C078EAB}.Debug|iPhoneSimulator.Build.0 = Debug|Any CPU
		{E24BFA63-FB8C-47CE-B7D8-EC9E4C078EAB}.Debug|x64.ActiveCfg = Debug|Any CPU
		{E24BFA63-FB8C-47CE-B7D8-EC9E4C078EAB}.Debug|x64.Build.0 = Debug|Any CPU
		{E24BFA63-FB8C-47CE-B7D8-EC9E4C078EAB}.Debug|x86.ActiveCfg = Debug|Any CPU
		{E24BFA63-FB8C-47CE-B7D8-EC9E4C078EAB}.Debug|x86.Build.0 = Debug|Any CPU
		{E24BFA63-FB8C-47CE-B7D8-EC9E4C078EAB}.Release|Any CPU.ActiveCfg = Release|Any CPU
		{E24BFA63-FB8C-47CE-B7D8-EC9E4C078EAB}.Release|Any CPU.Build.0 = Release|Any CPU
		{E24BFA63-FB8C-47CE-B7D8-EC9E4C078EAB}.Release|ARM.ActiveCfg = Release|Any CPU
		{E24BFA63-FB8C-47CE-B7D8-EC9E4C078EAB}.Release|ARM.Build.0 = Release|Any CPU
		{E24BFA63-FB8C-47CE-B7D8-EC9E4C078EAB}.Release|iPhone.ActiveCfg = Release|Any CPU
		{E24BFA63-FB8C-47CE-B7D8-EC9E4C078EAB}.Release|iPhone.Build.0 = Release|Any CPU
		{E24BFA63-FB8C-47CE-B7D8-EC9E4C078EAB}.Release|iPhoneSimulator.ActiveCfg = Release|Any CPU
		{E24BFA63-FB8C-47CE-B7D8-EC9E4C078EAB}.Release|iPhoneSimulator.Build.0 = Release|Any CPU
		{E24BFA63-FB8C-47CE-B7D8-EC9E4C078EAB}.Release|x64.ActiveCfg = Release|Any CPU
		{E24BFA63-FB8C-47CE-B7D8-EC9E4C078EAB}.Release|x64.Build.0 = Release|Any CPU
		{E24BFA63-FB8C-47CE-B7D8-EC9E4C078EAB}.Release|x86.ActiveCfg = Release|Any CPU
		{E24BFA63-FB8C-47CE-B7D8-EC9E4C078EAB}.Release|x86.Build.0 = Release|Any CPU
		{A2C20DAC-5B27-4762-8D24-94BE69F977AD}.Ad-Hoc|Any CPU.ActiveCfg = Release|Any CPU
		{A2C20DAC-5B27-4762-8D24-94BE69F977AD}.Ad-Hoc|Any CPU.Build.0 = Release|Any CPU
		{A2C20DAC-5B27-4762-8D24-94BE69F977AD}.Ad-Hoc|ARM.ActiveCfg = Release|Any CPU
		{A2C20DAC-5B27-4762-8D24-94BE69F977AD}.Ad-Hoc|ARM.Build.0 = Release|Any CPU
		{A2C20DAC-5B27-4762-8D24-94BE69F977AD}.Ad-Hoc|iPhone.ActiveCfg = Release|Any CPU
		{A2C20DAC-5B27-4762-8D24-94BE69F977AD}.Ad-Hoc|iPhone.Build.0 = Release|Any CPU
		{A2C20DAC-5B27-4762-8D24-94BE69F977AD}.Ad-Hoc|iPhoneSimulator.ActiveCfg = Release|Any CPU
		{A2C20DAC-5B27-4762-8D24-94BE69F977AD}.Ad-Hoc|iPhoneSimulator.Build.0 = Release|Any CPU
		{A2C20DAC-5B27-4762-8D24-94BE69F977AD}.Ad-Hoc|x64.ActiveCfg = Release|Any CPU
		{A2C20DAC-5B27-4762-8D24-94BE69F977AD}.Ad-Hoc|x64.Build.0 = Release|Any CPU
		{A2C20DAC-5B27-4762-8D24-94BE69F977AD}.Ad-Hoc|x86.ActiveCfg = Release|Any CPU
		{A2C20DAC-5B27-4762-8D24-94BE69F977AD}.Ad-Hoc|x86.Build.0 = Release|Any CPU
		{A2C20DAC-5B27-4762-8D24-94BE69F977AD}.AppStore|Any CPU.ActiveCfg = Release|Any CPU
		{A2C20DAC-5B27-4762-8D24-94BE69F977AD}.AppStore|Any CPU.Build.0 = Release|Any CPU
		{A2C20DAC-5B27-4762-8D24-94BE69F977AD}.AppStore|ARM.ActiveCfg = Release|Any CPU
		{A2C20DAC-5B27-4762-8D24-94BE69F977AD}.AppStore|ARM.Build.0 = Release|Any CPU
		{A2C20DAC-5B27-4762-8D24-94BE69F977AD}.AppStore|iPhone.ActiveCfg = Release|Any CPU
		{A2C20DAC-5B27-4762-8D24-94BE69F977AD}.AppStore|iPhone.Build.0 = Release|Any CPU
		{A2C20DAC-5B27-4762-8D24-94BE69F977AD}.AppStore|iPhoneSimulator.ActiveCfg = Release|Any CPU
		{A2C20DAC-5B27-4762-8D24-94BE69F977AD}.AppStore|iPhoneSimulator.Build.0 = Release|Any CPU
		{A2C20DAC-5B27-4762-8D24-94BE69F977AD}.AppStore|x64.ActiveCfg = Release|Any CPU
		{A2C20DAC-5B27-4762-8D24-94BE69F977AD}.AppStore|x64.Build.0 = Release|Any CPU
		{A2C20DAC-5B27-4762-8D24-94BE69F977AD}.AppStore|x86.ActiveCfg = Release|Any CPU
		{A2C20DAC-5B27-4762-8D24-94BE69F977AD}.AppStore|x86.Build.0 = Release|Any CPU
		{A2C20DAC-5B27-4762-8D24-94BE69F977AD}.Debug|Any CPU.ActiveCfg = Debug|Any CPU
		{A2C20DAC-5B27-4762-8D24-94BE69F977AD}.Debug|Any CPU.Build.0 = Debug|Any CPU
		{A2C20DAC-5B27-4762-8D24-94BE69F977AD}.Debug|ARM.ActiveCfg = Debug|Any CPU
		{A2C20DAC-5B27-4762-8D24-94BE69F977AD}.Debug|ARM.Build.0 = Debug|Any CPU
		{A2C20DAC-5B27-4762-8D24-94BE69F977AD}.Debug|iPhone.ActiveCfg = Debug|Any CPU
		{A2C20DAC-5B27-4762-8D24-94BE69F977AD}.Debug|iPhone.Build.0 = Debug|Any CPU
		{A2C20DAC-5B27-4762-8D24-94BE69F977AD}.Debug|iPhoneSimulator.ActiveCfg = Debug|Any CPU
		{A2C20DAC-5B27-4762-8D24-94BE69F977AD}.Debug|iPhoneSimulator.Build.0 = Debug|Any CPU
		{A2C20DAC-5B27-4762-8D24-94BE69F977AD}.Debug|x64.ActiveCfg = Debug|Any CPU
		{A2C20DAC-5B27-4762-8D24-94BE69F977AD}.Debug|x64.Build.0 = Debug|Any CPU
		{A2C20DAC-5B27-4762-8D24-94BE69F977AD}.Debug|x86.ActiveCfg = Debug|Any CPU
		{A2C20DAC-5B27-4762-8D24-94BE69F977AD}.Debug|x86.Build.0 = Debug|Any CPU
		{A2C20DAC-5B27-4762-8D24-94BE69F977AD}.Release|Any CPU.ActiveCfg = Release|Any CPU
		{A2C20DAC-5B27-4762-8D24-94BE69F977AD}.Release|Any CPU.Build.0 = Release|Any CPU
		{A2C20DAC-5B27-4762-8D24-94BE69F977AD}.Release|ARM.ActiveCfg = Release|Any CPU
		{A2C20DAC-5B27-4762-8D24-94BE69F977AD}.Release|ARM.Build.0 = Release|Any CPU
		{A2C20DAC-5B27-4762-8D24-94BE69F977AD}.Release|iPhone.ActiveCfg = Release|Any CPU
		{A2C20DAC-5B27-4762-8D24-94BE69F977AD}.Release|iPhone.Build.0 = Release|Any CPU
		{A2C20DAC-5B27-4762-8D24-94BE69F977AD}.Release|iPhoneSimulator.ActiveCfg = Release|Any CPU
		{A2C20DAC-5B27-4762-8D24-94BE69F977AD}.Release|iPhoneSimulator.Build.0 = Release|Any CPU
		{A2C20DAC-5B27-4762-8D24-94BE69F977AD}.Release|x64.ActiveCfg = Release|Any CPU
		{A2C20DAC-5B27-4762-8D24-94BE69F977AD}.Release|x64.Build.0 = Release|Any CPU
		{A2C20DAC-5B27-4762-8D24-94BE69F977AD}.Release|x86.ActiveCfg = Release|Any CPU
		{A2C20DAC-5B27-4762-8D24-94BE69F977AD}.Release|x86.Build.0 = Release|Any CPU
		{DE20F945-4DDB-41D6-9993-191DCCD41B3E}.Ad-Hoc|Any CPU.ActiveCfg = Release|Any CPU
		{DE20F945-4DDB-41D6-9993-191DCCD41B3E}.Ad-Hoc|Any CPU.Build.0 = Release|Any CPU
		{DE20F945-4DDB-41D6-9993-191DCCD41B3E}.Ad-Hoc|ARM.ActiveCfg = Release|Any CPU
		{DE20F945-4DDB-41D6-9993-191DCCD41B3E}.Ad-Hoc|ARM.Build.0 = Release|Any CPU
		{DE20F945-4DDB-41D6-9993-191DCCD41B3E}.Ad-Hoc|iPhone.ActiveCfg = Release|Any CPU
		{DE20F945-4DDB-41D6-9993-191DCCD41B3E}.Ad-Hoc|iPhone.Build.0 = Release|Any CPU
		{DE20F945-4DDB-41D6-9993-191DCCD41B3E}.Ad-Hoc|iPhoneSimulator.ActiveCfg = Release|Any CPU
		{DE20F945-4DDB-41D6-9993-191DCCD41B3E}.Ad-Hoc|iPhoneSimulator.Build.0 = Release|Any CPU
		{DE20F945-4DDB-41D6-9993-191DCCD41B3E}.Ad-Hoc|x64.ActiveCfg = Release|Any CPU
		{DE20F945-4DDB-41D6-9993-191DCCD41B3E}.Ad-Hoc|x64.Build.0 = Release|Any CPU
		{DE20F945-4DDB-41D6-9993-191DCCD41B3E}.Ad-Hoc|x86.ActiveCfg = Release|Any CPU
		{DE20F945-4DDB-41D6-9993-191DCCD41B3E}.Ad-Hoc|x86.Build.0 = Release|Any CPU
		{DE20F945-4DDB-41D6-9993-191DCCD41B3E}.AppStore|Any CPU.ActiveCfg = Release|Any CPU
		{DE20F945-4DDB-41D6-9993-191DCCD41B3E}.AppStore|Any CPU.Build.0 = Release|Any CPU
		{DE20F945-4DDB-41D6-9993-191DCCD41B3E}.AppStore|ARM.ActiveCfg = Release|Any CPU
		{DE20F945-4DDB-41D6-9993-191DCCD41B3E}.AppStore|ARM.Build.0 = Release|Any CPU
		{DE20F945-4DDB-41D6-9993-191DCCD41B3E}.AppStore|iPhone.ActiveCfg = Release|Any CPU
		{DE20F945-4DDB-41D6-9993-191DCCD41B3E}.AppStore|iPhone.Build.0 = Release|Any CPU
		{DE20F945-4DDB-41D6-9993-191DCCD41B3E}.AppStore|iPhoneSimulator.ActiveCfg = Release|Any CPU
		{DE20F945-4DDB-41D6-9993-191DCCD41B3E}.AppStore|iPhoneSimulator.Build.0 = Release|Any CPU
		{DE20F945-4DDB-41D6-9993-191DCCD41B3E}.AppStore|x64.ActiveCfg = Release|Any CPU
		{DE20F945-4DDB-41D6-9993-191DCCD41B3E}.AppStore|x64.Build.0 = Release|Any CPU
		{DE20F945-4DDB-41D6-9993-191DCCD41B3E}.AppStore|x86.ActiveCfg = Release|Any CPU
		{DE20F945-4DDB-41D6-9993-191DCCD41B3E}.AppStore|x86.Build.0 = Release|Any CPU
		{DE20F945-4DDB-41D6-9993-191DCCD41B3E}.Debug|Any CPU.ActiveCfg = Debug|Any CPU
		{DE20F945-4DDB-41D6-9993-191DCCD41B3E}.Debug|Any CPU.Build.0 = Debug|Any CPU
		{DE20F945-4DDB-41D6-9993-191DCCD41B3E}.Debug|ARM.ActiveCfg = Debug|Any CPU
		{DE20F945-4DDB-41D6-9993-191DCCD41B3E}.Debug|ARM.Build.0 = Debug|Any CPU
		{DE20F945-4DDB-41D6-9993-191DCCD41B3E}.Debug|iPhone.ActiveCfg = Debug|Any CPU
		{DE20F945-4DDB-41D6-9993-191DCCD41B3E}.Debug|iPhone.Build.0 = Debug|Any CPU
		{DE20F945-4DDB-41D6-9993-191DCCD41B3E}.Debug|iPhoneSimulator.ActiveCfg = Debug|Any CPU
		{DE20F945-4DDB-41D6-9993-191DCCD41B3E}.Debug|iPhoneSimulator.Build.0 = Debug|Any CPU
		{DE20F945-4DDB-41D6-9993-191DCCD41B3E}.Debug|x64.ActiveCfg = Debug|Any CPU
		{DE20F945-4DDB-41D6-9993-191DCCD41B3E}.Debug|x64.Build.0 = Debug|Any CPU
		{DE20F945-4DDB-41D6-9993-191DCCD41B3E}.Debug|x86.ActiveCfg = Debug|Any CPU
		{DE20F945-4DDB-41D6-9993-191DCCD41B3E}.Debug|x86.Build.0 = Debug|Any CPU
		{DE20F945-4DDB-41D6-9993-191DCCD41B3E}.Release|Any CPU.ActiveCfg = Release|Any CPU
		{DE20F945-4DDB-41D6-9993-191DCCD41B3E}.Release|Any CPU.Build.0 = Release|Any CPU
		{DE20F945-4DDB-41D6-9993-191DCCD41B3E}.Release|ARM.ActiveCfg = Release|Any CPU
		{DE20F945-4DDB-41D6-9993-191DCCD41B3E}.Release|ARM.Build.0 = Release|Any CPU
		{DE20F945-4DDB-41D6-9993-191DCCD41B3E}.Release|iPhone.ActiveCfg = Release|Any CPU
		{DE20F945-4DDB-41D6-9993-191DCCD41B3E}.Release|iPhone.Build.0 = Release|Any CPU
		{DE20F945-4DDB-41D6-9993-191DCCD41B3E}.Release|iPhoneSimulator.ActiveCfg = Release|Any CPU
		{DE20F945-4DDB-41D6-9993-191DCCD41B3E}.Release|iPhoneSimulator.Build.0 = Release|Any CPU
		{DE20F945-4DDB-41D6-9993-191DCCD41B3E}.Release|x64.ActiveCfg = Release|Any CPU
		{DE20F945-4DDB-41D6-9993-191DCCD41B3E}.Release|x64.Build.0 = Release|Any CPU
		{DE20F945-4DDB-41D6-9993-191DCCD41B3E}.Release|x86.ActiveCfg = Release|Any CPU
		{DE20F945-4DDB-41D6-9993-191DCCD41B3E}.Release|x86.Build.0 = Release|Any CPU
		{F01BD2C4-A49C-4C07-B9CF-034DA0AA2710}.Ad-Hoc|Any CPU.ActiveCfg = Release|Any CPU
		{F01BD2C4-A49C-4C07-B9CF-034DA0AA2710}.Ad-Hoc|Any CPU.Build.0 = Release|Any CPU
		{F01BD2C4-A49C-4C07-B9CF-034DA0AA2710}.Ad-Hoc|ARM.ActiveCfg = Release|ARM
		{F01BD2C4-A49C-4C07-B9CF-034DA0AA2710}.Ad-Hoc|ARM.Build.0 = Release|ARM
		{F01BD2C4-A49C-4C07-B9CF-034DA0AA2710}.Ad-Hoc|iPhone.ActiveCfg = Release|Any CPU
		{F01BD2C4-A49C-4C07-B9CF-034DA0AA2710}.Ad-Hoc|iPhone.Build.0 = Release|Any CPU
		{F01BD2C4-A49C-4C07-B9CF-034DA0AA2710}.Ad-Hoc|iPhoneSimulator.ActiveCfg = Release|Any CPU
		{F01BD2C4-A49C-4C07-B9CF-034DA0AA2710}.Ad-Hoc|iPhoneSimulator.Build.0 = Release|Any CPU
		{F01BD2C4-A49C-4C07-B9CF-034DA0AA2710}.Ad-Hoc|x64.ActiveCfg = Release|x64
		{F01BD2C4-A49C-4C07-B9CF-034DA0AA2710}.Ad-Hoc|x64.Build.0 = Release|x64
		{F01BD2C4-A49C-4C07-B9CF-034DA0AA2710}.Ad-Hoc|x86.ActiveCfg = Release|x86
		{F01BD2C4-A49C-4C07-B9CF-034DA0AA2710}.Ad-Hoc|x86.Build.0 = Release|x86
		{F01BD2C4-A49C-4C07-B9CF-034DA0AA2710}.AppStore|Any CPU.ActiveCfg = Release|Any CPU
		{F01BD2C4-A49C-4C07-B9CF-034DA0AA2710}.AppStore|Any CPU.Build.0 = Release|Any CPU
		{F01BD2C4-A49C-4C07-B9CF-034DA0AA2710}.AppStore|ARM.ActiveCfg = Release|ARM
		{F01BD2C4-A49C-4C07-B9CF-034DA0AA2710}.AppStore|ARM.Build.0 = Release|ARM
		{F01BD2C4-A49C-4C07-B9CF-034DA0AA2710}.AppStore|iPhone.ActiveCfg = Release|Any CPU
		{F01BD2C4-A49C-4C07-B9CF-034DA0AA2710}.AppStore|iPhone.Build.0 = Release|Any CPU
		{F01BD2C4-A49C-4C07-B9CF-034DA0AA2710}.AppStore|iPhoneSimulator.ActiveCfg = Release|Any CPU
		{F01BD2C4-A49C-4C07-B9CF-034DA0AA2710}.AppStore|iPhoneSimulator.Build.0 = Release|Any CPU
		{F01BD2C4-A49C-4C07-B9CF-034DA0AA2710}.AppStore|x64.ActiveCfg = Release|x64
		{F01BD2C4-A49C-4C07-B9CF-034DA0AA2710}.AppStore|x64.Build.0 = Release|x64
		{F01BD2C4-A49C-4C07-B9CF-034DA0AA2710}.AppStore|x86.ActiveCfg = Release|x86
		{F01BD2C4-A49C-4C07-B9CF-034DA0AA2710}.AppStore|x86.Build.0 = Release|x86
		{F01BD2C4-A49C-4C07-B9CF-034DA0AA2710}.Debug|Any CPU.ActiveCfg = Debug|Any CPU
		{F01BD2C4-A49C-4C07-B9CF-034DA0AA2710}.Debug|Any CPU.Build.0 = Debug|Any CPU
		{F01BD2C4-A49C-4C07-B9CF-034DA0AA2710}.Debug|ARM.ActiveCfg = Debug|ARM
		{F01BD2C4-A49C-4C07-B9CF-034DA0AA2710}.Debug|ARM.Build.0 = Debug|ARM
		{F01BD2C4-A49C-4C07-B9CF-034DA0AA2710}.Debug|iPhone.ActiveCfg = Debug|Any CPU
		{F01BD2C4-A49C-4C07-B9CF-034DA0AA2710}.Debug|iPhone.Build.0 = Debug|Any CPU
		{F01BD2C4-A49C-4C07-B9CF-034DA0AA2710}.Debug|iPhoneSimulator.ActiveCfg = Debug|Any CPU
		{F01BD2C4-A49C-4C07-B9CF-034DA0AA2710}.Debug|iPhoneSimulator.Build.0 = Debug|Any CPU
		{F01BD2C4-A49C-4C07-B9CF-034DA0AA2710}.Debug|x64.ActiveCfg = Debug|x64
		{F01BD2C4-A49C-4C07-B9CF-034DA0AA2710}.Debug|x64.Build.0 = Debug|x64
		{F01BD2C4-A49C-4C07-B9CF-034DA0AA2710}.Debug|x86.ActiveCfg = Debug|x86
		{F01BD2C4-A49C-4C07-B9CF-034DA0AA2710}.Debug|x86.Build.0 = Debug|x86
		{F01BD2C4-A49C-4C07-B9CF-034DA0AA2710}.Release|Any CPU.ActiveCfg = Release|Any CPU
		{F01BD2C4-A49C-4C07-B9CF-034DA0AA2710}.Release|Any CPU.Build.0 = Release|Any CPU
		{F01BD2C4-A49C-4C07-B9CF-034DA0AA2710}.Release|ARM.ActiveCfg = Release|ARM
		{F01BD2C4-A49C-4C07-B9CF-034DA0AA2710}.Release|ARM.Build.0 = Release|ARM
		{F01BD2C4-A49C-4C07-B9CF-034DA0AA2710}.Release|iPhone.ActiveCfg = Release|Any CPU
		{F01BD2C4-A49C-4C07-B9CF-034DA0AA2710}.Release|iPhone.Build.0 = Release|Any CPU
		{F01BD2C4-A49C-4C07-B9CF-034DA0AA2710}.Release|iPhoneSimulator.ActiveCfg = Release|Any CPU
		{F01BD2C4-A49C-4C07-B9CF-034DA0AA2710}.Release|iPhoneSimulator.Build.0 = Release|Any CPU
		{F01BD2C4-A49C-4C07-B9CF-034DA0AA2710}.Release|x64.ActiveCfg = Release|x64
		{F01BD2C4-A49C-4C07-B9CF-034DA0AA2710}.Release|x64.Build.0 = Release|x64
		{F01BD2C4-A49C-4C07-B9CF-034DA0AA2710}.Release|x86.ActiveCfg = Release|x86
		{F01BD2C4-A49C-4C07-B9CF-034DA0AA2710}.Release|x86.Build.0 = Release|x86
		{95A88D56-DFBB-454F-89B1-B421657DBD03}.Ad-Hoc|Any CPU.ActiveCfg = Release|x86
		{95A88D56-DFBB-454F-89B1-B421657DBD03}.Ad-Hoc|Any CPU.Build.0 = Release|x86
		{95A88D56-DFBB-454F-89B1-B421657DBD03}.Ad-Hoc|Any CPU.Deploy.0 = Release|x86
		{95A88D56-DFBB-454F-89B1-B421657DBD03}.Ad-Hoc|ARM.ActiveCfg = Release|ARM
		{95A88D56-DFBB-454F-89B1-B421657DBD03}.Ad-Hoc|ARM.Build.0 = Release|ARM
		{95A88D56-DFBB-454F-89B1-B421657DBD03}.Ad-Hoc|ARM.Deploy.0 = Release|ARM
		{95A88D56-DFBB-454F-89B1-B421657DBD03}.Ad-Hoc|iPhone.ActiveCfg = Release|x86
		{95A88D56-DFBB-454F-89B1-B421657DBD03}.Ad-Hoc|iPhone.Build.0 = Release|x86
		{95A88D56-DFBB-454F-89B1-B421657DBD03}.Ad-Hoc|iPhone.Deploy.0 = Release|x86
		{95A88D56-DFBB-454F-89B1-B421657DBD03}.Ad-Hoc|iPhoneSimulator.ActiveCfg = Release|x86
		{95A88D56-DFBB-454F-89B1-B421657DBD03}.Ad-Hoc|iPhoneSimulator.Build.0 = Release|x86
		{95A88D56-DFBB-454F-89B1-B421657DBD03}.Ad-Hoc|iPhoneSimulator.Deploy.0 = Release|x86
		{95A88D56-DFBB-454F-89B1-B421657DBD03}.Ad-Hoc|x64.ActiveCfg = Release|x64
		{95A88D56-DFBB-454F-89B1-B421657DBD03}.Ad-Hoc|x64.Build.0 = Release|x64
		{95A88D56-DFBB-454F-89B1-B421657DBD03}.Ad-Hoc|x64.Deploy.0 = Release|x64
		{95A88D56-DFBB-454F-89B1-B421657DBD03}.Ad-Hoc|x86.ActiveCfg = Release|x86
		{95A88D56-DFBB-454F-89B1-B421657DBD03}.Ad-Hoc|x86.Build.0 = Release|x86
		{95A88D56-DFBB-454F-89B1-B421657DBD03}.Ad-Hoc|x86.Deploy.0 = Release|x86
		{95A88D56-DFBB-454F-89B1-B421657DBD03}.AppStore|Any CPU.ActiveCfg = Release|x86
		{95A88D56-DFBB-454F-89B1-B421657DBD03}.AppStore|Any CPU.Build.0 = Release|x86
		{95A88D56-DFBB-454F-89B1-B421657DBD03}.AppStore|Any CPU.Deploy.0 = Release|x86
		{95A88D56-DFBB-454F-89B1-B421657DBD03}.AppStore|ARM.ActiveCfg = Release|ARM
		{95A88D56-DFBB-454F-89B1-B421657DBD03}.AppStore|ARM.Build.0 = Release|ARM
		{95A88D56-DFBB-454F-89B1-B421657DBD03}.AppStore|ARM.Deploy.0 = Release|ARM
		{95A88D56-DFBB-454F-89B1-B421657DBD03}.AppStore|iPhone.ActiveCfg = Release|x86
		{95A88D56-DFBB-454F-89B1-B421657DBD03}.AppStore|iPhone.Build.0 = Release|x86
		{95A88D56-DFBB-454F-89B1-B421657DBD03}.AppStore|iPhone.Deploy.0 = Release|x86
		{95A88D56-DFBB-454F-89B1-B421657DBD03}.AppStore|iPhoneSimulator.ActiveCfg = Release|x86
		{95A88D56-DFBB-454F-89B1-B421657DBD03}.AppStore|iPhoneSimulator.Build.0 = Release|x86
		{95A88D56-DFBB-454F-89B1-B421657DBD03}.AppStore|iPhoneSimulator.Deploy.0 = Release|x86
		{95A88D56-DFBB-454F-89B1-B421657DBD03}.AppStore|x64.ActiveCfg = Release|x64
		{95A88D56-DFBB-454F-89B1-B421657DBD03}.AppStore|x64.Build.0 = Release|x64
		{95A88D56-DFBB-454F-89B1-B421657DBD03}.AppStore|x64.Deploy.0 = Release|x64
		{95A88D56-DFBB-454F-89B1-B421657DBD03}.AppStore|x86.ActiveCfg = Release|x86
		{95A88D56-DFBB-454F-89B1-B421657DBD03}.AppStore|x86.Build.0 = Release|x86
		{95A88D56-DFBB-454F-89B1-B421657DBD03}.AppStore|x86.Deploy.0 = Release|x86
		{95A88D56-DFBB-454F-89B1-B421657DBD03}.Debug|Any CPU.ActiveCfg = Debug|x86
		{95A88D56-DFBB-454F-89B1-B421657DBD03}.Debug|ARM.ActiveCfg = Debug|ARM
		{95A88D56-DFBB-454F-89B1-B421657DBD03}.Debug|ARM.Build.0 = Debug|ARM
		{95A88D56-DFBB-454F-89B1-B421657DBD03}.Debug|ARM.Deploy.0 = Debug|ARM
		{95A88D56-DFBB-454F-89B1-B421657DBD03}.Debug|iPhone.ActiveCfg = Debug|x86
		{95A88D56-DFBB-454F-89B1-B421657DBD03}.Debug|iPhoneSimulator.ActiveCfg = Debug|x86
		{95A88D56-DFBB-454F-89B1-B421657DBD03}.Debug|x64.ActiveCfg = Debug|x64
		{95A88D56-DFBB-454F-89B1-B421657DBD03}.Debug|x64.Build.0 = Debug|x64
		{95A88D56-DFBB-454F-89B1-B421657DBD03}.Debug|x64.Deploy.0 = Debug|x64
		{95A88D56-DFBB-454F-89B1-B421657DBD03}.Debug|x86.ActiveCfg = Debug|x86
		{95A88D56-DFBB-454F-89B1-B421657DBD03}.Debug|x86.Build.0 = Debug|x86
		{95A88D56-DFBB-454F-89B1-B421657DBD03}.Debug|x86.Deploy.0 = Debug|x86
		{95A88D56-DFBB-454F-89B1-B421657DBD03}.Release|Any CPU.ActiveCfg = Release|x86
		{95A88D56-DFBB-454F-89B1-B421657DBD03}.Release|ARM.ActiveCfg = Release|ARM
		{95A88D56-DFBB-454F-89B1-B421657DBD03}.Release|ARM.Build.0 = Release|ARM
		{95A88D56-DFBB-454F-89B1-B421657DBD03}.Release|ARM.Deploy.0 = Release|ARM
		{95A88D56-DFBB-454F-89B1-B421657DBD03}.Release|iPhone.ActiveCfg = Release|x86
		{95A88D56-DFBB-454F-89B1-B421657DBD03}.Release|iPhoneSimulator.ActiveCfg = Release|x86
		{95A88D56-DFBB-454F-89B1-B421657DBD03}.Release|x64.ActiveCfg = Release|x64
		{95A88D56-DFBB-454F-89B1-B421657DBD03}.Release|x64.Build.0 = Release|x64
		{95A88D56-DFBB-454F-89B1-B421657DBD03}.Release|x64.Deploy.0 = Release|x64
		{95A88D56-DFBB-454F-89B1-B421657DBD03}.Release|x86.ActiveCfg = Release|x86
		{95A88D56-DFBB-454F-89B1-B421657DBD03}.Release|x86.Build.0 = Release|x86
		{95A88D56-DFBB-454F-89B1-B421657DBD03}.Release|x86.Deploy.0 = Release|x86
		{4EA0627F-37BC-4DA7-9513-1B8941EB308E}.Ad-Hoc|Any CPU.ActiveCfg = Ad-Hoc|iPhone
		{4EA0627F-37BC-4DA7-9513-1B8941EB308E}.Ad-Hoc|ARM.ActiveCfg = Ad-Hoc|iPhone
		{4EA0627F-37BC-4DA7-9513-1B8941EB308E}.Ad-Hoc|iPhone.ActiveCfg = Ad-Hoc|iPhone
		{4EA0627F-37BC-4DA7-9513-1B8941EB308E}.Ad-Hoc|iPhone.Build.0 = Ad-Hoc|iPhone
		{4EA0627F-37BC-4DA7-9513-1B8941EB308E}.Ad-Hoc|iPhoneSimulator.ActiveCfg = Ad-Hoc|iPhoneSimulator
		{4EA0627F-37BC-4DA7-9513-1B8941EB308E}.Ad-Hoc|iPhoneSimulator.Build.0 = Ad-Hoc|iPhoneSimulator
		{4EA0627F-37BC-4DA7-9513-1B8941EB308E}.Ad-Hoc|x64.ActiveCfg = Ad-Hoc|iPhone
		{4EA0627F-37BC-4DA7-9513-1B8941EB308E}.Ad-Hoc|x86.ActiveCfg = Ad-Hoc|iPhone
		{4EA0627F-37BC-4DA7-9513-1B8941EB308E}.AppStore|Any CPU.ActiveCfg = AppStore|iPhone
		{4EA0627F-37BC-4DA7-9513-1B8941EB308E}.AppStore|ARM.ActiveCfg = AppStore|iPhone
		{4EA0627F-37BC-4DA7-9513-1B8941EB308E}.AppStore|iPhone.ActiveCfg = AppStore|iPhone
		{4EA0627F-37BC-4DA7-9513-1B8941EB308E}.AppStore|iPhone.Build.0 = AppStore|iPhone
		{4EA0627F-37BC-4DA7-9513-1B8941EB308E}.AppStore|iPhoneSimulator.ActiveCfg = AppStore|iPhoneSimulator
		{4EA0627F-37BC-4DA7-9513-1B8941EB308E}.AppStore|iPhoneSimulator.Build.0 = AppStore|iPhoneSimulator
		{4EA0627F-37BC-4DA7-9513-1B8941EB308E}.AppStore|x64.ActiveCfg = AppStore|iPhone
		{4EA0627F-37BC-4DA7-9513-1B8941EB308E}.AppStore|x86.ActiveCfg = AppStore|iPhone
		{4EA0627F-37BC-4DA7-9513-1B8941EB308E}.Debug|Any CPU.ActiveCfg = Debug|iPhone
		{4EA0627F-37BC-4DA7-9513-1B8941EB308E}.Debug|ARM.ActiveCfg = Debug|iPhone
		{4EA0627F-37BC-4DA7-9513-1B8941EB308E}.Debug|iPhone.ActiveCfg = Debug|iPhone
		{4EA0627F-37BC-4DA7-9513-1B8941EB308E}.Debug|iPhone.Build.0 = Debug|iPhone
		{4EA0627F-37BC-4DA7-9513-1B8941EB308E}.Debug|iPhoneSimulator.ActiveCfg = Debug|iPhoneSimulator
		{4EA0627F-37BC-4DA7-9513-1B8941EB308E}.Debug|iPhoneSimulator.Build.0 = Debug|iPhoneSimulator
		{4EA0627F-37BC-4DA7-9513-1B8941EB308E}.Debug|x64.ActiveCfg = Debug|iPhone
		{4EA0627F-37BC-4DA7-9513-1B8941EB308E}.Debug|x86.ActiveCfg = Debug|iPhone
		{4EA0627F-37BC-4DA7-9513-1B8941EB308E}.Release|Any CPU.ActiveCfg = Release|iPhone
		{4EA0627F-37BC-4DA7-9513-1B8941EB308E}.Release|ARM.ActiveCfg = Release|iPhone
		{4EA0627F-37BC-4DA7-9513-1B8941EB308E}.Release|iPhone.ActiveCfg = Release|iPhone
		{4EA0627F-37BC-4DA7-9513-1B8941EB308E}.Release|iPhone.Build.0 = Release|iPhone
		{4EA0627F-37BC-4DA7-9513-1B8941EB308E}.Release|iPhoneSimulator.ActiveCfg = Release|iPhoneSimulator
		{4EA0627F-37BC-4DA7-9513-1B8941EB308E}.Release|iPhoneSimulator.Build.0 = Release|iPhoneSimulator
		{4EA0627F-37BC-4DA7-9513-1B8941EB308E}.Release|x64.ActiveCfg = Release|iPhone
		{4EA0627F-37BC-4DA7-9513-1B8941EB308E}.Release|x86.ActiveCfg = Release|iPhone
	EndGlobalSection
	GlobalSection(SolutionProperties) = preSolution
		HideSolutionNode = FALSE
	EndGlobalSection
	GlobalSection(NestedProjects) = preSolution
		{BB9BC8ED-E678-4A65-B21F-2E1DE26DD571} = {29F132A0-6B96-4346-9C68-996B9B0AE78F}
		{67280244-AEA9-423F-A11E-08185F187F27} = {BB9BC8ED-E678-4A65-B21F-2E1DE26DD571}
		{B6101F13-BD08-46BF-AA89-9F08265BA87C} = {7CE146EC-5BAB-40DB-A5FA-FFF973F754EB}
		{7CE146EC-5BAB-40DB-A5FA-FFF973F754EB} = {5EC557B1-8282-4330-AEC6-9EC591EC2949}
		{1D085917-2042-4217-9194-4630D6020DB6} = {5EC557B1-8282-4330-AEC6-9EC591EC2949}
		{0D00570D-559E-4FA1-8905-D576FBEC30AC} = {EF0FE785-AD76-4C69-A7A2-937B685E825D}
		{5E006AB1-4A43-41F8-AD5C-160B4566F86E} = {5EC557B1-8282-4330-AEC6-9EC591EC2949}
		{8F5FDF5A-3DAE-45CB-A647-E983DCCBC2D5} = {EF0FE785-AD76-4C69-A7A2-937B685E825D}
		{25515A9B-A443-419D-8C66-4821B9BB8614} = {8F5FDF5A-3DAE-45CB-A647-E983DCCBC2D5}
		{5B84C2B7-3628-403B-ADF2-B2118AFD76FC} = {8F5FDF5A-3DAE-45CB-A647-E983DCCBC2D5}
		{A4578374-F7BB-4961-AD9B-37161FA077AA} = {05063999-1CDA-49CE-A2A1-E3CF22165F59}
		{E24BFA63-FB8C-47CE-B7D8-EC9E4C078EAB} = {A4578374-F7BB-4961-AD9B-37161FA077AA}
		{5EC557B1-8282-4330-AEC6-9EC591EC2949} = {05063999-1CDA-49CE-A2A1-E3CF22165F59}
		{A2C20DAC-5B27-4762-8D24-94BE69F977AD} = {5E006AB1-4A43-41F8-AD5C-160B4566F86E}
		{29F132A0-6B96-4346-9C68-996B9B0AE78F} = {D9C280EE-1970-4388-AE3D-4B7B5D0B009C}
		{EF0FE785-AD76-4C69-A7A2-937B685E825D} = {D9C280EE-1970-4388-AE3D-4B7B5D0B009C}
		{DE20F945-4DDB-41D6-9993-191DCCD41B3E} = {EF0FE785-AD76-4C69-A7A2-937B685E825D}
		{F01BD2C4-A49C-4C07-B9CF-034DA0AA2710} = {1D085917-2042-4217-9194-4630D6020DB6}
		{95A88D56-DFBB-454F-89B1-B421657DBD03} = {0D00570D-559E-4FA1-8905-D576FBEC30AC}
		{4EA0627F-37BC-4DA7-9513-1B8941EB308E} = {8F5FDF5A-3DAE-45CB-A647-E983DCCBC2D5}
	EndGlobalSection
	GlobalSection(ExtensibilityGlobals) = postSolution
		SolutionGuid = {9DC02A1E-A28F-4CDA-AECB-22A6FFC7A1B7}
	EndGlobalSection
EndGlobal
