
Microsoft Visual Studio Solution File, Format Version 12.00
# Visual Studio Version 16
VisualStudioVersion = 16.0.29306.81
MinimumVisualStudioVersion = 10.0.40219.1
Project("{2150E333-8FDC-42A3-9474-1A3956D46DE8}") = "samples", "samples", "{D9C280EE-1970-4388-AE3D-4B7B5D0B009C}"
EndProject
Project("{2150E333-8FDC-42A3-9474-1A3956D46DE8}") = "doc", "doc", "{14D285BB-F94F-4069-AC2A-84E110E9F5B5}"
	ProjectSection(SolutionItems) = preProject
		doc\navegar_uwp.md = doc\navegar_uwp.md
		doc\navegar_wpf.md = doc\navegar_wpf.md
	EndProjectSection
EndProject
Project("{2150E333-8FDC-42A3-9474-1A3956D46DE8}") = "navegar", "navegar", "{05063999-1CDA-49CE-A2A1-E3CF22165F59}"
EndProject
Project("{FAE04EC0-301F-11D3-BF4B-00C04F79EFBC}") = "Navegar.WPF.Exemple.CRM", "samples\Navegar.WPF.Exemple.CRM\Navegar.WPF.Exemple.CRM.csproj", "{67280244-AEA9-423F-A11E-08185F187F27}"
EndProject
Project("{FAE04EC0-301F-11D3-BF4B-00C04F79EFBC}") = "Navegar.Plateformes.Net.WPF", "navegar\plateformes\navegar.net\Navegar.Plateformes.Net.WPF.csproj", "{B6101F13-BD08-46BF-AA89-9F08265BA87C}"
EndProject
Project("{2150E333-8FDC-42A3-9474-1A3956D46DE8}") = "Libs", "Libs", "{A4578374-F7BB-4961-AD9B-37161FA077AA}"
EndProject
Project("{9A19103F-16F7-4668-BE54-9A1E7A4F7556}") = "Navegar.Libs", "navegar\libs\Navegar.Libs\Navegar.Libs.csproj", "{E24BFA63-FB8C-47CE-B7D8-EC9E4C078EAB}"
EndProject
Project("{2150E333-8FDC-42A3-9474-1A3956D46DE8}") = "Plateformes", "Plateformes", "{5EC557B1-8282-4330-AEC6-9EC591EC2949}"
EndProject
Project("{FAE04EC0-301F-11D3-BF4B-00C04F79EFBC}") = "Navegar.Plateformes.NetCore.UWP.Win10", "navegar\plateformes\navegar.netcore\Navegar.Plateformes.NetCore.UWP.Win10.csproj", "{F01BD2C4-A49C-4C07-B9CF-034DA0AA2710}"
EndProject
Project("{FAE04EC0-301F-11D3-BF4B-00C04F79EFBC}") = "Navegar.UWP.Exemple.CRM", "samples\Navegar.UWP.Exemple.CRM\Navegar.UWP.Exemple.CRM.csproj", "{95A88D56-DFBB-454F-89B1-B421657DBD03}"
EndProject
Project("{9A19103F-16F7-4668-BE54-9A1E7A4F7556}") = "CommonMobiles", "samples\CommonMobiles\CommonMobiles.csproj", "{E0697C80-1ADC-465A-80A3-ABB54FCDC657}"
EndProject
Global
	GlobalSection(SolutionConfigurationPlatforms) = preSolution
		Ad-Hoc|Any CPU = Ad-Hoc|Any CPU
		Ad-Hoc|ARM = Ad-Hoc|ARM
		Ad-Hoc|iPhone = Ad-Hoc|iPhone
		Ad-Hoc|iPhoneSimulator = Ad-Hoc|iPhoneSimulator
		Ad-Hoc|x64 = Ad-Hoc|x64
		Ad-Hoc|x86 = Ad-Hoc|x86
		AppStore|Any CPU = AppStore|Any CPU
		AppStore|ARM = AppStore|ARM
		AppStore|iPhone = AppStore|iPhone
		AppStore|iPhoneSimulator = AppStore|iPhoneSimulator
		AppStore|x64 = AppStore|x64
		AppStore|x86 = AppStore|x86
		Debug|Any CPU = Debug|Any CPU
		Debug|ARM = Debug|ARM
		Debug|iPhone = Debug|iPhone
		Debug|iPhoneSimulator = Debug|iPhoneSimulator
		Debug|x64 = Debug|x64
		Debug|x86 = Debug|x86
		Release|Any CPU = Release|Any CPU
		Release|ARM = Release|ARM
		Release|iPhone = Release|iPhone
		Release|iPhoneSimulator = Release|iPhoneSimulator
		Release|x64 = Release|x64
		Release|x86 = Release|x86
	EndGlobalSection
	GlobalSection(ProjectConfigurationPlatforms) = postSolution
		{67280244-AEA9-423F-A11E-08185F187F27}.Ad-Hoc|Any CPU.ActiveCfg = Release|Any CPU
		{67280244-AEA9-423F-A11E-08185F187F27}.Ad-Hoc|Any CPU.Build.0 = Release|Any CPU
		{67280244-AEA9-423F-A11E-08185F187F27}.Ad-Hoc|ARM.ActiveCfg = Release|Any CPU
		{67280244-AEA9-423F-A11E-08185F187F27}.Ad-Hoc|ARM.Build.0 = Release|Any CPU
		{67280244-AEA9-423F-A11E-08185F187F27}.Ad-Hoc|iPhone.ActiveCfg = Release|Any CPU
		{67280244-AEA9-423F-A11E-08185F187F27}.Ad-Hoc|iPhone.Build.0 = Release|Any CPU
		{67280244-AEA9-423F-A11E-08185F187F27}.Ad-Hoc|iPhoneSimulator.ActiveCfg = Release|Any CPU
		{67280244-AEA9-423F-A11E-08185F187F27}.Ad-Hoc|iPhoneSimulator.Build.0 = Release|Any CPU
		{67280244-AEA9-423F-A11E-08185F187F27}.Ad-Hoc|x64.ActiveCfg = Release|Any CPU
		{67280244-AEA9-423F-A11E-08185F187F27}.Ad-Hoc|x64.Build.0 = Release|Any CPU
		{67280244-AEA9-423F-A11E-08185F187F27}.Ad-Hoc|x86.ActiveCfg = Release|Any CPU
		{67280244-AEA9-423F-A11E-08185F187F27}.Ad-Hoc|x86.Build.0 = Release|Any CPU
		{67280244-AEA9-423F-A11E-08185F187F27}.AppStore|Any CPU.ActiveCfg = Release|Any CPU
		{67280244-AEA9-423F-A11E-08185F187F27}.AppStore|Any CPU.Build.0 = Release|Any CPU
		{67280244-AEA9-423F-A11E-08185F187F27}.AppStore|ARM.ActiveCfg = Release|Any CPU
		{67280244-AEA9-423F-A11E-08185F187F27}.AppStore|ARM.Build.0 = Release|Any CPU
		{67280244-AEA9-423F-A11E-08185F187F27}.AppStore|iPhone.ActiveCfg = Release|Any CPU
		{67280244-AEA9-423F-A11E-08185F187F27}.AppStore|iPhone.Build.0 = Release|Any CPU
		{67280244-AEA9-423F-A11E-08185F187F27}.AppStore|iPhoneSimulator.ActiveCfg = Release|Any CPU
		{67280244-AEA9-423F-A11E-08185F187F27}.AppStore|iPhoneSimulator.Build.0 = Release|Any CPU
		{67280244-AEA9-423F-A11E-08185F187F27}.AppStore|x64.ActiveCfg = Release|Any CPU
		{67280244-AEA9-423F-A11E-08185F187F27}.AppStore|x64.Build.0 = Release|Any CPU
		{67280244-AEA9-423F-A11E-08185F187F27}.AppStore|x86.ActiveCfg = Release|Any CPU
		{67280244-AEA9-423F-A11E-08185F187F27}.AppStore|x86.Build.0 = Release|Any CPU
		{67280244-AEA9-423F-A11E-08185F187F27}.Debug|Any CPU.ActiveCfg = Debug|Any CPU
		{67280244-AEA9-423F-A11E-08185F187F27}.Debug|Any CPU.Build.0 = Debug|Any CPU
		{67280244-AEA9-423F-A11E-08185F187F27}.Debug|ARM.ActiveCfg = Debug|Any CPU
		{67280244-AEA9-423F-A11E-08185F187F27}.Debug|iPhone.ActiveCfg = Debug|Any CPU
		{67280244-AEA9-423F-A11E-08185F187F27}.Debug|iPhone.Build.0 = Debug|Any CPU
		{67280244-AEA9-423F-A11E-08185F187F27}.Debug|iPhoneSimulator.ActiveCfg = Debug|Any CPU
		{67280244-AEA9-423F-A11E-08185F187F27}.Debug|iPhoneSimulator.Build.0 = Debug|Any CPU
		{67280244-AEA9-423F-A11E-08185F187F27}.Debug|x64.ActiveCfg = Debug|Any CPU
		{67280244-AEA9-423F-A11E-08185F187F27}.Debug|x86.ActiveCfg = Debug|Any CPU
		{67280244-AEA9-423F-A11E-08185F187F27}.Release|Any CPU.ActiveCfg = Release|Any CPU
		{67280244-AEA9-423F-A11E-08185F187F27}.Release|Any CPU.Build.0 = Release|Any CPU
		{67280244-AEA9-423F-A11E-08185F187F27}.Release|ARM.ActiveCfg = Release|Any CPU
		{67280244-AEA9-423F-A11E-08185F187F27}.Release|iPhone.ActiveCfg = Release|Any CPU
		{67280244-AEA9-423F-A11E-08185F187F27}.Release|iPhone.Build.0 = Release|Any CPU
		{67280244-AEA9-423F-A11E-08185F187F27}.Release|iPhoneSimulator.ActiveCfg = Release|Any CPU
		{67280244-AEA9-423F-A11E-08185F187F27}.Release|iPhoneSimulator.Build.0 = Release|Any CPU
		{67280244-AEA9-423F-A11E-08185F187F27}.Release|x64.ActiveCfg = Release|Any CPU
		{67280244-AEA9-423F-A11E-08185F187F27}.Release|x86.ActiveCfg = Release|Any CPU
		{B6101F13-BD08-46BF-AA89-9F08265BA87C}.Ad-Hoc|Any CPU.ActiveCfg = Release|Any CPU
		{B6101F13-BD08-46BF-AA89-9F08265BA87C}.Ad-Hoc|Any CPU.Build.0 = Release|Any CPU
		{B6101F13-BD08-46BF-AA89-9F08265BA87C}.Ad-Hoc|ARM.ActiveCfg = Release|Any CPU
		{B6101F13-BD08-46BF-AA89-9F08265BA87C}.Ad-Hoc|ARM.Build.0 = Release|Any CPU
		{B6101F13-BD08-46BF-AA89-9F08265BA87C}.Ad-Hoc|iPhone.ActiveCfg = Release|Any CPU
		{B6101F13-BD08-46BF-AA89-9F08265BA87C}.Ad-Hoc|iPhone.Build.0 = Release|Any CPU
		{B6101F13-BD08-46BF-AA89-9F08265BA87C}.Ad-Hoc|iPhoneSimulator.ActiveCfg = Release|Any CPU
		{B6101F13-BD08-46BF-AA89-9F08265BA87C}.Ad-Hoc|iPhoneSimulator.Build.0 = Release|Any CPU
		{B6101F13-BD08-46BF-AA89-9F08265BA87C}.Ad-Hoc|x64.ActiveCfg = Release|Any CPU
		{B6101F13-BD08-46BF-AA89-9F08265BA87C}.Ad-Hoc|x64.Build.0 = Release|Any CPU
		{B6101F13-BD08-46BF-AA89-9F08265BA87C}.Ad-Hoc|x86.ActiveCfg = Release|Any CPU
		{B6101F13-BD08-46BF-AA89-9F08265BA87C}.Ad-Hoc|x86.Build.0 = Release|Any CPU
		{B6101F13-BD08-46BF-AA89-9F08265BA87C}.AppStore|Any CPU.ActiveCfg = Release|Any CPU
		{B6101F13-BD08-46BF-AA89-9F08265BA87C}.AppStore|Any CPU.Build.0 = Release|Any CPU
		{B6101F13-BD08-46BF-AA89-9F08265BA87C}.AppStore|ARM.ActiveCfg = Release|Any CPU
		{B6101F13-BD08-46BF-AA89-9F08265BA87C}.AppStore|ARM.Build.0 = Release|Any CPU
		{B6101F13-BD08-46BF-AA89-9F08265BA87C}.AppStore|iPhone.ActiveCfg = Release|Any CPU
		{B6101F13-BD08-46BF-AA89-9F08265BA87C}.AppStore|iPhone.Build.0 = Release|Any CPU
		{B6101F13-BD08-46BF-AA89-9F08265BA87C}.AppStore|iPhoneSimulator.ActiveCfg = Release|Any CPU
		{B6101F13-BD08-46BF-AA89-9F08265BA87C}.AppStore|iPhoneSimulator.Build.0 = Release|Any CPU
		{B6101F13-BD08-46BF-AA89-9F08265BA87C}.AppStore|x64.ActiveCfg = Release|Any CPU
		{B6101F13-BD08-46BF-AA89-9F08265BA87C}.AppStore|x64.Build.0 = Release|Any CPU
		{B6101F13-BD08-46BF-AA89-9F08265BA87C}.AppStore|x86.ActiveCfg = Release|Any CPU
		{B6101F13-BD08-46BF-AA89-9F08265BA87C}.AppStore|x86.Build.0 = Release|Any CPU
		{B6101F13-BD08-46BF-AA89-9F08265BA87C}.Debug|Any CPU.ActiveCfg = Debug|Any CPU
		{B6101F13-BD08-46BF-AA89-9F08265BA87C}.Debug|Any CPU.Build.0 = Debug|Any CPU
		{B6101F13-BD08-46BF-AA89-9F08265BA87C}.Debug|ARM.ActiveCfg = Debug|Any CPU
		{B6101F13-BD08-46BF-AA89-9F08265BA87C}.Debug|iPhone.ActiveCfg = Debug|Any CPU
		{B6101F13-BD08-46BF-AA89-9F08265BA87C}.Debug|iPhone.Build.0 = Debug|Any CPU
		{B6101F13-BD08-46BF-AA89-9F08265BA87C}.Debug|iPhoneSimulator.ActiveCfg = Debug|Any CPU
		{B6101F13-BD08-46BF-AA89-9F08265BA87C}.Debug|iPhoneSimulator.Build.0 = Debug|Any CPU
		{B6101F13-BD08-46BF-AA89-9F08265BA87C}.Debug|x64.ActiveCfg = Debug|Any CPU
		{B6101F13-BD08-46BF-AA89-9F08265BA87C}.Debug|x86.ActiveCfg = Debug|Any CPU
		{B6101F13-BD08-46BF-AA89-9F08265BA87C}.Release|Any CPU.ActiveCfg = Release|Any CPU
		{B6101F13-BD08-46BF-AA89-9F08265BA87C}.Release|Any CPU.Build.0 = Release|Any CPU
		{B6101F13-BD08-46BF-AA89-9F08265BA87C}.Release|ARM.ActiveCfg = Release|Any CPU
		{B6101F13-BD08-46BF-AA89-9F08265BA87C}.Release|iPhone.ActiveCfg = Release|Any CPU
		{B6101F13-BD08-46BF-AA89-9F08265BA87C}.Release|iPhone.Build.0 = Release|Any CPU
		{B6101F13-BD08-46BF-AA89-9F08265BA87C}.Release|iPhoneSimulator.ActiveCfg = Release|Any CPU
		{B6101F13-BD08-46BF-AA89-9F08265BA87C}.Release|iPhoneSimulator.Build.0 = Release|Any CPU
		{B6101F13-BD08-46BF-AA89-9F08265BA87C}.Release|x64.ActiveCfg = Release|Any CPU
		{B6101F13-BD08-46BF-AA89-9F08265BA87C}.Release|x86.ActiveCfg = Release|Any CPU
		{E24BFA63-FB8C-47CE-B7D8-EC9E4C078EAB}.Ad-Hoc|Any CPU.ActiveCfg = Release|Any CPU
		{E24BFA63-FB8C-47CE-B7D8-EC9E4C078EAB}.Ad-Hoc|Any CPU.Build.0 = Release|Any CPU
		{E24BFA63-FB8C-47CE-B7D8-EC9E4C078EAB}.Ad-Hoc|ARM.ActiveCfg = Release|Any CPU
		{E24BFA63-FB8C-47CE-B7D8-EC9E4C078EAB}.Ad-Hoc|ARM.Build.0 = Release|Any CPU
		{E24BFA63-FB8C-47CE-B7D8-EC9E4C078EAB}.Ad-Hoc|iPhone.ActiveCfg = Release|Any CPU
		{E24BFA63-FB8C-47CE-B7D8-EC9E4C078EAB}.Ad-Hoc|iPhone.Build.0 = Release|Any CPU
		{E24BFA63-FB8C-47CE-B7D8-EC9E4C078EAB}.Ad-Hoc|iPhoneSimulator.ActiveCfg = Release|Any CPU
		{E24BFA63-FB8C-47CE-B7D8-EC9E4C078EAB}.Ad-Hoc|iPhoneSimulator.Build.0 = Release|Any CPU
		{E24BFA63-FB8C-47CE-B7D8-EC9E4C078EAB}.Ad-Hoc|x64.ActiveCfg = Release|Any CPU
		{E24BFA63-FB8C-47CE-B7D8-EC9E4C078EAB}.Ad-Hoc|x64.Build.0 = Release|Any CPU
		{E24BFA63-FB8C-47CE-B7D8-EC9E4C078EAB}.Ad-Hoc|x86.ActiveCfg = Release|Any CPU
		{E24BFA63-FB8C-47CE-B7D8-EC9E4C078EAB}.Ad-Hoc|x86.Build.0 = Release|Any CPU
		{E24BFA63-FB8C-47CE-B7D8-EC9E4C078EAB}.AppStore|Any CPU.ActiveCfg = Release|Any CPU
		{E24BFA63-FB8C-47CE-B7D8-EC9E4C078EAB}.AppStore|Any CPU.Build.0 = Release|Any CPU
		{E24BFA63-FB8C-47CE-B7D8-EC9E4C078EAB}.AppStore|ARM.ActiveCfg = Release|Any CPU
		{E24BFA63-FB8C-47CE-B7D8-EC9E4C078EAB}.AppStore|ARM.Build.0 = Release|Any CPU
		{E24BFA63-FB8C-47CE-B7D8-EC9E4C078EAB}.AppStore|iPhone.ActiveCfg = Release|Any CPU
		{E24BFA63-FB8C-47CE-B7D8-EC9E4C078EAB}.AppStore|iPhone.Build.0 = Release|Any CPU
		{E24BFA63-FB8C-47CE-B7D8-EC9E4C078EAB}.AppStore|iPhoneSimulator.ActiveCfg = Release|Any CPU
		{E24BFA63-FB8C-47CE-B7D8-EC9E4C078EAB}.AppStore|iPhoneSimulator.Build.0 = Release|Any CPU
		{E24BFA63-FB8C-47CE-B7D8-EC9E4C078EAB}.AppStore|x64.ActiveCfg = Release|Any CPU
		{E24BFA63-FB8C-47CE-B7D8-EC9E4C078EAB}.AppStore|x64.Build.0 = Release|Any CPU
		{E24BFA63-FB8C-47CE-B7D8-EC9E4C078EAB}.AppStore|x86.ActiveCfg = Release|Any CPU
		{E24BFA63-FB8C-47CE-B7D8-EC9E4C078EAB}.AppStore|x86.Build.0 = Release|Any CPU
		{E24BFA63-FB8C-47CE-B7D8-EC9E4C078EAB}.Debug|Any CPU.ActiveCfg = Debug|Any CPU
		{E24BFA63-FB8C-47CE-B7D8-EC9E4C078EAB}.Debug|Any CPU.Build.0 = Debug|Any CPU
		{E24BFA63-FB8C-47CE-B7D8-EC9E4C078EAB}.Debug|ARM.ActiveCfg = Debug|Any CPU
		{E24BFA63-FB8C-47CE-B7D8-EC9E4C078EAB}.Debug|ARM.Build.0 = Debug|Any CPU
		{E24BFA63-FB8C-47CE-B7D8-EC9E4C078EAB}.Debug|iPhone.ActiveCfg = Debug|Any CPU
		{E24BFA63-FB8C-47CE-B7D8-EC9E4C078EAB}.Debug|iPhone.Build.0 = Debug|Any CPU
		{E24BFA63-FB8C-47CE-B7D8-EC9E4C078EAB}.Debug|iPhoneSimulator.ActiveCfg = Debug|Any CPU
		{E24BFA63-FB8C-47CE-B7D8-EC9E4C078EAB}.Debug|iPhoneSimulator.Build.0 = Debug|Any CPU
		{E24BFA63-FB8C-47CE-B7D8-EC9E4C078EAB}.Debug|x64.ActiveCfg = Debug|Any CPU
		{E24BFA63-FB8C-47CE-B7D8-EC9E4C078EAB}.Debug|x64.Build.0 = Debug|Any CPU
		{E24BFA63-FB8C-47CE-B7D8-EC9E4C078EAB}.Debug|x86.ActiveCfg = Debug|Any CPU
		{E24BFA63-FB8C-47CE-B7D8-EC9E4C078EAB}.Debug|x86.Build.0 = Debug|Any CPU
		{E24BFA63-FB8C-47CE-B7D8-EC9E4C078EAB}.Release|Any CPU.ActiveCfg = Release|Any CPU
		{E24BFA63-FB8C-47CE-B7D8-EC9E4C078EAB}.Release|Any CPU.Build.0 = Release|Any CPU
		{E24BFA63-FB8C-47CE-B7D8-EC9E4C078EAB}.Release|ARM.ActiveCfg = Release|Any CPU
		{E24BFA63-FB8C-47CE-B7D8-EC9E4C078EAB}.Release|ARM.Build.0 = Release|Any CPU
		{E24BFA63-FB8C-47CE-B7D8-EC9E4C078EAB}.Release|iPhone.ActiveCfg = Release|Any CPU
		{E24BFA63-FB8C-47CE-B7D8-EC9E4C078EAB}.Release|iPhone.Build.0 = Release|Any CPU
		{E24BFA63-FB8C-47CE-B7D8-EC9E4C078EAB}.Release|iPhoneSimulator.ActiveCfg = Release|Any CPU
		{E24BFA63-FB8C-47CE-B7D8-EC9E4C078EAB}.Release|iPhoneSimulator.Build.0 = Release|Any CPU
		{E24BFA63-FB8C-47CE-B7D8-EC9E4C078EAB}.Release|x64.ActiveCfg = Release|Any CPU
		{E24BFA63-FB8C-47CE-B7D8-EC9E4C078EAB}.Release|x64.Build.0 = Release|Any CPU
		{E24BFA63-FB8C-47CE-B7D8-EC9E4C078EAB}.Release|x86.ActiveCfg = Release|Any CPU
		{E24BFA63-FB8C-47CE-B7D8-EC9E4C078EAB}.Release|x86.Build.0 = Release|Any CPU
		{F01BD2C4-A49C-4C07-B9CF-034DA0AA2710}.Ad-Hoc|Any CPU.ActiveCfg = Release|Any CPU
		{F01BD2C4-A49C-4C07-B9CF-034DA0AA2710}.Ad-Hoc|Any CPU.Build.0 = Release|Any CPU
		{F01BD2C4-A49C-4C07-B9CF-034DA0AA2710}.Ad-Hoc|ARM.ActiveCfg = Release|ARM
		{F01BD2C4-A49C-4C07-B9CF-034DA0AA2710}.Ad-Hoc|ARM.Build.0 = Release|ARM
		{F01BD2C4-A49C-4C07-B9CF-034DA0AA2710}.Ad-Hoc|iPhone.ActiveCfg = Release|Any CPU
		{F01BD2C4-A49C-4C07-B9CF-034DA0AA2710}.Ad-Hoc|iPhone.Build.0 = Release|Any CPU
		{F01BD2C4-A49C-4C07-B9CF-034DA0AA2710}.Ad-Hoc|iPhoneSimulator.ActiveCfg = Release|Any CPU
		{F01BD2C4-A49C-4C07-B9CF-034DA0AA2710}.Ad-Hoc|iPhoneSimulator.Build.0 = Release|Any CPU
		{F01BD2C4-A49C-4C07-B9CF-034DA0AA2710}.Ad-Hoc|x64.ActiveCfg = Release|x64
		{F01BD2C4-A49C-4C07-B9CF-034DA0AA2710}.Ad-Hoc|x64.Build.0 = Release|x64
		{F01BD2C4-A49C-4C07-B9CF-034DA0AA2710}.Ad-Hoc|x86.ActiveCfg = Release|x86
		{F01BD2C4-A49C-4C07-B9CF-034DA0AA2710}.Ad-Hoc|x86.Build.0 = Release|x86
		{F01BD2C4-A49C-4C07-B9CF-034DA0AA2710}.AppStore|Any CPU.ActiveCfg = Release|Any CPU
		{F01BD2C4-A49C-4C07-B9CF-034DA0AA2710}.AppStore|Any CPU.Build.0 = Release|Any CPU
		{F01BD2C4-A49C-4C07-B9CF-034DA0AA2710}.AppStore|ARM.ActiveCfg = Release|ARM
		{F01BD2C4-A49C-4C07-B9CF-034DA0AA2710}.AppStore|ARM.Build.0 = Release|ARM
		{F01BD2C4-A49C-4C07-B9CF-034DA0AA2710}.AppStore|iPhone.ActiveCfg = Release|Any CPU
		{F01BD2C4-A49C-4C07-B9CF-034DA0AA2710}.AppStore|iPhone.Build.0 = Release|Any CPU
		{F01BD2C4-A49C-4C07-B9CF-034DA0AA2710}.AppStore|iPhoneSimulator.ActiveCfg = Release|Any CPU
		{F01BD2C4-A49C-4C07-B9CF-034DA0AA2710}.AppStore|iPhoneSimulator.Build.0 = Release|Any CPU
		{F01BD2C4-A49C-4C07-B9CF-034DA0AA2710}.AppStore|x64.ActiveCfg = Release|x64
		{F01BD2C4-A49C-4C07-B9CF-034DA0AA2710}.AppStore|x64.Build.0 = Release|x64
		{F01BD2C4-A49C-4C07-B9CF-034DA0AA2710}.AppStore|x86.ActiveCfg = Release|x86
		{F01BD2C4-A49C-4C07-B9CF-034DA0AA2710}.AppStore|x86.Build.0 = Release|x86
		{F01BD2C4-A49C-4C07-B9CF-034DA0AA2710}.Debug|Any CPU.ActiveCfg = Debug|Any CPU
		{F01BD2C4-A49C-4C07-B9CF-034DA0AA2710}.Debug|Any CPU.Build.0 = Debug|Any CPU
		{F01BD2C4-A49C-4C07-B9CF-034DA0AA2710}.Debug|ARM.ActiveCfg = Debug|ARM
		{F01BD2C4-A49C-4C07-B9CF-034DA0AA2710}.Debug|ARM.Build.0 = Debug|ARM
		{F01BD2C4-A49C-4C07-B9CF-034DA0AA2710}.Debug|iPhone.ActiveCfg = Debug|Any CPU
		{F01BD2C4-A49C-4C07-B9CF-034DA0AA2710}.Debug|iPhone.Build.0 = Debug|Any CPU
		{F01BD2C4-A49C-4C07-B9CF-034DA0AA2710}.Debug|iPhoneSimulator.ActiveCfg = Debug|Any CPU
		{F01BD2C4-A49C-4C07-B9CF-034DA0AA2710}.Debug|iPhoneSimulator.Build.0 = Debug|Any CPU
		{F01BD2C4-A49C-4C07-B9CF-034DA0AA2710}.Debug|x64.ActiveCfg = Debug|x64
		{F01BD2C4-A49C-4C07-B9CF-034DA0AA2710}.Debug|x64.Build.0 = Debug|x64
		{F01BD2C4-A49C-4C07-B9CF-034DA0AA2710}.Debug|x86.ActiveCfg = Debug|x86
		{F01BD2C4-A49C-4C07-B9CF-034DA0AA2710}.Debug|x86.Build.0 = Debug|x86
		{F01BD2C4-A49C-4C07-B9CF-034DA0AA2710}.Release|Any CPU.ActiveCfg = Release|Any CPU
		{F01BD2C4-A49C-4C07-B9CF-034DA0AA2710}.Release|Any CPU.Build.0 = Release|Any CPU
		{F01BD2C4-A49C-4C07-B9CF-034DA0AA2710}.Release|ARM.ActiveCfg = Release|ARM
		{F01BD2C4-A49C-4C07-B9CF-034DA0AA2710}.Release|ARM.Build.0 = Release|ARM
		{F01BD2C4-A49C-4C07-B9CF-034DA0AA2710}.Release|iPhone.ActiveCfg = Release|Any CPU
		{F01BD2C4-A49C-4C07-B9CF-034DA0AA2710}.Release|iPhone.Build.0 = Release|Any CPU
		{F01BD2C4-A49C-4C07-B9CF-034DA0AA2710}.Release|iPhoneSimulator.ActiveCfg = Release|Any CPU
		{F01BD2C4-A49C-4C07-B9CF-034DA0AA2710}.Release|iPhoneSimulator.Build.0 = Release|Any CPU
		{F01BD2C4-A49C-4C07-B9CF-034DA0AA2710}.Release|x64.ActiveCfg = Release|x64
		{F01BD2C4-A49C-4C07-B9CF-034DA0AA2710}.Release|x64.Build.0 = Release|x64
		{F01BD2C4-A49C-4C07-B9CF-034DA0AA2710}.Release|x86.ActiveCfg = Release|x86
		{F01BD2C4-A49C-4C07-B9CF-034DA0AA2710}.Release|x86.Build.0 = Release|x86
		{95A88D56-DFBB-454F-89B1-B421657DBD03}.Ad-Hoc|Any CPU.ActiveCfg = Release|x86
		{95A88D56-DFBB-454F-89B1-B421657DBD03}.Ad-Hoc|Any CPU.Build.0 = Release|x86
		{95A88D56-DFBB-454F-89B1-B421657DBD03}.Ad-Hoc|Any CPU.Deploy.0 = Release|x86
		{95A88D56-DFBB-454F-89B1-B421657DBD03}.Ad-Hoc|ARM.ActiveCfg = Release|ARM
		{95A88D56-DFBB-454F-89B1-B421657DBD03}.Ad-Hoc|ARM.Build.0 = Release|ARM
		{95A88D56-DFBB-454F-89B1-B421657DBD03}.Ad-Hoc|ARM.Deploy.0 = Release|ARM
		{95A88D56-DFBB-454F-89B1-B421657DBD03}.Ad-Hoc|iPhone.ActiveCfg = Release|x86
		{95A88D56-DFBB-454F-89B1-B421657DBD03}.Ad-Hoc|iPhone.Build.0 = Release|x86
		{95A88D56-DFBB-454F-89B1-B421657DBD03}.Ad-Hoc|iPhone.Deploy.0 = Release|x86
		{95A88D56-DFBB-454F-89B1-B421657DBD03}.Ad-Hoc|iPhoneSimulator.ActiveCfg = Release|x86
		{95A88D56-DFBB-454F-89B1-B421657DBD03}.Ad-Hoc|iPhoneSimulator.Build.0 = Release|x86
		{95A88D56-DFBB-454F-89B1-B421657DBD03}.Ad-Hoc|iPhoneSimulator.Deploy.0 = Release|x86
		{95A88D56-DFBB-454F-89B1-B421657DBD03}.Ad-Hoc|x64.ActiveCfg = Release|x64
		{95A88D56-DFBB-454F-89B1-B421657DBD03}.Ad-Hoc|x64.Build.0 = Release|x64
		{95A88D56-DFBB-454F-89B1-B421657DBD03}.Ad-Hoc|x64.Deploy.0 = Release|x64
		{95A88D56-DFBB-454F-89B1-B421657DBD03}.Ad-Hoc|x86.ActiveCfg = Release|x86
		{95A88D56-DFBB-454F-89B1-B421657DBD03}.Ad-Hoc|x86.Build.0 = Release|x86
		{95A88D56-DFBB-454F-89B1-B421657DBD03}.Ad-Hoc|x86.Deploy.0 = Release|x86
		{95A88D56-DFBB-454F-89B1-B421657DBD03}.AppStore|Any CPU.ActiveCfg = Release|x86
		{95A88D56-DFBB-454F-89B1-B421657DBD03}.AppStore|Any CPU.Build.0 = Release|x86
		{95A88D56-DFBB-454F-89B1-B421657DBD03}.AppStore|Any CPU.Deploy.0 = Release|x86
		{95A88D56-DFBB-454F-89B1-B421657DBD03}.AppStore|ARM.ActiveCfg = Release|ARM
		{95A88D56-DFBB-454F-89B1-B421657DBD03}.AppStore|ARM.Build.0 = Release|ARM
		{95A88D56-DFBB-454F-89B1-B421657DBD03}.AppStore|ARM.Deploy.0 = Release|ARM
		{95A88D56-DFBB-454F-89B1-B421657DBD03}.AppStore|iPhone.ActiveCfg = Release|x86
		{95A88D56-DFBB-454F-89B1-B421657DBD03}.AppStore|iPhone.Build.0 = Release|x86
		{95A88D56-DFBB-454F-89B1-B421657DBD03}.AppStore|iPhone.Deploy.0 = Release|x86
		{95A88D56-DFBB-454F-89B1-B421657DBD03}.AppStore|iPhoneSimulator.ActiveCfg = Release|x86
		{95A88D56-DFBB-454F-89B1-B421657DBD03}.AppStore|iPhoneSimulator.Build.0 = Release|x86
		{95A88D56-DFBB-454F-89B1-B421657DBD03}.AppStore|iPhoneSimulator.Deploy.0 = Release|x86
		{95A88D56-DFBB-454F-89B1-B421657DBD03}.AppStore|x64.ActiveCfg = Release|x64
		{95A88D56-DFBB-454F-89B1-B421657DBD03}.AppStore|x64.Build.0 = Release|x64
		{95A88D56-DFBB-454F-89B1-B421657DBD03}.AppStore|x64.Deploy.0 = Release|x64
		{95A88D56-DFBB-454F-89B1-B421657DBD03}.AppStore|x86.ActiveCfg = Release|x86
		{95A88D56-DFBB-454F-89B1-B421657DBD03}.AppStore|x86.Build.0 = Release|x86
		{95A88D56-DFBB-454F-89B1-B421657DBD03}.AppStore|x86.Deploy.0 = Release|x86
		{95A88D56-DFBB-454F-89B1-B421657DBD03}.Debug|Any CPU.ActiveCfg = Debug|x86
		{95A88D56-DFBB-454F-89B1-B421657DBD03}.Debug|ARM.ActiveCfg = Debug|ARM
		{95A88D56-DFBB-454F-89B1-B421657DBD03}.Debug|ARM.Build.0 = Debug|ARM
		{95A88D56-DFBB-454F-89B1-B421657DBD03}.Debug|ARM.Deploy.0 = Debug|ARM
		{95A88D56-DFBB-454F-89B1-B421657DBD03}.Debug|iPhone.ActiveCfg = Debug|x86
		{95A88D56-DFBB-454F-89B1-B421657DBD03}.Debug|iPhoneSimulator.ActiveCfg = Debug|x86
		{95A88D56-DFBB-454F-89B1-B421657DBD03}.Debug|x64.ActiveCfg = Debug|x64
		{95A88D56-DFBB-454F-89B1-B421657DBD03}.Debug|x64.Build.0 = Debug|x64
		{95A88D56-DFBB-454F-89B1-B421657DBD03}.Debug|x64.Deploy.0 = Debug|x64
		{95A88D56-DFBB-454F-89B1-B421657DBD03}.Debug|x86.ActiveCfg = Debug|x86
		{95A88D56-DFBB-454F-89B1-B421657DBD03}.Debug|x86.Build.0 = Debug|x86
		{95A88D56-DFBB-454F-89B1-B421657DBD03}.Debug|x86.Deploy.0 = Debug|x86
		{95A88D56-DFBB-454F-89B1-B421657DBD03}.Release|Any CPU.ActiveCfg = Release|x86
		{95A88D56-DFBB-454F-89B1-B421657DBD03}.Release|ARM.ActiveCfg = Release|ARM
		{95A88D56-DFBB-454F-89B1-B421657DBD03}.Release|ARM.Build.0 = Release|ARM
		{95A88D56-DFBB-454F-89B1-B421657DBD03}.Release|ARM.Deploy.0 = Release|ARM
		{95A88D56-DFBB-454F-89B1-B421657DBD03}.Release|iPhone.ActiveCfg = Release|x86
		{95A88D56-DFBB-454F-89B1-B421657DBD03}.Release|iPhoneSimulator.ActiveCfg = Release|x86
		{95A88D56-DFBB-454F-89B1-B421657DBD03}.Release|x64.ActiveCfg = Release|x64
		{95A88D56-DFBB-454F-89B1-B421657DBD03}.Release|x64.Build.0 = Release|x64
		{95A88D56-DFBB-454F-89B1-B421657DBD03}.Release|x64.Deploy.0 = Release|x64
		{95A88D56-DFBB-454F-89B1-B421657DBD03}.Release|x86.ActiveCfg = Release|x86
		{95A88D56-DFBB-454F-89B1-B421657DBD03}.Release|x86.Build.0 = Release|x86
		{95A88D56-DFBB-454F-89B1-B421657DBD03}.Release|x86.Deploy.0 = Release|x86
		{E0697C80-1ADC-465A-80A3-ABB54FCDC657}.Ad-Hoc|Any CPU.ActiveCfg = Debug|Any CPU
		{E0697C80-1ADC-465A-80A3-ABB54FCDC657}.Ad-Hoc|Any CPU.Build.0 = Debug|Any CPU
		{E0697C80-1ADC-465A-80A3-ABB54FCDC657}.Ad-Hoc|ARM.ActiveCfg = Debug|Any CPU
		{E0697C80-1ADC-465A-80A3-ABB54FCDC657}.Ad-Hoc|ARM.Build.0 = Debug|Any CPU
		{E0697C80-1ADC-465A-80A3-ABB54FCDC657}.Ad-Hoc|iPhone.ActiveCfg = Debug|Any CPU
		{E0697C80-1ADC-465A-80A3-ABB54FCDC657}.Ad-Hoc|iPhone.Build.0 = Debug|Any CPU
		{E0697C80-1ADC-465A-80A3-ABB54FCDC657}.Ad-Hoc|iPhoneSimulator.ActiveCfg = Debug|Any CPU
		{E0697C80-1ADC-465A-80A3-ABB54FCDC657}.Ad-Hoc|iPhoneSimulator.Build.0 = Debug|Any CPU
		{E0697C80-1ADC-465A-80A3-ABB54FCDC657}.Ad-Hoc|x64.ActiveCfg = Debug|Any CPU
		{E0697C80-1ADC-465A-80A3-ABB54FCDC657}.Ad-Hoc|x64.Build.0 = Debug|Any CPU
		{E0697C80-1ADC-465A-80A3-ABB54FCDC657}.Ad-Hoc|x86.ActiveCfg = Debug|Any CPU
		{E0697C80-1ADC-465A-80A3-ABB54FCDC657}.Ad-Hoc|x86.Build.0 = Debug|Any CPU
		{E0697C80-1ADC-465A-80A3-ABB54FCDC657}.AppStore|Any CPU.ActiveCfg = Debug|Any CPU
		{E0697C80-1ADC-465A-80A3-ABB54FCDC657}.AppStore|Any CPU.Build.0 = Debug|Any CPU
		{E0697C80-1ADC-465A-80A3-ABB54FCDC657}.AppStore|ARM.ActiveCfg = Debug|Any CPU
		{E0697C80-1ADC-465A-80A3-ABB54FCDC657}.AppStore|ARM.Build.0 = Debug|Any CPU
		{E0697C80-1ADC-465A-80A3-ABB54FCDC657}.AppStore|iPhone.ActiveCfg = Debug|Any CPU
		{E0697C80-1ADC-465A-80A3-ABB54FCDC657}.AppStore|iPhone.Build.0 = Debug|Any CPU
		{E0697C80-1ADC-465A-80A3-ABB54FCDC657}.AppStore|iPhoneSimulator.ActiveCfg = Debug|Any CPU
		{E0697C80-1ADC-465A-80A3-ABB54FCDC657}.AppStore|iPhoneSimulator.Build.0 = Debug|Any CPU
		{E0697C80-1ADC-465A-80A3-ABB54FCDC657}.AppStore|x64.ActiveCfg = Debug|Any CPU
		{E0697C80-1ADC-465A-80A3-ABB54FCDC657}.AppStore|x64.Build.0 = Debug|Any CPU
		{E0697C80-1ADC-465A-80A3-ABB54FCDC657}.AppStore|x86.ActiveCfg = Debug|Any CPU
		{E0697C80-1ADC-465A-80A3-ABB54FCDC657}.AppStore|x86.Build.0 = Debug|Any CPU
		{E0697C80-1ADC-465A-80A3-ABB54FCDC657}.Debug|Any CPU.ActiveCfg = Debug|Any CPU
		{E0697C80-1ADC-465A-80A3-ABB54FCDC657}.Debug|Any CPU.Build.0 = Debug|Any CPU
		{E0697C80-1ADC-465A-80A3-ABB54FCDC657}.Debug|ARM.ActiveCfg = Debug|Any CPU
		{E0697C80-1ADC-465A-80A3-ABB54FCDC657}.Debug|ARM.Build.0 = Debug|Any CPU
		{E0697C80-1ADC-465A-80A3-ABB54FCDC657}.Debug|iPhone.ActiveCfg = Debug|Any CPU
		{E0697C80-1ADC-465A-80A3-ABB54FCDC657}.Debug|iPhone.Build.0 = Debug|Any CPU
		{E0697C80-1ADC-465A-80A3-ABB54FCDC657}.Debug|iPhoneSimulator.ActiveCfg = Debug|Any CPU
		{E0697C80-1ADC-465A-80A3-ABB54FCDC657}.Debug|iPhoneSimulator.Build.0 = Debug|Any CPU
		{E0697C80-1ADC-465A-80A3-ABB54FCDC657}.Debug|x64.ActiveCfg = Debug|Any CPU
		{E0697C80-1ADC-465A-80A3-ABB54FCDC657}.Debug|x64.Build.0 = Debug|Any CPU
		{E0697C80-1ADC-465A-80A3-ABB54FCDC657}.Debug|x86.ActiveCfg = Debug|Any CPU
		{E0697C80-1ADC-465A-80A3-ABB54FCDC657}.Debug|x86.Build.0 = Debug|Any CPU
		{E0697C80-1ADC-465A-80A3-ABB54FCDC657}.Release|Any CPU.ActiveCfg = Release|Any CPU
		{E0697C80-1ADC-465A-80A3-ABB54FCDC657}.Release|Any CPU.Build.0 = Release|Any CPU
		{E0697C80-1ADC-465A-80A3-ABB54FCDC657}.Release|ARM.ActiveCfg = Release|Any CPU
		{E0697C80-1ADC-465A-80A3-ABB54FCDC657}.Release|ARM.Build.0 = Release|Any CPU
		{E0697C80-1ADC-465A-80A3-ABB54FCDC657}.Release|iPhone.ActiveCfg = Release|Any CPU
		{E0697C80-1ADC-465A-80A3-ABB54FCDC657}.Release|iPhone.Build.0 = Release|Any CPU
		{E0697C80-1ADC-465A-80A3-ABB54FCDC657}.Release|iPhoneSimulator.ActiveCfg = Release|Any CPU
		{E0697C80-1ADC-465A-80A3-ABB54FCDC657}.Release|iPhoneSimulator.Build.0 = Release|Any CPU
		{E0697C80-1ADC-465A-80A3-ABB54FCDC657}.Release|x64.ActiveCfg = Release|Any CPU
		{E0697C80-1ADC-465A-80A3-ABB54FCDC657}.Release|x64.Build.0 = Release|Any CPU
		{E0697C80-1ADC-465A-80A3-ABB54FCDC657}.Release|x86.ActiveCfg = Release|Any CPU
		{E0697C80-1ADC-465A-80A3-ABB54FCDC657}.Release|x86.Build.0 = Release|Any CPU
	EndGlobalSection
	GlobalSection(SolutionProperties) = preSolution
		HideSolutionNode = FALSE
	EndGlobalSection
	GlobalSection(NestedProjects) = preSolution
		{67280244-AEA9-423F-A11E-08185F187F27} = {D9C280EE-1970-4388-AE3D-4B7B5D0B009C}
		{B6101F13-BD08-46BF-AA89-9F08265BA87C} = {5EC557B1-8282-4330-AEC6-9EC591EC2949}
		{A4578374-F7BB-4961-AD9B-37161FA077AA} = {05063999-1CDA-49CE-A2A1-E3CF22165F59}
		{E24BFA63-FB8C-47CE-B7D8-EC9E4C078EAB} = {A4578374-F7BB-4961-AD9B-37161FA077AA}
		{5EC557B1-8282-4330-AEC6-9EC591EC2949} = {05063999-1CDA-49CE-A2A1-E3CF22165F59}
		{F01BD2C4-A49C-4C07-B9CF-034DA0AA2710} = {5EC557B1-8282-4330-AEC6-9EC591EC2949}
		{95A88D56-DFBB-454F-89B1-B421657DBD03} = {D9C280EE-1970-4388-AE3D-4B7B5D0B009C}
		{E0697C80-1ADC-465A-80A3-ABB54FCDC657} = {D9C280EE-1970-4388-AE3D-4B7B5D0B009C}
	EndGlobalSection
	GlobalSection(ExtensibilityGlobals) = postSolution
		SolutionGuid = {9DC02A1E-A28F-4CDA-AECB-22A6FFC7A1B7}
	EndGlobalSection
EndGlobal
