
Microsoft Visual Studio Solution File, Format Version 12.00
# Visual Studio Version 16
VisualStudioVersion = 16.0.29306.81
MinimumVisualStudioVersion = 10.0.40219.1
Project("{2150E333-8FDC-42A3-9474-1A3956D46DE8}") = "samples", "samples", "{D9C280EE-1970-4388-AE3D-4B7B5D0B009C}"
EndProject
Project("{2150E333-8FDC-42A3-9474-1A3956D46DE8}") = "doc", "doc", "{14D285BB-F94F-4069-AC2A-84E110E9F5B5}"
	ProjectSection(SolutionItems) = preProject
		doc\navegar_uwp.md = doc\navegar_uwp.md
		doc\navegar_wpf.md = doc\navegar_wpf.md
	EndProjectSection
EndProject
Project("{2150E333-8FDC-42A3-9474-1A3956D46DE8}") = "navegar", "navegar", "{05063999-1CDA-49CE-A2A1-E3CF22165F59}"
EndProject
Project("{FAE04EC0-301F-11D3-BF4B-00C04F79EFBC}") = "Navegar.WPF.Exemple.CRM", "samples\Wpf\Navegar.WPF.Exemple.CRM\Navegar.WPF.Exemple.CRM.csproj", "{67280244-AEA9-423F-A11E-08185F187F27}"
EndProject
Project("{2150E333-8FDC-42A3-9474-1A3956D46DE8}") = "Libs", "Libs", "{A4578374-F7BB-4961-AD9B-37161FA077AA}"
EndProject
Project("{9A19103F-16F7-4668-BE54-9A1E7A4F7556}") = "Navegar.Libs", "navegar\libs\Navegar.Libs\Navegar.Libs.csproj", "{E24BFA63-FB8C-47CE-B7D8-EC9E4C078EAB}"
EndProject
Project("{2150E333-8FDC-42A3-9474-1A3956D46DE8}") = "Plateformes", "Plateformes", "{5EC557B1-8282-4330-AEC6-9EC591EC2949}"
EndProject
Project("{FAE04EC0-301F-11D3-BF4B-00C04F79EFBC}") = "Navegar.Plateformes.UWP", "navegar\plateformes\navegar.uwp\Navegar.Plateformes.UWP.csproj", "{F01BD2C4-A49C-4C07-B9CF-034DA0AA2710}"
EndProject
Project("{FAE04EC0-301F-11D3-BF4B-00C04F79EFBC}") = "Navegar.UWP.Exemple.CRM", "samples\Uwp\Navegar.UWP.Exemple.CRM\Navegar.UWP.Exemple.CRM.csproj", "{95A88D56-DFBB-454F-89B1-B421657DBD03}"
EndProject
Project("{9A19103F-16F7-4668-BE54-9A1E7A4F7556}") = "CommonMobiles", "samples\Uwp\CommonMobiles\CommonMobiles.csproj", "{E0697C80-1ADC-465A-80A3-ABB54FCDC657}"
EndProject
Project("{2150E333-8FDC-42A3-9474-1A3956D46DE8}") = "nuget", "nuget", "{5BD0DA98-B2F5-4B07-BFA2-63C2DB6AA65B}"
	ProjectSection(SolutionItems) = preProject
		Navegar.6.0.0.snupkg = Navegar.6.0.0.snupkg
		NavegarLibs.6.0.0.snupkg = NavegarLibs.6.0.0.snupkg
	EndProjectSection
EndProject
Project("{9A19103F-16F7-4668-BE54-9A1E7A4F7556}") = "Navegar.Plateformes.Net.Standard", "navegar\plateformes\navegar.net.standard\Navegar.Plateformes.Net.Standard.csproj", "{7E636AFD-D6C5-4B34-B071-F2C663BE5594}"
EndProject
Project("{9A19103F-16F7-4668-BE54-9A1E7A4F7556}") = "Navegar.NetCore.WPF.Exemple.CRM", "samples\Wpf\Navegar.NetCore.WPF.Exemple.CRM\Navegar.NetCore.WPF.Exemple.CRM.csproj", "{C1D43A20-32A5-40AA-A219-C5CF2C1FCC29}"
EndProject
Project("{2150E333-8FDC-42A3-9474-1A3956D46DE8}") = "UWP", "UWP", "{8321BF92-6D78-49A7-8F4C-E6BC937FC372}"
EndProject
Project("{2150E333-8FDC-42A3-9474-1A3956D46DE8}") = "WPF", "WPF", "{87F8C309-45F1-4F5D-9F7E-57A1A8194881}"
EndProject
Global
	GlobalSection(SolutionConfigurationPlatforms) = preSolution
		Ad-Hoc|Any CPU = Ad-Hoc|Any CPU
		Ad-Hoc|ARM = Ad-Hoc|ARM
		Ad-Hoc|iPhone = Ad-Hoc|iPhone
		Ad-Hoc|iPhoneSimulator = Ad-Hoc|iPhoneSimulator
		Ad-Hoc|x64 = Ad-Hoc|x64
		Ad-Hoc|x86 = Ad-Hoc|x86
		AppStore|Any CPU = AppStore|Any CPU
		AppStore|ARM = AppStore|ARM
		AppStore|iPhone = AppStore|iPhone
		AppStore|iPhoneSimulator = AppStore|iPhoneSimulator
		AppStore|x64 = AppStore|x64
		AppStore|x86 = AppStore|x86
		Debug|Any CPU = Debug|Any CPU
		Debug|ARM = Debug|ARM
		Debug|iPhone = Debug|iPhone
		Debug|iPhoneSimulator = Debug|iPhoneSimulator
		Debug|x64 = Debug|x64
		Debug|x86 = Debug|x86
		Release|Any CPU = Release|Any CPU
		Release|ARM = Release|ARM
		Release|iPhone = Release|iPhone
		Release|iPhoneSimulator = Release|iPhoneSimulator
		Release|x64 = Release|x64
		Release|x86 = Release|x86
	EndGlobalSection
	GlobalSection(ProjectConfigurationPlatforms) = postSolution
		{67280244-AEA9-423F-A11E-08185F187F27}.Ad-Hoc|Any CPU.ActiveCfg = Release|Any CPU
		{67280244-AEA9-423F-A11E-08185F187F27}.Ad-Hoc|Any CPU.Build.0 = Release|Any CPU
		{67280244-AEA9-423F-A11E-08185F187F27}.Ad-Hoc|ARM.ActiveCfg = Release|Any CPU
		{67280244-AEA9-423F-A11E-08185F187F27}.Ad-Hoc|ARM.Build.0 = Release|Any CPU
		{67280244-AEA9-423F-A11E-08185F187F27}.Ad-Hoc|iPhone.ActiveCfg = Release|Any CPU
		{67280244-AEA9-423F-A11E-08185F187F27}.Ad-Hoc|iPhone.Build.0 = Release|Any CPU
		{67280244-AEA9-423F-A11E-08185F187F27}.Ad-Hoc|iPhoneSimulator.ActiveCfg = Release|Any CPU
		{67280244-AEA9-423F-A11E-08185F187F27}.Ad-Hoc|iPhoneSimulator.Build.0 = Release|Any CPU
		{67280244-AEA9-423F-A11E-08185F187F27}.Ad-Hoc|x64.ActiveCfg = Release|Any CPU
		{67280244-AEA9-423F-A11E-08185F187F27}.Ad-Hoc|x64.Build.0 = Release|Any CPU
		{67280244-AEA9-423F-A11E-08185F187F27}.Ad-Hoc|x86.ActiveCfg = Release|Any CPU
		{67280244-AEA9-423F-A11E-08185F187F27}.Ad-Hoc|x86.Build.0 = Release|Any CPU
		{67280244-AEA9-423F-A11E-08185F187F27}.AppStore|Any CPU.ActiveCfg = Release|Any CPU
		{67280244-AEA9-423F-A11E-08185F187F27}.AppStore|Any CPU.Build.0 = Release|Any CPU
		{67280244-AEA9-423F-A11E-08185F187F27}.AppStore|ARM.ActiveCfg = Release|Any CPU
		{67280244-AEA9-423F-A11E-08185F187F27}.AppStore|ARM.Build.0 = Release|Any CPU
		{67280244-AEA9-423F-A11E-08185F187F27}.AppStore|iPhone.ActiveCfg = Release|Any CPU
		{67280244-AEA9-423F-A11E-08185F187F27}.AppStore|iPhone.Build.0 = Release|Any CPU
		{67280244-AEA9-423F-A11E-08185F187F27}.AppStore|iPhoneSimulator.ActiveCfg = Release|Any CPU
		{67280244-AEA9-423F-A11E-08185F187F27}.AppStore|iPhoneSimulator.Build.0 = Release|Any CPU
		{67280244-AEA9-423F-A11E-08185F187F27}.AppStore|x64.ActiveCfg = Release|Any CPU
		{67280244-AEA9-423F-A11E-08185F187F27}.AppStore|x64.Build.0 = Release|Any CPU
		{67280244-AEA9-423F-A11E-08185F187F27}.AppStore|x86.ActiveCfg = Release|Any CPU
		{67280244-AEA9-423F-A11E-08185F187F27}.AppStore|x86.Build.0 = Release|Any CPU
		{67280244-AEA9-423F-A11E-08185F187F27}.Debug|Any CPU.ActiveCfg = Debug|Any CPU
		{67280244-AEA9-423F-A11E-08185F187F27}.Debug|Any CPU.Build.0 = Debug|Any CPU
		{67280244-AEA9-423F-A11E-08185F187F27}.Debug|ARM.ActiveCfg = Debug|Any CPU
		{67280244-AEA9-423F-A11E-08185F187F27}.Debug|iPhone.ActiveCfg = Debug|Any CPU
		{67280244-AEA9-423F-A11E-08185F187F27}.Debug|iPhone.Build.0 = Debug|Any CPU
		{67280244-AEA9-423F-A11E-08185F187F27}.Debug|iPhoneSimulator.ActiveCfg = Debug|Any CPU
		{67280244-AEA9-423F-A11E-08185F187F27}.Debug|iPhoneSimulator.Build.0 = Debug|Any CPU
		{67280244-AEA9-423F-A11E-08185F187F27}.Debug|x64.ActiveCfg = Debug|Any CPU
		{67280244-AEA9-423F-A11E-08185F187F27}.Debug|x86.ActiveCfg = Debug|Any CPU
		{67280244-AEA9-423F-A11E-08185F187F27}.Release|Any CPU.ActiveCfg = Release|Any CPU
		{67280244-AEA9-423F-A11E-08185F187F27}.Release|Any CPU.Build.0 = Release|Any CPU
		{67280244-AEA9-423F-A11E-08185F187F27}.Release|ARM.ActiveCfg = Release|Any CPU
		{67280244-AEA9-423F-A11E-08185F187F27}.Release|iPhone.ActiveCfg = Release|Any CPU
		{67280244-AEA9-423F-A11E-08185F187F27}.Release|iPhone.Build.0 = Release|Any CPU
		{67280244-AEA9-423F-A11E-08185F187F27}.Release|iPhoneSimulator.ActiveCfg = Release|Any CPU
		{67280244-AEA9-423F-A11E-08185F187F27}.Release|iPhoneSimulator.Build.0 = Release|Any CPU
		{67280244-AEA9-423F-A11E-08185F187F27}.Release|x64.ActiveCfg = Release|Any CPU
		{67280244-AEA9-423F-A11E-08185F187F27}.Release|x86.ActiveCfg = Release|Any CPU
		{E24BFA63-FB8C-47CE-B7D8-EC9E4C078EAB}.Ad-Hoc|Any CPU.ActiveCfg = Release|Any CPU
		{E24BFA63-FB8C-47CE-B7D8-EC9E4C078EAB}.Ad-Hoc|Any CPU.Build.0 = Release|Any CPU
		{E24BFA63-FB8C-47CE-B7D8-EC9E4C078EAB}.Ad-Hoc|ARM.ActiveCfg = Release|Any CPU
		{E24BFA63-FB8C-47CE-B7D8-EC9E4C078EAB}.Ad-Hoc|ARM.Build.0 = Release|Any CPU
		{E24BFA63-FB8C-47CE-B7D8-EC9E4C078EAB}.Ad-Hoc|iPhone.ActiveCfg = Release|Any CPU
		{E24BFA63-FB8C-47CE-B7D8-EC9E4C078EAB}.Ad-Hoc|iPhone.Build.0 = Release|Any CPU
		{E24BFA63-FB8C-47CE-B7D8-EC9E4C078EAB}.Ad-Hoc|iPhoneSimulator.ActiveCfg = Release|Any CPU
		{E24BFA63-FB8C-47CE-B7D8-EC9E4C078EAB}.Ad-Hoc|iPhoneSimulator.Build.0 = Release|Any CPU
		{E24BFA63-FB8C-47CE-B7D8-EC9E4C078EAB}.Ad-Hoc|x64.ActiveCfg = Release|Any CPU
		{E24BFA63-FB8C-47CE-B7D8-EC9E4C078EAB}.Ad-Hoc|x64.Build.0 = Release|Any CPU
		{E24BFA63-FB8C-47CE-B7D8-EC9E4C078EAB}.Ad-Hoc|x86.ActiveCfg = Release|Any CPU
		{E24BFA63-FB8C-47CE-B7D8-EC9E4C078EAB}.Ad-Hoc|x86.Build.0 = Release|Any CPU
		{E24BFA63-FB8C-47CE-B7D8-EC9E4C078EAB}.AppStore|Any CPU.ActiveCfg = Release|Any CPU
		{E24BFA63-FB8C-47CE-B7D8-EC9E4C078EAB}.AppStore|Any CPU.Build.0 = Release|Any CPU
		{E24BFA63-FB8C-47CE-B7D8-EC9E4C078EAB}.AppStore|ARM.ActiveCfg = Release|Any CPU
		{E24BFA63-FB8C-47CE-B7D8-EC9E4C078EAB}.AppStore|ARM.Build.0 = Release|Any CPU
		{E24BFA63-FB8C-47CE-B7D8-EC9E4C078EAB}.AppStore|iPhone.ActiveCfg = Release|Any CPU
		{E24BFA63-FB8C-47CE-B7D8-EC9E4C078EAB}.AppStore|iPhone.Build.0 = Release|Any CPU
		{E24BFA63-FB8C-47CE-B7D8-EC9E4C078EAB}.AppStore|iPhoneSimulator.ActiveCfg = Release|Any CPU
		{E24BFA63-FB8C-47CE-B7D8-EC9E4C078EAB}.AppStore|iPhoneSimulator.Build.0 = Release|Any CPU
		{E24BFA63-FB8C-47CE-B7D8-EC9E4C078EAB}.AppStore|x64.ActiveCfg = Release|Any CPU
		{E24BFA63-FB8C-47CE-B7D8-EC9E4C078EAB}.AppStore|x64.Build.0 = Release|Any CPU
		{E24BFA63-FB8C-47CE-B7D8-EC9E4C078EAB}.AppStore|x86.ActiveCfg = Release|Any CPU
		{E24BFA63-FB8C-47CE-B7D8-EC9E4C078EAB}.AppStore|x86.Build.0 = Release|Any CPU
		{E24BFA63-FB8C-47CE-B7D8-EC9E4C078EAB}.Debug|Any CPU.ActiveCfg = Debug|Any CPU
		{E24BFA63-FB8C-47CE-B7D8-EC9E4C078EAB}.Debug|Any CPU.Build.0 = Debug|Any CPU
		{E24BFA63-FB8C-47CE-B7D8-EC9E4C078EAB}.Debug|ARM.ActiveCfg = Debug|Any CPU
		{E24BFA63-FB8C-47CE-B7D8-EC9E4C078EAB}.Debug|ARM.Build.0 = Debug|Any CPU
		{E24BFA63-FB8C-47CE-B7D8-EC9E4C078EAB}.Debug|iPhone.ActiveCfg = Debug|Any CPU
		{E24BFA63-FB8C-47CE-B7D8-EC9E4C078EAB}.Debug|iPhone.Build.0 = Debug|Any CPU
		{E24BFA63-FB8C-47CE-B7D8-EC9E4C078EAB}.Debug|iPhoneSimulator.ActiveCfg = Debug|Any CPU
		{E24BFA63-FB8C-47CE-B7D8-EC9E4C078EAB}.Debug|iPhoneSimulator.Build.0 = Debug|Any CPU
		{E24BFA63-FB8C-47CE-B7D8-EC9E4C078EAB}.Debug|x64.ActiveCfg = Debug|Any CPU
		{E24BFA63-FB8C-47CE-B7D8-EC9E4C078EAB}.Debug|x64.Build.0 = Debug|Any CPU
		{E24BFA63-FB8C-47CE-B7D8-EC9E4C078EAB}.Debug|x86.ActiveCfg = Debug|Any CPU
		{E24BFA63-FB8C-47CE-B7D8-EC9E4C078EAB}.Debug|x86.Build.0 = Debug|Any CPU
		{E24BFA63-FB8C-47CE-B7D8-EC9E4C078EAB}.Release|Any CPU.ActiveCfg = Release|Any CPU
		{E24BFA63-FB8C-47CE-B7D8-EC9E4C078EAB}.Release|Any CPU.Build.0 = Release|Any CPU
		{E24BFA63-FB8C-47CE-B7D8-EC9E4C078EAB}.Release|ARM.ActiveCfg = Release|Any CPU
		{E24BFA63-FB8C-47CE-B7D8-EC9E4C078EAB}.Release|ARM.Build.0 = Release|Any CPU
		{E24BFA63-FB8C-47CE-B7D8-EC9E4C078EAB}.Release|iPhone.ActiveCfg = Release|Any CPU
		{E24BFA63-FB8C-47CE-B7D8-EC9E4C078EAB}.Release|iPhone.Build.0 = Release|Any CPU
		{E24BFA63-FB8C-47CE-B7D8-EC9E4C078EAB}.Release|iPhoneSimulator.ActiveCfg = Release|Any CPU
		{E24BFA63-FB8C-47CE-B7D8-EC9E4C078EAB}.Release|iPhoneSimulator.Build.0 = Release|Any CPU
		{E24BFA63-FB8C-47CE-B7D8-EC9E4C078EAB}.Release|x64.ActiveCfg = Release|Any CPU
		{E24BFA63-FB8C-47CE-B7D8-EC9E4C078EAB}.Release|x64.Build.0 = Release|Any CPU
		{E24BFA63-FB8C-47CE-B7D8-EC9E4C078EAB}.Release|x86.ActiveCfg = Release|Any CPU
		{E24BFA63-FB8C-47CE-B7D8-EC9E4C078EAB}.Release|x86.Build.0 = Release|Any CPU
		{F01BD2C4-A49C-4C07-B9CF-034DA0AA2710}.Ad-Hoc|Any CPU.ActiveCfg = Release|Any CPU
		{F01BD2C4-A49C-4C07-B9CF-034DA0AA2710}.Ad-Hoc|Any CPU.Build.0 = Release|Any CPU
		{F01BD2C4-A49C-4C07-B9CF-034DA0AA2710}.Ad-Hoc|ARM.ActiveCfg = Release|ARM
		{F01BD2C4-A49C-4C07-B9CF-034DA0AA2710}.Ad-Hoc|ARM.Build.0 = Release|ARM
		{F01BD2C4-A49C-4C07-B9CF-034DA0AA2710}.Ad-Hoc|iPhone.ActiveCfg = Release|Any CPU
		{F01BD2C4-A49C-4C07-B9CF-034DA0AA2710}.Ad-Hoc|iPhone.Build.0 = Release|Any CPU
		{F01BD2C4-A49C-4C07-B9CF-034DA0AA2710}.Ad-Hoc|iPhoneSimulator.ActiveCfg = Release|Any CPU
		{F01BD2C4-A49C-4C07-B9CF-034DA0AA2710}.Ad-Hoc|iPhoneSimulator.Build.0 = Release|Any CPU
		{F01BD2C4-A49C-4C07-B9CF-034DA0AA2710}.Ad-Hoc|x64.ActiveCfg = Release|x64
		{F01BD2C4-A49C-4C07-B9CF-034DA0AA2710}.Ad-Hoc|x64.Build.0 = Release|x64
		{F01BD2C4-A49C-4C07-B9CF-034DA0AA2710}.Ad-Hoc|x86.ActiveCfg = Release|x86
		{F01BD2C4-A49C-4C07-B9CF-034DA0AA2710}.Ad-Hoc|x86.Build.0 = Release|x86
		{F01BD2C4-A49C-4C07-B9CF-034DA0AA2710}.AppStore|Any CPU.ActiveCfg = Release|Any CPU
		{F01BD2C4-A49C-4C07-B9CF-034DA0AA2710}.AppStore|Any CPU.Build.0 = Release|Any CPU
		{F01BD2C4-A49C-4C07-B9CF-034DA0AA2710}.AppStore|ARM.ActiveCfg = Release|ARM
		{F01BD2C4-A49C-4C07-B9CF-034DA0AA2710}.AppStore|ARM.Build.0 = Release|ARM
		{F01BD2C4-A49C-4C07-B9CF-034DA0AA2710}.AppStore|iPhone.ActiveCfg = Release|Any CPU
		{F01BD2C4-A49C-4C07-B9CF-034DA0AA2710}.AppStore|iPhone.Build.0 = Release|Any CPU
		{F01BD2C4-A49C-4C07-B9CF-034DA0AA2710}.AppStore|iPhoneSimulator.ActiveCfg = Release|Any CPU
		{F01BD2C4-A49C-4C07-B9CF-034DA0AA2710}.AppStore|iPhoneSimulator.Build.0 = Release|Any CPU
		{F01BD2C4-A49C-4C07-B9CF-034DA0AA2710}.AppStore|x64.ActiveCfg = Release|x64
		{F01BD2C4-A49C-4C07-B9CF-034DA0AA2710}.AppStore|x64.Build.0 = Release|x64
		{F01BD2C4-A49C-4C07-B9CF-034DA0AA2710}.AppStore|x86.ActiveCfg = Release|x86
		{F01BD2C4-A49C-4C07-B9CF-034DA0AA2710}.AppStore|x86.Build.0 = Release|x86
		{F01BD2C4-A49C-4C07-B9CF-034DA0AA2710}.Debug|Any CPU.ActiveCfg = Debug|Any CPU
		{F01BD2C4-A49C-4C07-B9CF-034DA0AA2710}.Debug|Any CPU.Build.0 = Debug|Any CPU
		{F01BD2C4-A49C-4C07-B9CF-034DA0AA2710}.Debug|ARM.ActiveCfg = Debug|ARM
		{F01BD2C4-A49C-4C07-B9CF-034DA0AA2710}.Debug|ARM.Build.0 = Debug|ARM
		{F01BD2C4-A49C-4C07-B9CF-034DA0AA2710}.Debug|iPhone.ActiveCfg = Debug|Any CPU
		{F01BD2C4-A49C-4C07-B9CF-034DA0AA2710}.Debug|iPhone.Build.0 = Debug|Any CPU
		{F01BD2C4-A49C-4C07-B9CF-034DA0AA2710}.Debug|iPhoneSimulator.ActiveCfg = Debug|Any CPU
		{F01BD2C4-A49C-4C07-B9CF-034DA0AA2710}.Debug|iPhoneSimulator.Build.0 = Debug|Any CPU
		{F01BD2C4-A49C-4C07-B9CF-034DA0AA2710}.Debug|x64.ActiveCfg = Debug|x64
		{F01BD2C4-A49C-4C07-B9CF-034DA0AA2710}.Debug|x64.Build.0 = Debug|x64
		{F01BD2C4-A49C-4C07-B9CF-034DA0AA2710}.Debug|x86.ActiveCfg = Debug|x86
		{F01BD2C4-A49C-4C07-B9CF-034DA0AA2710}.Debug|x86.Build.0 = Debug|x86
		{F01BD2C4-A49C-4C07-B9CF-034DA0AA2710}.Release|Any CPU.ActiveCfg = Release|Any CPU
		{F01BD2C4-A49C-4C07-B9CF-034DA0AA2710}.Release|Any CPU.Build.0 = Release|Any CPU
		{F01BD2C4-A49C-4C07-B9CF-034DA0AA2710}.Release|ARM.ActiveCfg = Release|ARM
		{F01BD2C4-A49C-4C07-B9CF-034DA0AA2710}.Release|ARM.Build.0 = Release|ARM
		{F01BD2C4-A49C-4C07-B9CF-034DA0AA2710}.Release|iPhone.ActiveCfg = Release|Any CPU
		{F01BD2C4-A49C-4C07-B9CF-034DA0AA2710}.Release|iPhone.Build.0 = Release|Any CPU
		{F01BD2C4-A49C-4C07-B9CF-034DA0AA2710}.Release|iPhoneSimulator.ActiveCfg = Release|Any CPU
		{F01BD2C4-A49C-4C07-B9CF-034DA0AA2710}.Release|iPhoneSimulator.Build.0 = Release|Any CPU
		{F01BD2C4-A49C-4C07-B9CF-034DA0AA2710}.Release|x64.ActiveCfg = Release|x64
		{F01BD2C4-A49C-4C07-B9CF-034DA0AA2710}.Release|x64.Build.0 = Release|x64
		{F01BD2C4-A49C-4C07-B9CF-034DA0AA2710}.Release|x86.ActiveCfg = Release|x86
		{F01BD2C4-A49C-4C07-B9CF-034DA0AA2710}.Release|x86.Build.0 = Release|x86
		{95A88D56-DFBB-454F-89B1-B421657DBD03}.Ad-Hoc|Any CPU.ActiveCfg = Release|x86
		{95A88D56-DFBB-454F-89B1-B421657DBD03}.Ad-Hoc|Any CPU.Build.0 = Release|x86
		{95A88D56-DFBB-454F-89B1-B421657DBD03}.Ad-Hoc|Any CPU.Deploy.0 = Release|x86
		{95A88D56-DFBB-454F-89B1-B421657DBD03}.Ad-Hoc|ARM.ActiveCfg = Release|ARM
		{95A88D56-DFBB-454F-89B1-B421657DBD03}.Ad-Hoc|ARM.Build.0 = Release|ARM
		{95A88D56-DFBB-454F-89B1-B421657DBD03}.Ad-Hoc|ARM.Deploy.0 = Release|ARM
		{95A88D56-DFBB-454F-89B1-B421657DBD03}.Ad-Hoc|iPhone.ActiveCfg = Release|x86
		{95A88D56-DFBB-454F-89B1-B421657DBD03}.Ad-Hoc|iPhone.Build.0 = Release|x86
		{95A88D56-DFBB-454F-89B1-B421657DBD03}.Ad-Hoc|iPhone.Deploy.0 = Release|x86
		{95A88D56-DFBB-454F-89B1-B421657DBD03}.Ad-Hoc|iPhoneSimulator.ActiveCfg = Release|x86
		{95A88D56-DFBB-454F-89B1-B421657DBD03}.Ad-Hoc|iPhoneSimulator.Build.0 = Release|x86
		{95A88D56-DFBB-454F-89B1-B421657DBD03}.Ad-Hoc|iPhoneSimulator.Deploy.0 = Release|x86
		{95A88D56-DFBB-454F-89B1-B421657DBD03}.Ad-Hoc|x64.ActiveCfg = Release|x64
		{95A88D56-DFBB-454F-89B1-B421657DBD03}.Ad-Hoc|x64.Build.0 = Release|x64
		{95A88D56-DFBB-454F-89B1-B421657DBD03}.Ad-Hoc|x64.Deploy.0 = Release|x64
		{95A88D56-DFBB-454F-89B1-B421657DBD03}.Ad-Hoc|x86.ActiveCfg = Release|x86
		{95A88D56-DFBB-454F-89B1-B421657DBD03}.Ad-Hoc|x86.Build.0 = Release|x86
		{95A88D56-DFBB-454F-89B1-B421657DBD03}.Ad-Hoc|x86.Deploy.0 = Release|x86
		{95A88D56-DFBB-454F-89B1-B421657DBD03}.AppStore|Any CPU.ActiveCfg = Release|x86
		{95A88D56-DFBB-454F-89B1-B421657DBD03}.AppStore|Any CPU.Build.0 = Release|x86
		{95A88D56-DFBB-454F-89B1-B421657DBD03}.AppStore|Any CPU.Deploy.0 = Release|x86
		{95A88D56-DFBB-454F-89B1-B421657DBD03}.AppStore|ARM.ActiveCfg = Release|ARM
		{95A88D56-DFBB-454F-89B1-B421657DBD03}.AppStore|ARM.Build.0 = Release|ARM
		{95A88D56-DFBB-454F-89B1-B421657DBD03}.AppStore|ARM.Deploy.0 = Release|ARM
		{95A88D56-DFBB-454F-89B1-B421657DBD03}.AppStore|iPhone.ActiveCfg = Release|x86
		{95A88D56-DFBB-454F-89B1-B421657DBD03}.AppStore|iPhone.Build.0 = Release|x86
		{95A88D56-DFBB-454F-89B1-B421657DBD03}.AppStore|iPhone.Deploy.0 = Release|x86
		{95A88D56-DFBB-454F-89B1-B421657DBD03}.AppStore|iPhoneSimulator.ActiveCfg = Release|x86
		{95A88D56-DFBB-454F-89B1-B421657DBD03}.AppStore|iPhoneSimulator.Build.0 = Release|x86
		{95A88D56-DFBB-454F-89B1-B421657DBD03}.AppStore|iPhoneSimulator.Deploy.0 = Release|x86
		{95A88D56-DFBB-454F-89B1-B421657DBD03}.AppStore|x64.ActiveCfg = Release|x64
		{95A88D56-DFBB-454F-89B1-B421657DBD03}.AppStore|x64.Build.0 = Release|x64
		{95A88D56-DFBB-454F-89B1-B421657DBD03}.AppStore|x64.Deploy.0 = Release|x64
		{95A88D56-DFBB-454F-89B1-B421657DBD03}.AppStore|x86.ActiveCfg = Release|x86
		{95A88D56-DFBB-454F-89B1-B421657DBD03}.AppStore|x86.Build.0 = Release|x86
		{95A88D56-DFBB-454F-89B1-B421657DBD03}.AppStore|x86.Deploy.0 = Release|x86
		{95A88D56-DFBB-454F-89B1-B421657DBD03}.Debug|Any CPU.ActiveCfg = Debug|x86
		{95A88D56-DFBB-454F-89B1-B421657DBD03}.Debug|ARM.ActiveCfg = Debug|ARM
		{95A88D56-DFBB-454F-89B1-B421657DBD03}.Debug|ARM.Build.0 = Debug|ARM
		{95A88D56-DFBB-454F-89B1-B421657DBD03}.Debug|ARM.Deploy.0 = Debug|ARM
		{95A88D56-DFBB-454F-89B1-B421657DBD03}.Debug|iPhone.ActiveCfg = Debug|x86
		{95A88D56-DFBB-454F-89B1-B421657DBD03}.Debug|iPhoneSimulator.ActiveCfg = Debug|x86
		{95A88D56-DFBB-454F-89B1-B421657DBD03}.Debug|x64.ActiveCfg = Debug|x64
		{95A88D56-DFBB-454F-89B1-B421657DBD03}.Debug|x64.Build.0 = Debug|x64
		{95A88D56-DFBB-454F-89B1-B421657DBD03}.Debug|x64.Deploy.0 = Debug|x64
		{95A88D56-DFBB-454F-89B1-B421657DBD03}.Debug|x86.ActiveCfg = Debug|x86
		{95A88D56-DFBB-454F-89B1-B421657DBD03}.Debug|x86.Build.0 = Debug|x86
		{95A88D56-DFBB-454F-89B1-B421657DBD03}.Debug|x86.Deploy.0 = Debug|x86
		{95A88D56-DFBB-454F-89B1-B421657DBD03}.Release|Any CPU.ActiveCfg = Release|x86
		{95A88D56-DFBB-454F-89B1-B421657DBD03}.Release|ARM.ActiveCfg = Release|ARM
		{95A88D56-DFBB-454F-89B1-B421657DBD03}.Release|ARM.Build.0 = Release|ARM
		{95A88D56-DFBB-454F-89B1-B421657DBD03}.Release|ARM.Deploy.0 = Release|ARM
		{95A88D56-DFBB-454F-89B1-B421657DBD03}.Release|iPhone.ActiveCfg = Release|x86
		{95A88D56-DFBB-454F-89B1-B421657DBD03}.Release|iPhoneSimulator.ActiveCfg = Release|x86
		{95A88D56-DFBB-454F-89B1-B421657DBD03}.Release|x64.ActiveCfg = Release|x64
		{95A88D56-DFBB-454F-89B1-B421657DBD03}.Release|x64.Build.0 = Release|x64
		{95A88D56-DFBB-454F-89B1-B421657DBD03}.Release|x64.Deploy.0 = Release|x64
		{95A88D56-DFBB-454F-89B1-B421657DBD03}.Release|x86.ActiveCfg = Release|x86
		{95A88D56-DFBB-454F-89B1-B421657DBD03}.Release|x86.Build.0 = Release|x86
		{95A88D56-DFBB-454F-89B1-B421657DBD03}.Release|x86.Deploy.0 = Release|x86
		{E0697C80-1ADC-465A-80A3-ABB54FCDC657}.Ad-Hoc|Any CPU.ActiveCfg = Debug|Any CPU
		{E0697C80-1ADC-465A-80A3-ABB54FCDC657}.Ad-Hoc|Any CPU.Build.0 = Debug|Any CPU
		{E0697C80-1ADC-465A-80A3-ABB54FCDC657}.Ad-Hoc|ARM.ActiveCfg = Debug|Any CPU
		{E0697C80-1ADC-465A-80A3-ABB54FCDC657}.Ad-Hoc|ARM.Build.0 = Debug|Any CPU
		{E0697C80-1ADC-465A-80A3-ABB54FCDC657}.Ad-Hoc|iPhone.ActiveCfg = Debug|Any CPU
		{E0697C80-1ADC-465A-80A3-ABB54FCDC657}.Ad-Hoc|iPhone.Build.0 = Debug|Any CPU
		{E0697C80-1ADC-465A-80A3-ABB54FCDC657}.Ad-Hoc|iPhoneSimulator.ActiveCfg = Debug|Any CPU
		{E0697C80-1ADC-465A-80A3-ABB54FCDC657}.Ad-Hoc|iPhoneSimulator.Build.0 = Debug|Any CPU
		{E0697C80-1ADC-465A-80A3-ABB54FCDC657}.Ad-Hoc|x64.ActiveCfg = Debug|Any CPU
		{E0697C80-1ADC-465A-80A3-ABB54FCDC657}.Ad-Hoc|x64.Build.0 = Debug|Any CPU
		{E0697C80-1ADC-465A-80A3-ABB54FCDC657}.Ad-Hoc|x86.ActiveCfg = Debug|Any CPU
		{E0697C80-1ADC-465A-80A3-ABB54FCDC657}.Ad-Hoc|x86.Build.0 = Debug|Any CPU
		{E0697C80-1ADC-465A-80A3-ABB54FCDC657}.AppStore|Any CPU.ActiveCfg = Debug|Any CPU
		{E0697C80-1ADC-465A-80A3-ABB54FCDC657}.AppStore|Any CPU.Build.0 = Debug|Any CPU
		{E0697C80-1ADC-465A-80A3-ABB54FCDC657}.AppStore|ARM.ActiveCfg = Debug|Any CPU
		{E0697C80-1ADC-465A-80A3-ABB54FCDC657}.AppStore|ARM.Build.0 = Debug|Any CPU
		{E0697C80-1ADC-465A-80A3-ABB54FCDC657}.AppStore|iPhone.ActiveCfg = Debug|Any CPU
		{E0697C80-1ADC-465A-80A3-ABB54FCDC657}.AppStore|iPhone.Build.0 = Debug|Any CPU
		{E0697C80-1ADC-465A-80A3-ABB54FCDC657}.AppStore|iPhoneSimulator.ActiveCfg = Debug|Any CPU
		{E0697C80-1ADC-465A-80A3-ABB54FCDC657}.AppStore|iPhoneSimulator.Build.0 = Debug|Any CPU
		{E0697C80-1ADC-465A-80A3-ABB54FCDC657}.AppStore|x64.ActiveCfg = Debug|Any CPU
		{E0697C80-1ADC-465A-80A3-ABB54FCDC657}.AppStore|x64.Build.0 = Debug|Any CPU
		{E0697C80-1ADC-465A-80A3-ABB54FCDC657}.AppStore|x86.ActiveCfg = Debug|Any CPU
		{E0697C80-1ADC-465A-80A3-ABB54FCDC657}.AppStore|x86.Build.0 = Debug|Any CPU
		{E0697C80-1ADC-465A-80A3-ABB54FCDC657}.Debug|Any CPU.ActiveCfg = Debug|Any CPU
		{E0697C80-1ADC-465A-80A3-ABB54FCDC657}.Debug|Any CPU.Build.0 = Debug|Any CPU
		{E0697C80-1ADC-465A-80A3-ABB54FCDC657}.Debug|ARM.ActiveCfg = Debug|Any CPU
		{E0697C80-1ADC-465A-80A3-ABB54FCDC657}.Debug|ARM.Build.0 = Debug|Any CPU
		{E0697C80-1ADC-465A-80A3-ABB54FCDC657}.Debug|iPhone.ActiveCfg = Debug|Any CPU
		{E0697C80-1ADC-465A-80A3-ABB54FCDC657}.Debug|iPhone.Build.0 = Debug|Any CPU
		{E0697C80-1ADC-465A-80A3-ABB54FCDC657}.Debug|iPhoneSimulator.ActiveCfg = Debug|Any CPU
		{E0697C80-1ADC-465A-80A3-ABB54FCDC657}.Debug|iPhoneSimulator.Build.0 = Debug|Any CPU
		{E0697C80-1ADC-465A-80A3-ABB54FCDC657}.Debug|x64.ActiveCfg = Debug|Any CPU
		{E0697C80-1ADC-465A-80A3-ABB54FCDC657}.Debug|x64.Build.0 = Debug|Any CPU
		{E0697C80-1ADC-465A-80A3-ABB54FCDC657}.Debug|x86.ActiveCfg = Debug|Any CPU
		{E0697C80-1ADC-465A-80A3-ABB54FCDC657}.Debug|x86.Build.0 = Debug|Any CPU
		{E0697C80-1ADC-465A-80A3-ABB54FCDC657}.Release|Any CPU.ActiveCfg = Release|Any CPU
		{E0697C80-1ADC-465A-80A3-ABB54FCDC657}.Release|Any CPU.Build.0 = Release|Any CPU
		{E0697C80-1ADC-465A-80A3-ABB54FCDC657}.Release|ARM.ActiveCfg = Release|Any CPU
		{E0697C80-1ADC-465A-80A3-ABB54FCDC657}.Release|ARM.Build.0 = Release|Any CPU
		{E0697C80-1ADC-465A-80A3-ABB54FCDC657}.Release|iPhone.ActiveCfg = Release|Any CPU
		{E0697C80-1ADC-465A-80A3-ABB54FCDC657}.Release|iPhone.Build.0 = Release|Any CPU
		{E0697C80-1ADC-465A-80A3-ABB54FCDC657}.Release|iPhoneSimulator.ActiveCfg = Release|Any CPU
		{E0697C80-1ADC-465A-80A3-ABB54FCDC657}.Release|iPhoneSimulator.Build.0 = Release|Any CPU
		{E0697C80-1ADC-465A-80A3-ABB54FCDC657}.Release|x64.ActiveCfg = Release|Any CPU
		{E0697C80-1ADC-465A-80A3-ABB54FCDC657}.Release|x64.Build.0 = Release|Any CPU
		{E0697C80-1ADC-465A-80A3-ABB54FCDC657}.Release|x86.ActiveCfg = Release|Any CPU
		{E0697C80-1ADC-465A-80A3-ABB54FCDC657}.Release|x86.Build.0 = Release|Any CPU
		{7E636AFD-D6C5-4B34-B071-F2C663BE5594}.Ad-Hoc|Any CPU.ActiveCfg = Debug|Any CPU
		{7E636AFD-D6C5-4B34-B071-F2C663BE5594}.Ad-Hoc|Any CPU.Build.0 = Debug|Any CPU
		{7E636AFD-D6C5-4B34-B071-F2C663BE5594}.Ad-Hoc|ARM.ActiveCfg = Debug|Any CPU
		{7E636AFD-D6C5-4B34-B071-F2C663BE5594}.Ad-Hoc|ARM.Build.0 = Debug|Any CPU
		{7E636AFD-D6C5-4B34-B071-F2C663BE5594}.Ad-Hoc|iPhone.ActiveCfg = Debug|Any CPU
		{7E636AFD-D6C5-4B34-B071-F2C663BE5594}.Ad-Hoc|iPhone.Build.0 = Debug|Any CPU
		{7E636AFD-D6C5-4B34-B071-F2C663BE5594}.Ad-Hoc|iPhoneSimulator.ActiveCfg = Debug|Any CPU
		{7E636AFD-D6C5-4B34-B071-F2C663BE5594}.Ad-Hoc|iPhoneSimulator.Build.0 = Debug|Any CPU
		{7E636AFD-D6C5-4B34-B071-F2C663BE5594}.Ad-Hoc|x64.ActiveCfg = Debug|Any CPU
		{7E636AFD-D6C5-4B34-B071-F2C663BE5594}.Ad-Hoc|x64.Build.0 = Debug|Any CPU
		{7E636AFD-D6C5-4B34-B071-F2C663BE5594}.Ad-Hoc|x86.ActiveCfg = Debug|Any CPU
		{7E636AFD-D6C5-4B34-B071-F2C663BE5594}.Ad-Hoc|x86.Build.0 = Debug|Any CPU
		{7E636AFD-D6C5-4B34-B071-F2C663BE5594}.AppStore|Any CPU.ActiveCfg = Debug|Any CPU
		{7E636AFD-D6C5-4B34-B071-F2C663BE5594}.AppStore|Any CPU.Build.0 = Debug|Any CPU
		{7E636AFD-D6C5-4B34-B071-F2C663BE5594}.AppStore|ARM.ActiveCfg = Debug|Any CPU
		{7E636AFD-D6C5-4B34-B071-F2C663BE5594}.AppStore|ARM.Build.0 = Debug|Any CPU
		{7E636AFD-D6C5-4B34-B071-F2C663BE5594}.AppStore|iPhone.ActiveCfg = Debug|Any CPU
		{7E636AFD-D6C5-4B34-B071-F2C663BE5594}.AppStore|iPhone.Build.0 = Debug|Any CPU
		{7E636AFD-D6C5-4B34-B071-F2C663BE5594}.AppStore|iPhoneSimulator.ActiveCfg = Debug|Any CPU
		{7E636AFD-D6C5-4B34-B071-F2C663BE5594}.AppStore|iPhoneSimulator.Build.0 = Debug|Any CPU
		{7E636AFD-D6C5-4B34-B071-F2C663BE5594}.AppStore|x64.ActiveCfg = Debug|Any CPU
		{7E636AFD-D6C5-4B34-B071-F2C663BE5594}.AppStore|x64.Build.0 = Debug|Any CPU
		{7E636AFD-D6C5-4B34-B071-F2C663BE5594}.AppStore|x86.ActiveCfg = Debug|Any CPU
		{7E636AFD-D6C5-4B34-B071-F2C663BE5594}.AppStore|x86.Build.0 = Debug|Any CPU
		{7E636AFD-D6C5-4B34-B071-F2C663BE5594}.Debug|Any CPU.ActiveCfg = Debug|Any CPU
		{7E636AFD-D6C5-4B34-B071-F2C663BE5594}.Debug|Any CPU.Build.0 = Debug|Any CPU
		{7E636AFD-D6C5-4B34-B071-F2C663BE5594}.Debug|ARM.ActiveCfg = Debug|Any CPU
		{7E636AFD-D6C5-4B34-B071-F2C663BE5594}.Debug|ARM.Build.0 = Debug|Any CPU
		{7E636AFD-D6C5-4B34-B071-F2C663BE5594}.Debug|iPhone.ActiveCfg = Debug|Any CPU
		{7E636AFD-D6C5-4B34-B071-F2C663BE5594}.Debug|iPhone.Build.0 = Debug|Any CPU
		{7E636AFD-D6C5-4B34-B071-F2C663BE5594}.Debug|iPhoneSimulator.ActiveCfg = Debug|Any CPU
		{7E636AFD-D6C5-4B34-B071-F2C663BE5594}.Debug|iPhoneSimulator.Build.0 = Debug|Any CPU
		{7E636AFD-D6C5-4B34-B071-F2C663BE5594}.Debug|x64.ActiveCfg = Debug|Any CPU
		{7E636AFD-D6C5-4B34-B071-F2C663BE5594}.Debug|x64.Build.0 = Debug|Any CPU
		{7E636AFD-D6C5-4B34-B071-F2C663BE5594}.Debug|x86.ActiveCfg = Debug|Any CPU
		{7E636AFD-D6C5-4B34-B071-F2C663BE5594}.Debug|x86.Build.0 = Debug|Any CPU
		{7E636AFD-D6C5-4B34-B071-F2C663BE5594}.Release|Any CPU.ActiveCfg = Release|Any CPU
		{7E636AFD-D6C5-4B34-B071-F2C663BE5594}.Release|Any CPU.Build.0 = Release|Any CPU
		{7E636AFD-D6C5-4B34-B071-F2C663BE5594}.Release|ARM.ActiveCfg = Release|Any CPU
		{7E636AFD-D6C5-4B34-B071-F2C663BE5594}.Release|ARM.Build.0 = Release|Any CPU
		{7E636AFD-D6C5-4B34-B071-F2C663BE5594}.Release|iPhone.ActiveCfg = Release|Any CPU
		{7E636AFD-D6C5-4B34-B071-F2C663BE5594}.Release|iPhone.Build.0 = Release|Any CPU
		{7E636AFD-D6C5-4B34-B071-F2C663BE5594}.Release|iPhoneSimulator.ActiveCfg = Release|Any CPU
		{7E636AFD-D6C5-4B34-B071-F2C663BE5594}.Release|iPhoneSimulator.Build.0 = Release|Any CPU
		{7E636AFD-D6C5-4B34-B071-F2C663BE5594}.Release|x64.ActiveCfg = Release|Any CPU
		{7E636AFD-D6C5-4B34-B071-F2C663BE5594}.Release|x64.Build.0 = Release|Any CPU
		{7E636AFD-D6C5-4B34-B071-F2C663BE5594}.Release|x86.ActiveCfg = Release|Any CPU
		{7E636AFD-D6C5-4B34-B071-F2C663BE5594}.Release|x86.Build.0 = Release|Any CPU
		{C1D43A20-32A5-40AA-A219-C5CF2C1FCC29}.Ad-Hoc|Any CPU.ActiveCfg = Debug|Any CPU
		{C1D43A20-32A5-40AA-A219-C5CF2C1FCC29}.Ad-Hoc|Any CPU.Build.0 = Debug|Any CPU
		{C1D43A20-32A5-40AA-A219-C5CF2C1FCC29}.Ad-Hoc|ARM.ActiveCfg = Debug|Any CPU
		{C1D43A20-32A5-40AA-A219-C5CF2C1FCC29}.Ad-Hoc|ARM.Build.0 = Debug|Any CPU
		{C1D43A20-32A5-40AA-A219-C5CF2C1FCC29}.Ad-Hoc|iPhone.ActiveCfg = Debug|Any CPU
		{C1D43A20-32A5-40AA-A219-C5CF2C1FCC29}.Ad-Hoc|iPhone.Build.0 = Debug|Any CPU
		{C1D43A20-32A5-40AA-A219-C5CF2C1FCC29}.Ad-Hoc|iPhoneSimulator.ActiveCfg = Debug|Any CPU
		{C1D43A20-32A5-40AA-A219-C5CF2C1FCC29}.Ad-Hoc|iPhoneSimulator.Build.0 = Debug|Any CPU
		{C1D43A20-32A5-40AA-A219-C5CF2C1FCC29}.Ad-Hoc|x64.ActiveCfg = Debug|Any CPU
		{C1D43A20-32A5-40AA-A219-C5CF2C1FCC29}.Ad-Hoc|x64.Build.0 = Debug|Any CPU
		{C1D43A20-32A5-40AA-A219-C5CF2C1FCC29}.Ad-Hoc|x86.ActiveCfg = Debug|Any CPU
		{C1D43A20-32A5-40AA-A219-C5CF2C1FCC29}.Ad-Hoc|x86.Build.0 = Debug|Any CPU
		{C1D43A20-32A5-40AA-A219-C5CF2C1FCC29}.AppStore|Any CPU.ActiveCfg = Debug|Any CPU
		{C1D43A20-32A5-40AA-A219-C5CF2C1FCC29}.AppStore|Any CPU.Build.0 = Debug|Any CPU
		{C1D43A20-32A5-40AA-A219-C5CF2C1FCC29}.AppStore|ARM.ActiveCfg = Debug|Any CPU
		{C1D43A20-32A5-40AA-A219-C5CF2C1FCC29}.AppStore|ARM.Build.0 = Debug|Any CPU
		{C1D43A20-32A5-40AA-A219-C5CF2C1FCC29}.AppStore|iPhone.ActiveCfg = Debug|Any CPU
		{C1D43A20-32A5-40AA-A219-C5CF2C1FCC29}.AppStore|iPhone.Build.0 = Debug|Any CPU
		{C1D43A20-32A5-40AA-A219-C5CF2C1FCC29}.AppStore|iPhoneSimulator.ActiveCfg = Debug|Any CPU
		{C1D43A20-32A5-40AA-A219-C5CF2C1FCC29}.AppStore|iPhoneSimulator.Build.0 = Debug|Any CPU
		{C1D43A20-32A5-40AA-A219-C5CF2C1FCC29}.AppStore|x64.ActiveCfg = Debug|Any CPU
		{C1D43A20-32A5-40AA-A219-C5CF2C1FCC29}.AppStore|x64.Build.0 = Debug|Any CPU
		{C1D43A20-32A5-40AA-A219-C5CF2C1FCC29}.AppStore|x86.ActiveCfg = Debug|Any CPU
		{C1D43A20-32A5-40AA-A219-C5CF2C1FCC29}.AppStore|x86.Build.0 = Debug|Any CPU
		{C1D43A20-32A5-40AA-A219-C5CF2C1FCC29}.Debug|Any CPU.ActiveCfg = Debug|Any CPU
		{C1D43A20-32A5-40AA-A219-C5CF2C1FCC29}.Debug|Any CPU.Build.0 = Debug|Any CPU
		{C1D43A20-32A5-40AA-A219-C5CF2C1FCC29}.Debug|ARM.ActiveCfg = Debug|Any CPU
		{C1D43A20-32A5-40AA-A219-C5CF2C1FCC29}.Debug|ARM.Build.0 = Debug|Any CPU
		{C1D43A20-32A5-40AA-A219-C5CF2C1FCC29}.Debug|iPhone.ActiveCfg = Debug|Any CPU
		{C1D43A20-32A5-40AA-A219-C5CF2C1FCC29}.Debug|iPhone.Build.0 = Debug|Any CPU
		{C1D43A20-32A5-40AA-A219-C5CF2C1FCC29}.Debug|iPhoneSimulator.ActiveCfg = Debug|Any CPU
		{C1D43A20-32A5-40AA-A219-C5CF2C1FCC29}.Debug|iPhoneSimulator.Build.0 = Debug|Any CPU
		{C1D43A20-32A5-40AA-A219-C5CF2C1FCC29}.Debug|x64.ActiveCfg = Debug|Any CPU
		{C1D43A20-32A5-40AA-A219-C5CF2C1FCC29}.Debug|x64.Build.0 = Debug|Any CPU
		{C1D43A20-32A5-40AA-A219-C5CF2C1FCC29}.Debug|x86.ActiveCfg = Debug|Any CPU
		{C1D43A20-32A5-40AA-A219-C5CF2C1FCC29}.Debug|x86.Build.0 = Debug|Any CPU
		{C1D43A20-32A5-40AA-A219-C5CF2C1FCC29}.Release|Any CPU.ActiveCfg = Release|Any CPU
		{C1D43A20-32A5-40AA-A219-C5CF2C1FCC29}.Release|Any CPU.Build.0 = Release|Any CPU
		{C1D43A20-32A5-40AA-A219-C5CF2C1FCC29}.Release|ARM.ActiveCfg = Release|Any CPU
		{C1D43A20-32A5-40AA-A219-C5CF2C1FCC29}.Release|ARM.Build.0 = Release|Any CPU
		{C1D43A20-32A5-40AA-A219-C5CF2C1FCC29}.Release|iPhone.ActiveCfg = Release|Any CPU
		{C1D43A20-32A5-40AA-A219-C5CF2C1FCC29}.Release|iPhone.Build.0 = Release|Any CPU
		{C1D43A20-32A5-40AA-A219-C5CF2C1FCC29}.Release|iPhoneSimulator.ActiveCfg = Release|Any CPU
		{C1D43A20-32A5-40AA-A219-C5CF2C1FCC29}.Release|iPhoneSimulator.Build.0 = Release|Any CPU
		{C1D43A20-32A5-40AA-A219-C5CF2C1FCC29}.Release|x64.ActiveCfg = Release|Any CPU
		{C1D43A20-32A5-40AA-A219-C5CF2C1FCC29}.Release|x64.Build.0 = Release|Any CPU
		{C1D43A20-32A5-40AA-A219-C5CF2C1FCC29}.Release|x86.ActiveCfg = Release|Any CPU
		{C1D43A20-32A5-40AA-A219-C5CF2C1FCC29}.Release|x86.Build.0 = Release|Any CPU
	EndGlobalSection
	GlobalSection(SolutionProperties) = preSolution
		HideSolutionNode = FALSE
	EndGlobalSection
	GlobalSection(NestedProjects) = preSolution
		{67280244-AEA9-423F-A11E-08185F187F27} = {87F8C309-45F1-4F5D-9F7E-57A1A8194881}
		{A4578374-F7BB-4961-AD9B-37161FA077AA} = {05063999-1CDA-49CE-A2A1-E3CF22165F59}
		{E24BFA63-FB8C-47CE-B7D8-EC9E4C078EAB} = {A4578374-F7BB-4961-AD9B-37161FA077AA}
		{5EC557B1-8282-4330-AEC6-9EC591EC2949} = {05063999-1CDA-49CE-A2A1-E3CF22165F59}
		{F01BD2C4-A49C-4C07-B9CF-034DA0AA2710} = {5EC557B1-8282-4330-AEC6-9EC591EC2949}
		{95A88D56-DFBB-454F-89B1-B421657DBD03} = {8321BF92-6D78-49A7-8F4C-E6BC937FC372}
		{E0697C80-1ADC-465A-80A3-ABB54FCDC657} = {8321BF92-6D78-49A7-8F4C-E6BC937FC372}
		{7E636AFD-D6C5-4B34-B071-F2C663BE5594} = {5EC557B1-8282-4330-AEC6-9EC591EC2949}
		{C1D43A20-32A5-40AA-A219-C5CF2C1FCC29} = {87F8C309-45F1-4F5D-9F7E-57A1A8194881}
		{8321BF92-6D78-49A7-8F4C-E6BC937FC372} = {D9C280EE-1970-4388-AE3D-4B7B5D0B009C}
		{87F8C309-45F1-4F5D-9F7E-57A1A8194881} = {D9C280EE-1970-4388-AE3D-4B7B5D0B009C}
	EndGlobalSection
	GlobalSection(ExtensibilityGlobals) = postSolution
		SolutionGuid = {9DC02A1E-A28F-4CDA-AECB-22A6FFC7A1B7}
	EndGlobalSection
EndGlobal
